
Microsoft Visual Studio Solution File, Format Version 12.00
# Visual Studio Version 17
VisualStudioVersion = 17.7.34221.43
MinimumVisualStudioVersion = 10.0.40219.1
Project("{8BC9CEB8-8B4A-11D0-8D11-00A0C91BC942}") = "Bai002", "Bai002\Bai002.vcxproj", "{6415BEA4-046F-40AA-BFC1-CC474DCE8237}"
EndProject
Project("{8BC9CEB8-8B4A-11D0-8D11-00A0C91BC942}") = "Bai007", "Bai007\Bai007.vcxproj", "{00208A2D-4C3E-42C6-A3A8-19436681DFCA}"
EndProject
Project("{8BC9CEB8-8B4A-11D0-8D11-00A0C91BC942}") = "Bai012", "Bai012\Bai012.vcxproj", "{E3388A39-35D7-4AC7-8605-1A67C6AD87A1}"
EndProject
Project("{8BC9CEB8-8B4A-11D0-8D11-00A0C91BC942}") = "Bai017", "Bai017\Bai017.vcxproj", "{42583334-A9AD-4240-B9BF-AEBA5FA0987B}"
EndProject
Project("{8BC9CEB8-8B4A-11D0-8D11-00A0C91BC942}") = "Bai022", "Bai022\Bai022.vcxproj", "{A7B14B1A-6C6B-49AC-A591-747FF9FAC02B}"
EndProject
Project("{8BC9CEB8-8B4A-11D0-8D11-00A0C91BC942}") = "Bai027", "Bai027\Bai027.vcxproj", "{486EC177-A17B-4F43-B417-ADA184BD222C}"
EndProject
Project("{8BC9CEB8-8B4A-11D0-8D11-00A0C91BC942}") = "Bai032", "Bai032\Bai032.vcxproj", "{5C2DD48E-3ECA-4A89-98DC-A699750164DC}"
EndProject
Project("{8BC9CEB8-8B4A-11D0-8D11-00A0C91BC942}") = "Bai037", "Bai037\Bai037.vcxproj", "{D280D6DA-A1CB-41D4-9A29-A098F88B9031}"
EndProject
Project("{8BC9CEB8-8B4A-11D0-8D11-00A0C91BC942}") = "Bai042", "Bai042\Bai042.vcxproj", "{871BE747-804F-4884-9C6A-F80FA78C498B}"
EndProject
Project("{8BC9CEB8-8B4A-11D0-8D11-00A0C91BC942}") = "Bai052", "Bai052\Bai052.vcxproj", "{B0378978-0FF2-485D-A2C0-2230EC74E775}"
EndProject
Project("{8BC9CEB8-8B4A-11D0-8D11-00A0C91BC942}") = "Bai047", "Bai047\Bai047.vcxproj", "{D28E143B-A193-4EC4-A1B6-D7E049D55E71}"
EndProject
Project("{8BC9CEB8-8B4A-11D0-8D11-00A0C91BC942}") = "Bai057", "Bai057\Bai057.vcxproj", "{9FC24DE9-9152-4B11-AB89-42F3D010458A}"
EndProject
Project("{8BC9CEB8-8B4A-11D0-8D11-00A0C91BC942}") = "Bai062", "Bai062\Bai062.vcxproj", "{EF8E5A80-3F6B-4D87-A02A-E46AB0AFB28F}"
EndProject
Project("{8BC9CEB8-8B4A-11D0-8D11-00A0C91BC942}") = "Bai067", "Bai067\Bai067.vcxproj", "{A246C4E8-65E1-4ADC-8914-928537AAA405}"
EndProject
Project("{8BC9CEB8-8B4A-11D0-8D11-00A0C91BC942}") = "Bai072", "Bai072\Bai072.vcxproj", "{708C44C2-4BE3-4A3F-A42D-4A588CAABBF9}"
EndProject
Project("{8BC9CEB8-8B4A-11D0-8D11-00A0C91BC942}") = "Bai077", "Bai077\Bai077.vcxproj", "{9A9FF437-C5B1-4E35-BF64-3F3702E7E9B2}"
EndProject
Project("{8BC9CEB8-8B4A-11D0-8D11-00A0C91BC942}") = "Bai082", "Bai082\Bai082.vcxproj", "{1E50B44F-B7F5-45BA-A920-EC7184F28405}"
EndProject
Project("{8BC9CEB8-8B4A-11D0-8D11-00A0C91BC942}") = "Bai087", "Bai087\Bai087.vcxproj", "{A926D89A-85B6-4DC3-96DD-EFDF5DE23315}"
EndProject
Project("{8BC9CEB8-8B4A-11D0-8D11-00A0C91BC942}") = "Bai092", "Bai092\Bai092.vcxproj", "{7CEE2ECC-2C95-4994-A789-E0548603B94C}"
EndProject
Project("{8BC9CEB8-8B4A-11D0-8D11-00A0C91BC942}") = "Bai097", "Bai097\Bai097.vcxproj", "{CE4EB9BC-6B13-4B49-AD8B-67A21A883542}"
EndProject
Project("{8BC9CEB8-8B4A-11D0-8D11-00A0C91BC942}") = "Bai102", "Bai102\Bai102.vcxproj", "{FEE49DC5-D17B-4EA5-AB38-B07A09613F59}"
EndProject
Project("{8BC9CEB8-8B4A-11D0-8D11-00A0C91BC942}") = "Bai107", "Bai107\Bai107.vcxproj", "{E548AF31-38FD-4CB7-A4DE-CD74BDBC2293}"
EndProject
Project("{8BC9CEB8-8B4A-11D0-8D11-00A0C91BC942}") = "Bai112", "Bai112\Bai112.vcxproj", "{39579A8D-AB61-4508-B814-5907CACA9743}"
EndProject
Project("{8BC9CEB8-8B4A-11D0-8D11-00A0C91BC942}") = "Bai117", "Bai117\Bai117.vcxproj", "{5A43CBA2-8235-4AFB-922A-E552BA89CB62}"
EndProject
Project("{8BC9CEB8-8B4A-11D0-8D11-00A0C91BC942}") = "Bai122", "Bai122\Bai122.vcxproj", "{16347D52-13DA-4B9B-85AD-5C28FF9058C6}"
EndProject
Project("{8BC9CEB8-8B4A-11D0-8D11-00A0C91BC942}") = "Bai127", "Bai127\Bai127.vcxproj", "{56D3D0AE-3538-4738-8A1D-D2C0B3AE9E96}"
EndProject
Project("{8BC9CEB8-8B4A-11D0-8D11-00A0C91BC942}") = "Bai132", "Bai132\Bai132.vcxproj", "{F6303056-5F02-441A-864B-6160A99B23FB}"
EndProject
Project("{8BC9CEB8-8B4A-11D0-8D11-00A0C91BC942}") = "Bai137", "Bai137\Bai137.vcxproj", "{3A28E1C1-7228-4E63-BAD4-E192A21B06E0}"
EndProject
Project("{8BC9CEB8-8B4A-11D0-8D11-00A0C91BC942}") = "Bai142", "Bai142\Bai142.vcxproj", "{87F64C9B-65C1-4C2D-AE07-6A391AA41DE5}"
EndProject
Project("{8BC9CEB8-8B4A-11D0-8D11-00A0C91BC942}") = "Bai147", "Bai147\Bai147.vcxproj", "{B2C6A213-C9F1-4AD1-8E84-D688B56B0CE8}"
EndProject
Project("{8BC9CEB8-8B4A-11D0-8D11-00A0C91BC942}") = "Bai152", "Bai152\Bai152.vcxproj", "{2E721C43-8D88-42F3-8DCE-EDF071D0792A}"
EndProject
Project("{8BC9CEB8-8B4A-11D0-8D11-00A0C91BC942}") = "Bai157", "Bai157\Bai157.vcxproj", "{AB441165-6075-44EA-BC9B-2A776AA2AB4D}"
EndProject
Project("{8BC9CEB8-8B4A-11D0-8D11-00A0C91BC942}") = "Bai162", "Bai162\Bai162.vcxproj", "{04E0B75C-B7D5-4E5A-8402-99AC09A47024}"
EndProject
Project("{8BC9CEB8-8B4A-11D0-8D11-00A0C91BC942}") = "Bai167", "Bai167\Bai167.vcxproj", "{2408D2C8-512F-448D-B7AA-720ED6A550D7}"
EndProject
Project("{8BC9CEB8-8B4A-11D0-8D11-00A0C91BC942}") = "Bai172", "Bai172\Bai172.vcxproj", "{BE720968-DC21-4C85-820E-17AA329C9312}"
EndProject
Project("{8BC9CEB8-8B4A-11D0-8D11-00A0C91BC942}") = "Bai177", "Bai177\Bai177.vcxproj", "{61225410-57E4-4050-AB05-C52AE41C2234}"
EndProject
Project("{8BC9CEB8-8B4A-11D0-8D11-00A0C91BC942}") = "Bai182", "Bai182\Bai182.vcxproj", "{5C028C66-D767-4614-AF36-0ECB837C572F}"
EndProject
Project("{8BC9CEB8-8B4A-11D0-8D11-00A0C91BC942}") = "Bai187", "Bai187\Bai187.vcxproj", "{7A56B1BC-F98F-4D87-99BE-A26B5D53B70A}"
EndProject
Project("{8BC9CEB8-8B4A-11D0-8D11-00A0C91BC942}") = "Bai192", "Bai192\Bai192.vcxproj", "{016FCB0E-CC70-4533-AD0B-8A83FDCFE36D}"
EndProject
Project("{8BC9CEB8-8B4A-11D0-8D11-00A0C91BC942}") = "Bai197", "Bai197\Bai197.vcxproj", "{787F56E2-AAB0-4559-BB2E-6E3D95A440F3}"
EndProject
Project("{8BC9CEB8-8B4A-11D0-8D11-00A0C91BC942}") = "Bai202", "Bai202\Bai202.vcxproj", "{1DFCE80C-C687-4ED3-9B7C-370165A50289}"
EndProject
Project("{8BC9CEB8-8B4A-11D0-8D11-00A0C91BC942}") = "Bai207", "Bai207\Bai207.vcxproj", "{147578CE-68E3-4394-B612-0C6C1783EB2C}"
EndProject
Project("{8BC9CEB8-8B4A-11D0-8D11-00A0C91BC942}") = "Bai212", "Bai212\Bai212.vcxproj", "{F30F8E72-898C-4454-86E9-BB792BF4E19A}"
EndProject
Project("{8BC9CEB8-8B4A-11D0-8D11-00A0C91BC942}") = "Bai217", "Bai217\Bai217.vcxproj", "{AD107CD7-0F78-481D-8697-088DB2AC12A5}"
EndProject
Project("{8BC9CEB8-8B4A-11D0-8D11-00A0C91BC942}") = "Bai222", "Bai222\Bai222.vcxproj", "{4F7EEE9C-C0E2-4F8D-9BF9-404C155B2F8A}"
EndProject
Project("{8BC9CEB8-8B4A-11D0-8D11-00A0C91BC942}") = "Bai227", "Bai227\Bai227.vcxproj", "{7C3F011F-CEDE-411A-A395-B8185D19052A}"
EndProject
Project("{8BC9CEB8-8B4A-11D0-8D11-00A0C91BC942}") = "Bai232", "Bai232\Bai232.vcxproj", "{5AD75E66-7267-47DB-AF83-EAABD7300DD0}"
EndProject
Project("{8BC9CEB8-8B4A-11D0-8D11-00A0C91BC942}") = "Bai237", "Bai237\Bai237.vcxproj", "{4A48EC60-97F5-490C-96AD-FA753A193EC5}"
EndProject
Project("{8BC9CEB8-8B4A-11D0-8D11-00A0C91BC942}") = "Bai242", "Bai242\Bai242.vcxproj", "{2164B7EC-A80C-43C0-8AFB-93BBBC8470E2}"
EndProject
Project("{8BC9CEB8-8B4A-11D0-8D11-00A0C91BC942}") = "Bai247", "Bai247\Bai247.vcxproj", "{617011F4-E06D-4D0C-BC8E-71DB5A6A0057}"
EndProject
Project("{8BC9CEB8-8B4A-11D0-8D11-00A0C91BC942}") = "Bai252", "Bai252\Bai252.vcxproj", "{14111208-2D32-44CD-BED7-C73854D3991D}"
EndProject
Project("{8BC9CEB8-8B4A-11D0-8D11-00A0C91BC942}") = "Bai257", "Bai257\Bai257.vcxproj", "{A7EB430F-909F-446B-9741-C5BE9D804235}"
EndProject
Project("{8BC9CEB8-8B4A-11D0-8D11-00A0C91BC942}") = "Bai262", "Bai262\Bai262.vcxproj", "{28BF07B9-4D41-4B85-A16C-0E497DC05DD7}"
EndProject
Project("{8BC9CEB8-8B4A-11D0-8D11-00A0C91BC942}") = "Bai267", "Bai267\Bai267.vcxproj", "{9F30DACB-E321-44D0-94FA-B616654E9A64}"
EndProject
Project("{8BC9CEB8-8B4A-11D0-8D11-00A0C91BC942}") = "Bai272", "Bai272\Bai272.vcxproj", "{6FFB71D3-D69D-41C6-B542-B3B3E12962EA}"
EndProject
Project("{8BC9CEB8-8B4A-11D0-8D11-00A0C91BC942}") = "Bai277", "Bai277\Bai277.vcxproj", "{EDE6EB2E-BE7C-4BF3-9E6F-A3EF75B8A565}"
EndProject
Project("{8BC9CEB8-8B4A-11D0-8D11-00A0C91BC942}") = "Bai282", "Bai282\Bai282.vcxproj", "{F4209D3C-FC00-403D-9A10-D3BC99B3A60E}"
EndProject
Project("{8BC9CEB8-8B4A-11D0-8D11-00A0C91BC942}") = "Bai287", "Bai287\Bai287.vcxproj", "{C7392EC0-34CD-4102-A037-2394F61BB048}"
EndProject
Global
	GlobalSection(SolutionConfigurationPlatforms) = preSolution
		Debug|x64 = Debug|x64
		Debug|x86 = Debug|x86
		Release|x64 = Release|x64
		Release|x86 = Release|x86
	EndGlobalSection
	GlobalSection(ProjectConfigurationPlatforms) = postSolution
		{6415BEA4-046F-40AA-BFC1-CC474DCE8237}.Debug|x64.ActiveCfg = Debug|x64
		{6415BEA4-046F-40AA-BFC1-CC474DCE8237}.Debug|x64.Build.0 = Debug|x64
		{6415BEA4-046F-40AA-BFC1-CC474DCE8237}.Debug|x86.ActiveCfg = Debug|Win32
		{6415BEA4-046F-40AA-BFC1-CC474DCE8237}.Debug|x86.Build.0 = Debug|Win32
		{6415BEA4-046F-40AA-BFC1-CC474DCE8237}.Release|x64.ActiveCfg = Release|x64
		{6415BEA4-046F-40AA-BFC1-CC474DCE8237}.Release|x64.Build.0 = Release|x64
		{6415BEA4-046F-40AA-BFC1-CC474DCE8237}.Release|x86.ActiveCfg = Release|Win32
		{6415BEA4-046F-40AA-BFC1-CC474DCE8237}.Release|x86.Build.0 = Release|Win32
		{00208A2D-4C3E-42C6-A3A8-19436681DFCA}.Debug|x64.ActiveCfg = Debug|x64
		{00208A2D-4C3E-42C6-A3A8-19436681DFCA}.Debug|x64.Build.0 = Debug|x64
		{00208A2D-4C3E-42C6-A3A8-19436681DFCA}.Debug|x86.ActiveCfg = Debug|Win32
		{00208A2D-4C3E-42C6-A3A8-19436681DFCA}.Debug|x86.Build.0 = Debug|Win32
		{00208A2D-4C3E-42C6-A3A8-19436681DFCA}.Release|x64.ActiveCfg = Release|x64
		{00208A2D-4C3E-42C6-A3A8-19436681DFCA}.Release|x64.Build.0 = Release|x64
		{00208A2D-4C3E-42C6-A3A8-19436681DFCA}.Release|x86.ActiveCfg = Release|Win32
		{00208A2D-4C3E-42C6-A3A8-19436681DFCA}.Release|x86.Build.0 = Release|Win32
		{E3388A39-35D7-4AC7-8605-1A67C6AD87A1}.Debug|x64.ActiveCfg = Debug|x64
		{E3388A39-35D7-4AC7-8605-1A67C6AD87A1}.Debug|x64.Build.0 = Debug|x64
		{E3388A39-35D7-4AC7-8605-1A67C6AD87A1}.Debug|x86.ActiveCfg = Debug|Win32
		{E3388A39-35D7-4AC7-8605-1A67C6AD87A1}.Debug|x86.Build.0 = Debug|Win32
		{E3388A39-35D7-4AC7-8605-1A67C6AD87A1}.Release|x64.ActiveCfg = Release|x64
		{E3388A39-35D7-4AC7-8605-1A67C6AD87A1}.Release|x64.Build.0 = Release|x64
		{E3388A39-35D7-4AC7-8605-1A67C6AD87A1}.Release|x86.ActiveCfg = Release|Win32
		{E3388A39-35D7-4AC7-8605-1A67C6AD87A1}.Release|x86.Build.0 = Release|Win32
		{42583334-A9AD-4240-B9BF-AEBA5FA0987B}.Debug|x64.ActiveCfg = Debug|x64
		{42583334-A9AD-4240-B9BF-AEBA5FA0987B}.Debug|x64.Build.0 = Debug|x64
		{42583334-A9AD-4240-B9BF-AEBA5FA0987B}.Debug|x86.ActiveCfg = Debug|Win32
		{42583334-A9AD-4240-B9BF-AEBA5FA0987B}.Debug|x86.Build.0 = Debug|Win32
		{42583334-A9AD-4240-B9BF-AEBA5FA0987B}.Release|x64.ActiveCfg = Release|x64
		{42583334-A9AD-4240-B9BF-AEBA5FA0987B}.Release|x64.Build.0 = Release|x64
		{42583334-A9AD-4240-B9BF-AEBA5FA0987B}.Release|x86.ActiveCfg = Release|Win32
		{42583334-A9AD-4240-B9BF-AEBA5FA0987B}.Release|x86.Build.0 = Release|Win32
		{A7B14B1A-6C6B-49AC-A591-747FF9FAC02B}.Debug|x64.ActiveCfg = Debug|x64
		{A7B14B1A-6C6B-49AC-A591-747FF9FAC02B}.Debug|x64.Build.0 = Debug|x64
		{A7B14B1A-6C6B-49AC-A591-747FF9FAC02B}.Debug|x86.ActiveCfg = Debug|Win32
		{A7B14B1A-6C6B-49AC-A591-747FF9FAC02B}.Debug|x86.Build.0 = Debug|Win32
		{A7B14B1A-6C6B-49AC-A591-747FF9FAC02B}.Release|x64.ActiveCfg = Release|x64
		{A7B14B1A-6C6B-49AC-A591-747FF9FAC02B}.Release|x64.Build.0 = Release|x64
		{A7B14B1A-6C6B-49AC-A591-747FF9FAC02B}.Release|x86.ActiveCfg = Release|Win32
		{A7B14B1A-6C6B-49AC-A591-747FF9FAC02B}.Release|x86.Build.0 = Release|Win32
		{486EC177-A17B-4F43-B417-ADA184BD222C}.Debug|x64.ActiveCfg = Debug|x64
		{486EC177-A17B-4F43-B417-ADA184BD222C}.Debug|x64.Build.0 = Debug|x64
		{486EC177-A17B-4F43-B417-ADA184BD222C}.Debug|x86.ActiveCfg = Debug|Win32
		{486EC177-A17B-4F43-B417-ADA184BD222C}.Debug|x86.Build.0 = Debug|Win32
		{486EC177-A17B-4F43-B417-ADA184BD222C}.Release|x64.ActiveCfg = Release|x64
		{486EC177-A17B-4F43-B417-ADA184BD222C}.Release|x64.Build.0 = Release|x64
		{486EC177-A17B-4F43-B417-ADA184BD222C}.Release|x86.ActiveCfg = Release|Win32
		{486EC177-A17B-4F43-B417-ADA184BD222C}.Release|x86.Build.0 = Release|Win32
		{5C2DD48E-3ECA-4A89-98DC-A699750164DC}.Debug|x64.ActiveCfg = Debug|x64
		{5C2DD48E-3ECA-4A89-98DC-A699750164DC}.Debug|x64.Build.0 = Debug|x64
		{5C2DD48E-3ECA-4A89-98DC-A699750164DC}.Debug|x86.ActiveCfg = Debug|Win32
		{5C2DD48E-3ECA-4A89-98DC-A699750164DC}.Debug|x86.Build.0 = Debug|Win32
		{5C2DD48E-3ECA-4A89-98DC-A699750164DC}.Release|x64.ActiveCfg = Release|x64
		{5C2DD48E-3ECA-4A89-98DC-A699750164DC}.Release|x64.Build.0 = Release|x64
		{5C2DD48E-3ECA-4A89-98DC-A699750164DC}.Release|x86.ActiveCfg = Release|Win32
		{5C2DD48E-3ECA-4A89-98DC-A699750164DC}.Release|x86.Build.0 = Release|Win32
		{D280D6DA-A1CB-41D4-9A29-A098F88B9031}.Debug|x64.ActiveCfg = Debug|x64
		{D280D6DA-A1CB-41D4-9A29-A098F88B9031}.Debug|x64.Build.0 = Debug|x64
		{D280D6DA-A1CB-41D4-9A29-A098F88B9031}.Debug|x86.ActiveCfg = Debug|Win32
		{D280D6DA-A1CB-41D4-9A29-A098F88B9031}.Debug|x86.Build.0 = Debug|Win32
		{D280D6DA-A1CB-41D4-9A29-A098F88B9031}.Release|x64.ActiveCfg = Release|x64
		{D280D6DA-A1CB-41D4-9A29-A098F88B9031}.Release|x64.Build.0 = Release|x64
		{D280D6DA-A1CB-41D4-9A29-A098F88B9031}.Release|x86.ActiveCfg = Release|Win32
		{D280D6DA-A1CB-41D4-9A29-A098F88B9031}.Release|x86.Build.0 = Release|Win32
		{871BE747-804F-4884-9C6A-F80FA78C498B}.Debug|x64.ActiveCfg = Debug|x64
		{871BE747-804F-4884-9C6A-F80FA78C498B}.Debug|x64.Build.0 = Debug|x64
		{871BE747-804F-4884-9C6A-F80FA78C498B}.Debug|x86.ActiveCfg = Debug|Win32
		{871BE747-804F-4884-9C6A-F80FA78C498B}.Debug|x86.Build.0 = Debug|Win32
		{871BE747-804F-4884-9C6A-F80FA78C498B}.Release|x64.ActiveCfg = Release|x64
		{871BE747-804F-4884-9C6A-F80FA78C498B}.Release|x64.Build.0 = Release|x64
		{871BE747-804F-4884-9C6A-F80FA78C498B}.Release|x86.ActiveCfg = Release|Win32
		{871BE747-804F-4884-9C6A-F80FA78C498B}.Release|x86.Build.0 = Release|Win32
		{B0378978-0FF2-485D-A2C0-2230EC74E775}.Debug|x64.ActiveCfg = Debug|x64
		{B0378978-0FF2-485D-A2C0-2230EC74E775}.Debug|x64.Build.0 = Debug|x64
		{B0378978-0FF2-485D-A2C0-2230EC74E775}.Debug|x86.ActiveCfg = Debug|Win32
		{B0378978-0FF2-485D-A2C0-2230EC74E775}.Debug|x86.Build.0 = Debug|Win32
		{B0378978-0FF2-485D-A2C0-2230EC74E775}.Release|x64.ActiveCfg = Release|x64
		{B0378978-0FF2-485D-A2C0-2230EC74E775}.Release|x64.Build.0 = Release|x64
		{B0378978-0FF2-485D-A2C0-2230EC74E775}.Release|x86.ActiveCfg = Release|Win32
		{B0378978-0FF2-485D-A2C0-2230EC74E775}.Release|x86.Build.0 = Release|Win32
		{D28E143B-A193-4EC4-A1B6-D7E049D55E71}.Debug|x64.ActiveCfg = Debug|x64
		{D28E143B-A193-4EC4-A1B6-D7E049D55E71}.Debug|x64.Build.0 = Debug|x64
		{D28E143B-A193-4EC4-A1B6-D7E049D55E71}.Debug|x86.ActiveCfg = Debug|Win32
		{D28E143B-A193-4EC4-A1B6-D7E049D55E71}.Debug|x86.Build.0 = Debug|Win32
		{D28E143B-A193-4EC4-A1B6-D7E049D55E71}.Release|x64.ActiveCfg = Release|x64
		{D28E143B-A193-4EC4-A1B6-D7E049D55E71}.Release|x64.Build.0 = Release|x64
		{D28E143B-A193-4EC4-A1B6-D7E049D55E71}.Release|x86.ActiveCfg = Release|Win32
		{D28E143B-A193-4EC4-A1B6-D7E049D55E71}.Release|x86.Build.0 = Release|Win32
		{9FC24DE9-9152-4B11-AB89-42F3D010458A}.Debug|x64.ActiveCfg = Debug|x64
		{9FC24DE9-9152-4B11-AB89-42F3D010458A}.Debug|x64.Build.0 = Debug|x64
		{9FC24DE9-9152-4B11-AB89-42F3D010458A}.Debug|x86.ActiveCfg = Debug|Win32
		{9FC24DE9-9152-4B11-AB89-42F3D010458A}.Debug|x86.Build.0 = Debug|Win32
		{9FC24DE9-9152-4B11-AB89-42F3D010458A}.Release|x64.ActiveCfg = Release|x64
		{9FC24DE9-9152-4B11-AB89-42F3D010458A}.Release|x64.Build.0 = Release|x64
		{9FC24DE9-9152-4B11-AB89-42F3D010458A}.Release|x86.ActiveCfg = Release|Win32
		{9FC24DE9-9152-4B11-AB89-42F3D010458A}.Release|x86.Build.0 = Release|Win32
		{EF8E5A80-3F6B-4D87-A02A-E46AB0AFB28F}.Debug|x64.ActiveCfg = Debug|x64
		{EF8E5A80-3F6B-4D87-A02A-E46AB0AFB28F}.Debug|x64.Build.0 = Debug|x64
		{EF8E5A80-3F6B-4D87-A02A-E46AB0AFB28F}.Debug|x86.ActiveCfg = Debug|Win32
		{EF8E5A80-3F6B-4D87-A02A-E46AB0AFB28F}.Debug|x86.Build.0 = Debug|Win32
		{EF8E5A80-3F6B-4D87-A02A-E46AB0AFB28F}.Release|x64.ActiveCfg = Release|x64
		{EF8E5A80-3F6B-4D87-A02A-E46AB0AFB28F}.Release|x64.Build.0 = Release|x64
		{EF8E5A80-3F6B-4D87-A02A-E46AB0AFB28F}.Release|x86.ActiveCfg = Release|Win32
		{EF8E5A80-3F6B-4D87-A02A-E46AB0AFB28F}.Release|x86.Build.0 = Release|Win32
		{A246C4E8-65E1-4ADC-8914-928537AAA405}.Debug|x64.ActiveCfg = Debug|x64
		{A246C4E8-65E1-4ADC-8914-928537AAA405}.Debug|x64.Build.0 = Debug|x64
		{A246C4E8-65E1-4ADC-8914-928537AAA405}.Debug|x86.ActiveCfg = Debug|Win32
		{A246C4E8-65E1-4ADC-8914-928537AAA405}.Debug|x86.Build.0 = Debug|Win32
		{A246C4E8-65E1-4ADC-8914-928537AAA405}.Release|x64.ActiveCfg = Release|x64
		{A246C4E8-65E1-4ADC-8914-928537AAA405}.Release|x64.Build.0 = Release|x64
		{A246C4E8-65E1-4ADC-8914-928537AAA405}.Release|x86.ActiveCfg = Release|Win32
		{A246C4E8-65E1-4ADC-8914-928537AAA405}.Release|x86.Build.0 = Release|Win32
		{708C44C2-4BE3-4A3F-A42D-4A588CAABBF9}.Debug|x64.ActiveCfg = Debug|x64
		{708C44C2-4BE3-4A3F-A42D-4A588CAABBF9}.Debug|x64.Build.0 = Debug|x64
		{708C44C2-4BE3-4A3F-A42D-4A588CAABBF9}.Debug|x86.ActiveCfg = Debug|Win32
		{708C44C2-4BE3-4A3F-A42D-4A588CAABBF9}.Debug|x86.Build.0 = Debug|Win32
		{708C44C2-4BE3-4A3F-A42D-4A588CAABBF9}.Release|x64.ActiveCfg = Release|x64
		{708C44C2-4BE3-4A3F-A42D-4A588CAABBF9}.Release|x64.Build.0 = Release|x64
		{708C44C2-4BE3-4A3F-A42D-4A588CAABBF9}.Release|x86.ActiveCfg = Release|Win32
		{708C44C2-4BE3-4A3F-A42D-4A588CAABBF9}.Release|x86.Build.0 = Release|Win32
		{9A9FF437-C5B1-4E35-BF64-3F3702E7E9B2}.Debug|x64.ActiveCfg = Debug|x64
		{9A9FF437-C5B1-4E35-BF64-3F3702E7E9B2}.Debug|x64.Build.0 = Debug|x64
		{9A9FF437-C5B1-4E35-BF64-3F3702E7E9B2}.Debug|x86.ActiveCfg = Debug|Win32
		{9A9FF437-C5B1-4E35-BF64-3F3702E7E9B2}.Debug|x86.Build.0 = Debug|Win32
		{9A9FF437-C5B1-4E35-BF64-3F3702E7E9B2}.Release|x64.ActiveCfg = Release|x64
		{9A9FF437-C5B1-4E35-BF64-3F3702E7E9B2}.Release|x64.Build.0 = Release|x64
		{9A9FF437-C5B1-4E35-BF64-3F3702E7E9B2}.Release|x86.ActiveCfg = Release|Win32
		{9A9FF437-C5B1-4E35-BF64-3F3702E7E9B2}.Release|x86.Build.0 = Release|Win32
		{1E50B44F-B7F5-45BA-A920-EC7184F28405}.Debug|x64.ActiveCfg = Debug|x64
		{1E50B44F-B7F5-45BA-A920-EC7184F28405}.Debug|x64.Build.0 = Debug|x64
		{1E50B44F-B7F5-45BA-A920-EC7184F28405}.Debug|x86.ActiveCfg = Debug|Win32
		{1E50B44F-B7F5-45BA-A920-EC7184F28405}.Debug|x86.Build.0 = Debug|Win32
		{1E50B44F-B7F5-45BA-A920-EC7184F28405}.Release|x64.ActiveCfg = Release|x64
		{1E50B44F-B7F5-45BA-A920-EC7184F28405}.Release|x64.Build.0 = Release|x64
		{1E50B44F-B7F5-45BA-A920-EC7184F28405}.Release|x86.ActiveCfg = Release|Win32
		{1E50B44F-B7F5-45BA-A920-EC7184F28405}.Release|x86.Build.0 = Release|Win32
		{A926D89A-85B6-4DC3-96DD-EFDF5DE23315}.Debug|x64.ActiveCfg = Debug|x64
		{A926D89A-85B6-4DC3-96DD-EFDF5DE23315}.Debug|x64.Build.0 = Debug|x64
		{A926D89A-85B6-4DC3-96DD-EFDF5DE23315}.Debug|x86.ActiveCfg = Debug|Win32
		{A926D89A-85B6-4DC3-96DD-EFDF5DE23315}.Debug|x86.Build.0 = Debug|Win32
		{A926D89A-85B6-4DC3-96DD-EFDF5DE23315}.Release|x64.ActiveCfg = Release|x64
		{A926D89A-85B6-4DC3-96DD-EFDF5DE23315}.Release|x64.Build.0 = Release|x64
		{A926D89A-85B6-4DC3-96DD-EFDF5DE23315}.Release|x86.ActiveCfg = Release|Win32
		{A926D89A-85B6-4DC3-96DD-EFDF5DE23315}.Release|x86.Build.0 = Release|Win32
		{7CEE2ECC-2C95-4994-A789-E0548603B94C}.Debug|x64.ActiveCfg = Debug|x64
		{7CEE2ECC-2C95-4994-A789-E0548603B94C}.Debug|x64.Build.0 = Debug|x64
		{7CEE2ECC-2C95-4994-A789-E0548603B94C}.Debug|x86.ActiveCfg = Debug|Win32
		{7CEE2ECC-2C95-4994-A789-E0548603B94C}.Debug|x86.Build.0 = Debug|Win32
		{7CEE2ECC-2C95-4994-A789-E0548603B94C}.Release|x64.ActiveCfg = Release|x64
		{7CEE2ECC-2C95-4994-A789-E0548603B94C}.Release|x64.Build.0 = Release|x64
		{7CEE2ECC-2C95-4994-A789-E0548603B94C}.Release|x86.ActiveCfg = Release|Win32
		{7CEE2ECC-2C95-4994-A789-E0548603B94C}.Release|x86.Build.0 = Release|Win32
		{CE4EB9BC-6B13-4B49-AD8B-67A21A883542}.Debug|x64.ActiveCfg = Debug|x64
		{CE4EB9BC-6B13-4B49-AD8B-67A21A883542}.Debug|x64.Build.0 = Debug|x64
		{CE4EB9BC-6B13-4B49-AD8B-67A21A883542}.Debug|x86.ActiveCfg = Debug|Win32
		{CE4EB9BC-6B13-4B49-AD8B-67A21A883542}.Debug|x86.Build.0 = Debug|Win32
		{CE4EB9BC-6B13-4B49-AD8B-67A21A883542}.Release|x64.ActiveCfg = Release|x64
		{CE4EB9BC-6B13-4B49-AD8B-67A21A883542}.Release|x64.Build.0 = Release|x64
		{CE4EB9BC-6B13-4B49-AD8B-67A21A883542}.Release|x86.ActiveCfg = Release|Win32
		{CE4EB9BC-6B13-4B49-AD8B-67A21A883542}.Release|x86.Build.0 = Release|Win32
		{FEE49DC5-D17B-4EA5-AB38-B07A09613F59}.Debug|x64.ActiveCfg = Debug|x64
		{FEE49DC5-D17B-4EA5-AB38-B07A09613F59}.Debug|x64.Build.0 = Debug|x64
		{FEE49DC5-D17B-4EA5-AB38-B07A09613F59}.Debug|x86.ActiveCfg = Debug|Win32
		{FEE49DC5-D17B-4EA5-AB38-B07A09613F59}.Debug|x86.Build.0 = Debug|Win32
		{FEE49DC5-D17B-4EA5-AB38-B07A09613F59}.Release|x64.ActiveCfg = Release|x64
		{FEE49DC5-D17B-4EA5-AB38-B07A09613F59}.Release|x64.Build.0 = Release|x64
		{FEE49DC5-D17B-4EA5-AB38-B07A09613F59}.Release|x86.ActiveCfg = Release|Win32
		{FEE49DC5-D17B-4EA5-AB38-B07A09613F59}.Release|x86.Build.0 = Release|Win32
		{E548AF31-38FD-4CB7-A4DE-CD74BDBC2293}.Debug|x64.ActiveCfg = Debug|x64
		{E548AF31-38FD-4CB7-A4DE-CD74BDBC2293}.Debug|x64.Build.0 = Debug|x64
		{E548AF31-38FD-4CB7-A4DE-CD74BDBC2293}.Debug|x86.ActiveCfg = Debug|Win32
		{E548AF31-38FD-4CB7-A4DE-CD74BDBC2293}.Debug|x86.Build.0 = Debug|Win32
		{E548AF31-38FD-4CB7-A4DE-CD74BDBC2293}.Release|x64.ActiveCfg = Release|x64
		{E548AF31-38FD-4CB7-A4DE-CD74BDBC2293}.Release|x64.Build.0 = Release|x64
		{E548AF31-38FD-4CB7-A4DE-CD74BDBC2293}.Release|x86.ActiveCfg = Release|Win32
		{E548AF31-38FD-4CB7-A4DE-CD74BDBC2293}.Release|x86.Build.0 = Release|Win32
		{39579A8D-AB61-4508-B814-5907CACA9743}.Debug|x64.ActiveCfg = Debug|x64
		{39579A8D-AB61-4508-B814-5907CACA9743}.Debug|x64.Build.0 = Debug|x64
		{39579A8D-AB61-4508-B814-5907CACA9743}.Debug|x86.ActiveCfg = Debug|Win32
		{39579A8D-AB61-4508-B814-5907CACA9743}.Debug|x86.Build.0 = Debug|Win32
		{39579A8D-AB61-4508-B814-5907CACA9743}.Release|x64.ActiveCfg = Release|x64
		{39579A8D-AB61-4508-B814-5907CACA9743}.Release|x64.Build.0 = Release|x64
		{39579A8D-AB61-4508-B814-5907CACA9743}.Release|x86.ActiveCfg = Release|Win32
		{39579A8D-AB61-4508-B814-5907CACA9743}.Release|x86.Build.0 = Release|Win32
		{5A43CBA2-8235-4AFB-922A-E552BA89CB62}.Debug|x64.ActiveCfg = Debug|x64
		{5A43CBA2-8235-4AFB-922A-E552BA89CB62}.Debug|x64.Build.0 = Debug|x64
		{5A43CBA2-8235-4AFB-922A-E552BA89CB62}.Debug|x86.ActiveCfg = Debug|Win32
		{5A43CBA2-8235-4AFB-922A-E552BA89CB62}.Debug|x86.Build.0 = Debug|Win32
		{5A43CBA2-8235-4AFB-922A-E552BA89CB62}.Release|x64.ActiveCfg = Release|x64
		{5A43CBA2-8235-4AFB-922A-E552BA89CB62}.Release|x64.Build.0 = Release|x64
		{5A43CBA2-8235-4AFB-922A-E552BA89CB62}.Release|x86.ActiveCfg = Release|Win32
		{5A43CBA2-8235-4AFB-922A-E552BA89CB62}.Release|x86.Build.0 = Release|Win32
		{16347D52-13DA-4B9B-85AD-5C28FF9058C6}.Debug|x64.ActiveCfg = Debug|x64
		{16347D52-13DA-4B9B-85AD-5C28FF9058C6}.Debug|x64.Build.0 = Debug|x64
		{16347D52-13DA-4B9B-85AD-5C28FF9058C6}.Debug|x86.ActiveCfg = Debug|Win32
		{16347D52-13DA-4B9B-85AD-5C28FF9058C6}.Debug|x86.Build.0 = Debug|Win32
		{16347D52-13DA-4B9B-85AD-5C28FF9058C6}.Release|x64.ActiveCfg = Release|x64
		{16347D52-13DA-4B9B-85AD-5C28FF9058C6}.Release|x64.Build.0 = Release|x64
		{16347D52-13DA-4B9B-85AD-5C28FF9058C6}.Release|x86.ActiveCfg = Release|Win32
		{16347D52-13DA-4B9B-85AD-5C28FF9058C6}.Release|x86.Build.0 = Release|Win32
		{56D3D0AE-3538-4738-8A1D-D2C0B3AE9E96}.Debug|x64.ActiveCfg = Debug|x64
		{56D3D0AE-3538-4738-8A1D-D2C0B3AE9E96}.Debug|x64.Build.0 = Debug|x64
		{56D3D0AE-3538-4738-8A1D-D2C0B3AE9E96}.Debug|x86.ActiveCfg = Debug|Win32
		{56D3D0AE-3538-4738-8A1D-D2C0B3AE9E96}.Debug|x86.Build.0 = Debug|Win32
		{56D3D0AE-3538-4738-8A1D-D2C0B3AE9E96}.Release|x64.ActiveCfg = Release|x64
		{56D3D0AE-3538-4738-8A1D-D2C0B3AE9E96}.Release|x64.Build.0 = Release|x64
		{56D3D0AE-3538-4738-8A1D-D2C0B3AE9E96}.Release|x86.ActiveCfg = Release|Win32
		{56D3D0AE-3538-4738-8A1D-D2C0B3AE9E96}.Release|x86.Build.0 = Release|Win32
		{F6303056-5F02-441A-864B-6160A99B23FB}.Debug|x64.ActiveCfg = Debug|x64
		{F6303056-5F02-441A-864B-6160A99B23FB}.Debug|x64.Build.0 = Debug|x64
		{F6303056-5F02-441A-864B-6160A99B23FB}.Debug|x86.ActiveCfg = Debug|Win32
		{F6303056-5F02-441A-864B-6160A99B23FB}.Debug|x86.Build.0 = Debug|Win32
		{F6303056-5F02-441A-864B-6160A99B23FB}.Release|x64.ActiveCfg = Release|x64
		{F6303056-5F02-441A-864B-6160A99B23FB}.Release|x64.Build.0 = Release|x64
		{F6303056-5F02-441A-864B-6160A99B23FB}.Release|x86.ActiveCfg = Release|Win32
		{F6303056-5F02-441A-864B-6160A99B23FB}.Release|x86.Build.0 = Release|Win32
		{3A28E1C1-7228-4E63-BAD4-E192A21B06E0}.Debug|x64.ActiveCfg = Debug|x64
		{3A28E1C1-7228-4E63-BAD4-E192A21B06E0}.Debug|x64.Build.0 = Debug|x64
		{3A28E1C1-7228-4E63-BAD4-E192A21B06E0}.Debug|x86.ActiveCfg = Debug|Win32
		{3A28E1C1-7228-4E63-BAD4-E192A21B06E0}.Debug|x86.Build.0 = Debug|Win32
		{3A28E1C1-7228-4E63-BAD4-E192A21B06E0}.Release|x64.ActiveCfg = Release|x64
		{3A28E1C1-7228-4E63-BAD4-E192A21B06E0}.Release|x64.Build.0 = Release|x64
		{3A28E1C1-7228-4E63-BAD4-E192A21B06E0}.Release|x86.ActiveCfg = Release|Win32
		{3A28E1C1-7228-4E63-BAD4-E192A21B06E0}.Release|x86.Build.0 = Release|Win32
		{87F64C9B-65C1-4C2D-AE07-6A391AA41DE5}.Debug|x64.ActiveCfg = Debug|x64
		{87F64C9B-65C1-4C2D-AE07-6A391AA41DE5}.Debug|x64.Build.0 = Debug|x64
		{87F64C9B-65C1-4C2D-AE07-6A391AA41DE5}.Debug|x86.ActiveCfg = Debug|Win32
		{87F64C9B-65C1-4C2D-AE07-6A391AA41DE5}.Debug|x86.Build.0 = Debug|Win32
		{87F64C9B-65C1-4C2D-AE07-6A391AA41DE5}.Release|x64.ActiveCfg = Release|x64
		{87F64C9B-65C1-4C2D-AE07-6A391AA41DE5}.Release|x64.Build.0 = Release|x64
		{87F64C9B-65C1-4C2D-AE07-6A391AA41DE5}.Release|x86.ActiveCfg = Release|Win32
		{87F64C9B-65C1-4C2D-AE07-6A391AA41DE5}.Release|x86.Build.0 = Release|Win32
		{B2C6A213-C9F1-4AD1-8E84-D688B56B0CE8}.Debug|x64.ActiveCfg = Debug|x64
		{B2C6A213-C9F1-4AD1-8E84-D688B56B0CE8}.Debug|x64.Build.0 = Debug|x64
		{B2C6A213-C9F1-4AD1-8E84-D688B56B0CE8}.Debug|x86.ActiveCfg = Debug|Win32
		{B2C6A213-C9F1-4AD1-8E84-D688B56B0CE8}.Debug|x86.Build.0 = Debug|Win32
		{B2C6A213-C9F1-4AD1-8E84-D688B56B0CE8}.Release|x64.ActiveCfg = Release|x64
		{B2C6A213-C9F1-4AD1-8E84-D688B56B0CE8}.Release|x64.Build.0 = Release|x64
		{B2C6A213-C9F1-4AD1-8E84-D688B56B0CE8}.Release|x86.ActiveCfg = Release|Win32
		{B2C6A213-C9F1-4AD1-8E84-D688B56B0CE8}.Release|x86.Build.0 = Release|Win32
		{2E721C43-8D88-42F3-8DCE-EDF071D0792A}.Debug|x64.ActiveCfg = Debug|x64
		{2E721C43-8D88-42F3-8DCE-EDF071D0792A}.Debug|x64.Build.0 = Debug|x64
		{2E721C43-8D88-42F3-8DCE-EDF071D0792A}.Debug|x86.ActiveCfg = Debug|Win32
		{2E721C43-8D88-42F3-8DCE-EDF071D0792A}.Debug|x86.Build.0 = Debug|Win32
		{2E721C43-8D88-42F3-8DCE-EDF071D0792A}.Release|x64.ActiveCfg = Release|x64
		{2E721C43-8D88-42F3-8DCE-EDF071D0792A}.Release|x64.Build.0 = Release|x64
		{2E721C43-8D88-42F3-8DCE-EDF071D0792A}.Release|x86.ActiveCfg = Release|Win32
		{2E721C43-8D88-42F3-8DCE-EDF071D0792A}.Release|x86.Build.0 = Release|Win32
		{AB441165-6075-44EA-BC9B-2A776AA2AB4D}.Debug|x64.ActiveCfg = Debug|x64
		{AB441165-6075-44EA-BC9B-2A776AA2AB4D}.Debug|x64.Build.0 = Debug|x64
		{AB441165-6075-44EA-BC9B-2A776AA2AB4D}.Debug|x86.ActiveCfg = Debug|Win32
		{AB441165-6075-44EA-BC9B-2A776AA2AB4D}.Debug|x86.Build.0 = Debug|Win32
		{AB441165-6075-44EA-BC9B-2A776AA2AB4D}.Release|x64.ActiveCfg = Release|x64
		{AB441165-6075-44EA-BC9B-2A776AA2AB4D}.Release|x64.Build.0 = Release|x64
		{AB441165-6075-44EA-BC9B-2A776AA2AB4D}.Release|x86.ActiveCfg = Release|Win32
		{AB441165-6075-44EA-BC9B-2A776AA2AB4D}.Release|x86.Build.0 = Release|Win32
		{04E0B75C-B7D5-4E5A-8402-99AC09A47024}.Debug|x64.ActiveCfg = Debug|x64
		{04E0B75C-B7D5-4E5A-8402-99AC09A47024}.Debug|x64.Build.0 = Debug|x64
		{04E0B75C-B7D5-4E5A-8402-99AC09A47024}.Debug|x86.ActiveCfg = Debug|Win32
		{04E0B75C-B7D5-4E5A-8402-99AC09A47024}.Debug|x86.Build.0 = Debug|Win32
		{04E0B75C-B7D5-4E5A-8402-99AC09A47024}.Release|x64.ActiveCfg = Release|x64
		{04E0B75C-B7D5-4E5A-8402-99AC09A47024}.Release|x64.Build.0 = Release|x64
		{04E0B75C-B7D5-4E5A-8402-99AC09A47024}.Release|x86.ActiveCfg = Release|Win32
		{04E0B75C-B7D5-4E5A-8402-99AC09A47024}.Release|x86.Build.0 = Release|Win32
		{2408D2C8-512F-448D-B7AA-720ED6A550D7}.Debug|x64.ActiveCfg = Debug|x64
		{2408D2C8-512F-448D-B7AA-720ED6A550D7}.Debug|x64.Build.0 = Debug|x64
		{2408D2C8-512F-448D-B7AA-720ED6A550D7}.Debug|x86.ActiveCfg = Debug|Win32
		{2408D2C8-512F-448D-B7AA-720ED6A550D7}.Debug|x86.Build.0 = Debug|Win32
		{2408D2C8-512F-448D-B7AA-720ED6A550D7}.Release|x64.ActiveCfg = Release|x64
		{2408D2C8-512F-448D-B7AA-720ED6A550D7}.Release|x64.Build.0 = Release|x64
		{2408D2C8-512F-448D-B7AA-720ED6A550D7}.Release|x86.ActiveCfg = Release|Win32
		{2408D2C8-512F-448D-B7AA-720ED6A550D7}.Release|x86.Build.0 = Release|Win32
		{BE720968-DC21-4C85-820E-17AA329C9312}.Debug|x64.ActiveCfg = Debug|x64
		{BE720968-DC21-4C85-820E-17AA329C9312}.Debug|x64.Build.0 = Debug|x64
		{BE720968-DC21-4C85-820E-17AA329C9312}.Debug|x86.ActiveCfg = Debug|Win32
		{BE720968-DC21-4C85-820E-17AA329C9312}.Debug|x86.Build.0 = Debug|Win32
		{BE720968-DC21-4C85-820E-17AA329C9312}.Release|x64.ActiveCfg = Release|x64
		{BE720968-DC21-4C85-820E-17AA329C9312}.Release|x64.Build.0 = Release|x64
		{BE720968-DC21-4C85-820E-17AA329C9312}.Release|x86.ActiveCfg = Release|Win32
		{BE720968-DC21-4C85-820E-17AA329C9312}.Release|x86.Build.0 = Release|Win32
		{61225410-57E4-4050-AB05-C52AE41C2234}.Debug|x64.ActiveCfg = Debug|x64
		{61225410-57E4-4050-AB05-C52AE41C2234}.Debug|x64.Build.0 = Debug|x64
		{61225410-57E4-4050-AB05-C52AE41C2234}.Debug|x86.ActiveCfg = Debug|Win32
		{61225410-57E4-4050-AB05-C52AE41C2234}.Debug|x86.Build.0 = Debug|Win32
		{61225410-57E4-4050-AB05-C52AE41C2234}.Release|x64.ActiveCfg = Release|x64
		{61225410-57E4-4050-AB05-C52AE41C2234}.Release|x64.Build.0 = Release|x64
		{61225410-57E4-4050-AB05-C52AE41C2234}.Release|x86.ActiveCfg = Release|Win32
		{61225410-57E4-4050-AB05-C52AE41C2234}.Release|x86.Build.0 = Release|Win32
		{5C028C66-D767-4614-AF36-0ECB837C572F}.Debug|x64.ActiveCfg = Debug|x64
		{5C028C66-D767-4614-AF36-0ECB837C572F}.Debug|x64.Build.0 = Debug|x64
		{5C028C66-D767-4614-AF36-0ECB837C572F}.Debug|x86.ActiveCfg = Debug|Win32
		{5C028C66-D767-4614-AF36-0ECB837C572F}.Debug|x86.Build.0 = Debug|Win32
		{5C028C66-D767-4614-AF36-0ECB837C572F}.Release|x64.ActiveCfg = Release|x64
		{5C028C66-D767-4614-AF36-0ECB837C572F}.Release|x64.Build.0 = Release|x64
		{5C028C66-D767-4614-AF36-0ECB837C572F}.Release|x86.ActiveCfg = Release|Win32
		{5C028C66-D767-4614-AF36-0ECB837C572F}.Release|x86.Build.0 = Release|Win32
		{7A56B1BC-F98F-4D87-99BE-A26B5D53B70A}.Debug|x64.ActiveCfg = Debug|x64
		{7A56B1BC-F98F-4D87-99BE-A26B5D53B70A}.Debug|x64.Build.0 = Debug|x64
		{7A56B1BC-F98F-4D87-99BE-A26B5D53B70A}.Debug|x86.ActiveCfg = Debug|Win32
		{7A56B1BC-F98F-4D87-99BE-A26B5D53B70A}.Debug|x86.Build.0 = Debug|Win32
		{7A56B1BC-F98F-4D87-99BE-A26B5D53B70A}.Release|x64.ActiveCfg = Release|x64
		{7A56B1BC-F98F-4D87-99BE-A26B5D53B70A}.Release|x64.Build.0 = Release|x64
		{7A56B1BC-F98F-4D87-99BE-A26B5D53B70A}.Release|x86.ActiveCfg = Release|Win32
		{7A56B1BC-F98F-4D87-99BE-A26B5D53B70A}.Release|x86.Build.0 = Release|Win32
		{016FCB0E-CC70-4533-AD0B-8A83FDCFE36D}.Debug|x64.ActiveCfg = Debug|x64
		{016FCB0E-CC70-4533-AD0B-8A83FDCFE36D}.Debug|x64.Build.0 = Debug|x64
		{016FCB0E-CC70-4533-AD0B-8A83FDCFE36D}.Debug|x86.ActiveCfg = Debug|Win32
		{016FCB0E-CC70-4533-AD0B-8A83FDCFE36D}.Debug|x86.Build.0 = Debug|Win32
		{016FCB0E-CC70-4533-AD0B-8A83FDCFE36D}.Release|x64.ActiveCfg = Release|x64
		{016FCB0E-CC70-4533-AD0B-8A83FDCFE36D}.Release|x64.Build.0 = Release|x64
		{016FCB0E-CC70-4533-AD0B-8A83FDCFE36D}.Release|x86.ActiveCfg = Release|Win32
		{016FCB0E-CC70-4533-AD0B-8A83FDCFE36D}.Release|x86.Build.0 = Release|Win32
		{787F56E2-AAB0-4559-BB2E-6E3D95A440F3}.Debug|x64.ActiveCfg = Debug|x64
		{787F56E2-AAB0-4559-BB2E-6E3D95A440F3}.Debug|x64.Build.0 = Debug|x64
		{787F56E2-AAB0-4559-BB2E-6E3D95A440F3}.Debug|x86.ActiveCfg = Debug|Win32
		{787F56E2-AAB0-4559-BB2E-6E3D95A440F3}.Debug|x86.Build.0 = Debug|Win32
		{787F56E2-AAB0-4559-BB2E-6E3D95A440F3}.Release|x64.ActiveCfg = Release|x64
		{787F56E2-AAB0-4559-BB2E-6E3D95A440F3}.Release|x64.Build.0 = Release|x64
		{787F56E2-AAB0-4559-BB2E-6E3D95A440F3}.Release|x86.ActiveCfg = Release|Win32
		{787F56E2-AAB0-4559-BB2E-6E3D95A440F3}.Release|x86.Build.0 = Release|Win32
		{1DFCE80C-C687-4ED3-9B7C-370165A50289}.Debug|x64.ActiveCfg = Debug|x64
		{1DFCE80C-C687-4ED3-9B7C-370165A50289}.Debug|x64.Build.0 = Debug|x64
		{1DFCE80C-C687-4ED3-9B7C-370165A50289}.Debug|x86.ActiveCfg = Debug|Win32
		{1DFCE80C-C687-4ED3-9B7C-370165A50289}.Debug|x86.Build.0 = Debug|Win32
		{1DFCE80C-C687-4ED3-9B7C-370165A50289}.Release|x64.ActiveCfg = Release|x64
		{1DFCE80C-C687-4ED3-9B7C-370165A50289}.Release|x64.Build.0 = Release|x64
		{1DFCE80C-C687-4ED3-9B7C-370165A50289}.Release|x86.ActiveCfg = Release|Win32
		{1DFCE80C-C687-4ED3-9B7C-370165A50289}.Release|x86.Build.0 = Release|Win32
		{147578CE-68E3-4394-B612-0C6C1783EB2C}.Debug|x64.ActiveCfg = Debug|x64
		{147578CE-68E3-4394-B612-0C6C1783EB2C}.Debug|x64.Build.0 = Debug|x64
		{147578CE-68E3-4394-B612-0C6C1783EB2C}.Debug|x86.ActiveCfg = Debug|Win32
		{147578CE-68E3-4394-B612-0C6C1783EB2C}.Debug|x86.Build.0 = Debug|Win32
		{147578CE-68E3-4394-B612-0C6C1783EB2C}.Release|x64.ActiveCfg = Release|x64
		{147578CE-68E3-4394-B612-0C6C1783EB2C}.Release|x64.Build.0 = Release|x64
		{147578CE-68E3-4394-B612-0C6C1783EB2C}.Release|x86.ActiveCfg = Release|Win32
		{147578CE-68E3-4394-B612-0C6C1783EB2C}.Release|x86.Build.0 = Release|Win32
		{F30F8E72-898C-4454-86E9-BB792BF4E19A}.Debug|x64.ActiveCfg = Debug|x64
		{F30F8E72-898C-4454-86E9-BB792BF4E19A}.Debug|x64.Build.0 = Debug|x64
		{F30F8E72-898C-4454-86E9-BB792BF4E19A}.Debug|x86.ActiveCfg = Debug|Win32
		{F30F8E72-898C-4454-86E9-BB792BF4E19A}.Debug|x86.Build.0 = Debug|Win32
		{F30F8E72-898C-4454-86E9-BB792BF4E19A}.Release|x64.ActiveCfg = Release|x64
		{F30F8E72-898C-4454-86E9-BB792BF4E19A}.Release|x64.Build.0 = Release|x64
		{F30F8E72-898C-4454-86E9-BB792BF4E19A}.Release|x86.ActiveCfg = Release|Win32
		{F30F8E72-898C-4454-86E9-BB792BF4E19A}.Release|x86.Build.0 = Release|Win32
		{AD107CD7-0F78-481D-8697-088DB2AC12A5}.Debug|x64.ActiveCfg = Debug|x64
		{AD107CD7-0F78-481D-8697-088DB2AC12A5}.Debug|x64.Build.0 = Debug|x64
		{AD107CD7-0F78-481D-8697-088DB2AC12A5}.Debug|x86.ActiveCfg = Debug|Win32
		{AD107CD7-0F78-481D-8697-088DB2AC12A5}.Debug|x86.Build.0 = Debug|Win32
		{AD107CD7-0F78-481D-8697-088DB2AC12A5}.Release|x64.ActiveCfg = Release|x64
		{AD107CD7-0F78-481D-8697-088DB2AC12A5}.Release|x64.Build.0 = Release|x64
		{AD107CD7-0F78-481D-8697-088DB2AC12A5}.Release|x86.ActiveCfg = Release|Win32
		{AD107CD7-0F78-481D-8697-088DB2AC12A5}.Release|x86.Build.0 = Release|Win32
		{4F7EEE9C-C0E2-4F8D-9BF9-404C155B2F8A}.Debug|x64.ActiveCfg = Debug|x64
		{4F7EEE9C-C0E2-4F8D-9BF9-404C155B2F8A}.Debug|x64.Build.0 = Debug|x64
		{4F7EEE9C-C0E2-4F8D-9BF9-404C155B2F8A}.Debug|x86.ActiveCfg = Debug|Win32
		{4F7EEE9C-C0E2-4F8D-9BF9-404C155B2F8A}.Debug|x86.Build.0 = Debug|Win32
		{4F7EEE9C-C0E2-4F8D-9BF9-404C155B2F8A}.Release|x64.ActiveCfg = Release|x64
		{4F7EEE9C-C0E2-4F8D-9BF9-404C155B2F8A}.Release|x64.Build.0 = Release|x64
		{4F7EEE9C-C0E2-4F8D-9BF9-404C155B2F8A}.Release|x86.ActiveCfg = Release|Win32
		{4F7EEE9C-C0E2-4F8D-9BF9-404C155B2F8A}.Release|x86.Build.0 = Release|Win32
		{7C3F011F-CEDE-411A-A395-B8185D19052A}.Debug|x64.ActiveCfg = Debug|x64
		{7C3F011F-CEDE-411A-A395-B8185D19052A}.Debug|x64.Build.0 = Debug|x64
		{7C3F011F-CEDE-411A-A395-B8185D19052A}.Debug|x86.ActiveCfg = Debug|Win32
		{7C3F011F-CEDE-411A-A395-B8185D19052A}.Debug|x86.Build.0 = Debug|Win32
		{7C3F011F-CEDE-411A-A395-B8185D19052A}.Release|x64.ActiveCfg = Release|x64
		{7C3F011F-CEDE-411A-A395-B8185D19052A}.Release|x64.Build.0 = Release|x64
		{7C3F011F-CEDE-411A-A395-B8185D19052A}.Release|x86.ActiveCfg = Release|Win32
		{7C3F011F-CEDE-411A-A395-B8185D19052A}.Release|x86.Build.0 = Release|Win32
		{5AD75E66-7267-47DB-AF83-EAABD7300DD0}.Debug|x64.ActiveCfg = Debug|x64
		{5AD75E66-7267-47DB-AF83-EAABD7300DD0}.Debug|x64.Build.0 = Debug|x64
		{5AD75E66-7267-47DB-AF83-EAABD7300DD0}.Debug|x86.ActiveCfg = Debug|Win32
		{5AD75E66-7267-47DB-AF83-EAABD7300DD0}.Debug|x86.Build.0 = Debug|Win32
		{5AD75E66-7267-47DB-AF83-EAABD7300DD0}.Release|x64.ActiveCfg = Release|x64
		{5AD75E66-7267-47DB-AF83-EAABD7300DD0}.Release|x64.Build.0 = Release|x64
		{5AD75E66-7267-47DB-AF83-EAABD7300DD0}.Release|x86.ActiveCfg = Release|Win32
		{5AD75E66-7267-47DB-AF83-EAABD7300DD0}.Release|x86.Build.0 = Release|Win32
		{4A48EC60-97F5-490C-96AD-FA753A193EC5}.Debug|x64.ActiveCfg = Debug|x64
		{4A48EC60-97F5-490C-96AD-FA753A193EC5}.Debug|x64.Build.0 = Debug|x64
		{4A48EC60-97F5-490C-96AD-FA753A193EC5}.Debug|x86.ActiveCfg = Debug|Win32
		{4A48EC60-97F5-490C-96AD-FA753A193EC5}.Debug|x86.Build.0 = Debug|Win32
		{4A48EC60-97F5-490C-96AD-FA753A193EC5}.Release|x64.ActiveCfg = Release|x64
		{4A48EC60-97F5-490C-96AD-FA753A193EC5}.Release|x64.Build.0 = Release|x64
		{4A48EC60-97F5-490C-96AD-FA753A193EC5}.Release|x86.ActiveCfg = Release|Win32
		{4A48EC60-97F5-490C-96AD-FA753A193EC5}.Release|x86.Build.0 = Release|Win32
		{2164B7EC-A80C-43C0-8AFB-93BBBC8470E2}.Debug|x64.ActiveCfg = Debug|x64
		{2164B7EC-A80C-43C0-8AFB-93BBBC8470E2}.Debug|x64.Build.0 = Debug|x64
		{2164B7EC-A80C-43C0-8AFB-93BBBC8470E2}.Debug|x86.ActiveCfg = Debug|Win32
		{2164B7EC-A80C-43C0-8AFB-93BBBC8470E2}.Debug|x86.Build.0 = Debug|Win32
		{2164B7EC-A80C-43C0-8AFB-93BBBC8470E2}.Release|x64.ActiveCfg = Release|x64
		{2164B7EC-A80C-43C0-8AFB-93BBBC8470E2}.Release|x64.Build.0 = Release|x64
		{2164B7EC-A80C-43C0-8AFB-93BBBC8470E2}.Release|x86.ActiveCfg = Release|Win32
		{2164B7EC-A80C-43C0-8AFB-93BBBC8470E2}.Release|x86.Build.0 = Release|Win32
		{617011F4-E06D-4D0C-BC8E-71DB5A6A0057}.Debug|x64.ActiveCfg = Debug|x64
		{617011F4-E06D-4D0C-BC8E-71DB5A6A0057}.Debug|x64.Build.0 = Debug|x64
		{617011F4-E06D-4D0C-BC8E-71DB5A6A0057}.Debug|x86.ActiveCfg = Debug|Win32
		{617011F4-E06D-4D0C-BC8E-71DB5A6A0057}.Debug|x86.Build.0 = Debug|Win32
		{617011F4-E06D-4D0C-BC8E-71DB5A6A0057}.Release|x64.ActiveCfg = Release|x64
		{617011F4-E06D-4D0C-BC8E-71DB5A6A0057}.Release|x64.Build.0 = Release|x64
		{617011F4-E06D-4D0C-BC8E-71DB5A6A0057}.Release|x86.ActiveCfg = Release|Win32
		{617011F4-E06D-4D0C-BC8E-71DB5A6A0057}.Release|x86.Build.0 = Release|Win32
		{14111208-2D32-44CD-BED7-C73854D3991D}.Debug|x64.ActiveCfg = Debug|x64
		{14111208-2D32-44CD-BED7-C73854D3991D}.Debug|x64.Build.0 = Debug|x64
		{14111208-2D32-44CD-BED7-C73854D3991D}.Debug|x86.ActiveCfg = Debug|Win32
		{14111208-2D32-44CD-BED7-C73854D3991D}.Debug|x86.Build.0 = Debug|Win32
		{14111208-2D32-44CD-BED7-C73854D3991D}.Release|x64.ActiveCfg = Release|x64
		{14111208-2D32-44CD-BED7-C73854D3991D}.Release|x64.Build.0 = Release|x64
		{14111208-2D32-44CD-BED7-C73854D3991D}.Release|x86.ActiveCfg = Release|Win32
		{14111208-2D32-44CD-BED7-C73854D3991D}.Release|x86.Build.0 = Release|Win32
		{A7EB430F-909F-446B-9741-C5BE9D804235}.Debug|x64.ActiveCfg = Debug|x64
		{A7EB430F-909F-446B-9741-C5BE9D804235}.Debug|x64.Build.0 = Debug|x64
		{A7EB430F-909F-446B-9741-C5BE9D804235}.Debug|x86.ActiveCfg = Debug|Win32
		{A7EB430F-909F-446B-9741-C5BE9D804235}.Debug|x86.Build.0 = Debug|Win32
		{A7EB430F-909F-446B-9741-C5BE9D804235}.Release|x64.ActiveCfg = Release|x64
		{A7EB430F-909F-446B-9741-C5BE9D804235}.Release|x64.Build.0 = Release|x64
		{A7EB430F-909F-446B-9741-C5BE9D804235}.Release|x86.ActiveCfg = Release|Win32
		{A7EB430F-909F-446B-9741-C5BE9D804235}.Release|x86.Build.0 = Release|Win32
		{28BF07B9-4D41-4B85-A16C-0E497DC05DD7}.Debug|x64.ActiveCfg = Debug|x64
		{28BF07B9-4D41-4B85-A16C-0E497DC05DD7}.Debug|x64.Build.0 = Debug|x64
		{28BF07B9-4D41-4B85-A16C-0E497DC05DD7}.Debug|x86.ActiveCfg = Debug|Win32
		{28BF07B9-4D41-4B85-A16C-0E497DC05DD7}.Debug|x86.Build.0 = Debug|Win32
		{28BF07B9-4D41-4B85-A16C-0E497DC05DD7}.Release|x64.ActiveCfg = Release|x64
		{28BF07B9-4D41-4B85-A16C-0E497DC05DD7}.Release|x64.Build.0 = Release|x64
		{28BF07B9-4D41-4B85-A16C-0E497DC05DD7}.Release|x86.ActiveCfg = Release|Win32
		{28BF07B9-4D41-4B85-A16C-0E497DC05DD7}.Release|x86.Build.0 = Release|Win32
		{9F30DACB-E321-44D0-94FA-B616654E9A64}.Debug|x64.ActiveCfg = Debug|x64
		{9F30DACB-E321-44D0-94FA-B616654E9A64}.Debug|x64.Build.0 = Debug|x64
		{9F30DACB-E321-44D0-94FA-B616654E9A64}.Debug|x86.ActiveCfg = Debug|Win32
		{9F30DACB-E321-44D0-94FA-B616654E9A64}.Debug|x86.Build.0 = Debug|Win32
		{9F30DACB-E321-44D0-94FA-B616654E9A64}.Release|x64.ActiveCfg = Release|x64
		{9F30DACB-E321-44D0-94FA-B616654E9A64}.Release|x64.Build.0 = Release|x64
		{9F30DACB-E321-44D0-94FA-B616654E9A64}.Release|x86.ActiveCfg = Release|Win32
		{9F30DACB-E321-44D0-94FA-B616654E9A64}.Release|x86.Build.0 = Release|Win32
		{6FFB71D3-D69D-41C6-B542-B3B3E12962EA}.Debug|x64.ActiveCfg = Debug|x64
		{6FFB71D3-D69D-41C6-B542-B3B3E12962EA}.Debug|x64.Build.0 = Debug|x64
		{6FFB71D3-D69D-41C6-B542-B3B3E12962EA}.Debug|x86.ActiveCfg = Debug|Win32
		{6FFB71D3-D69D-41C6-B542-B3B3E12962EA}.Debug|x86.Build.0 = Debug|Win32
		{6FFB71D3-D69D-41C6-B542-B3B3E12962EA}.Release|x64.ActiveCfg = Release|x64
		{6FFB71D3-D69D-41C6-B542-B3B3E12962EA}.Release|x64.Build.0 = Release|x64
		{6FFB71D3-D69D-41C6-B542-B3B3E12962EA}.Release|x86.ActiveCfg = Release|Win32
		{6FFB71D3-D69D-41C6-B542-B3B3E12962EA}.Release|x86.Build.0 = Release|Win32
		{EDE6EB2E-BE7C-4BF3-9E6F-A3EF75B8A565}.Debug|x64.ActiveCfg = Debug|x64
		{EDE6EB2E-BE7C-4BF3-9E6F-A3EF75B8A565}.Debug|x64.Build.0 = Debug|x64
		{EDE6EB2E-BE7C-4BF3-9E6F-A3EF75B8A565}.Debug|x86.ActiveCfg = Debug|Win32
		{EDE6EB2E-BE7C-4BF3-9E6F-A3EF75B8A565}.Debug|x86.Build.0 = Debug|Win32
		{EDE6EB2E-BE7C-4BF3-9E6F-A3EF75B8A565}.Release|x64.ActiveCfg = Release|x64
		{EDE6EB2E-BE7C-4BF3-9E6F-A3EF75B8A565}.Release|x64.Build.0 = Release|x64
		{EDE6EB2E-BE7C-4BF3-9E6F-A3EF75B8A565}.Release|x86.ActiveCfg = Release|Win32
		{EDE6EB2E-BE7C-4BF3-9E6F-A3EF75B8A565}.Release|x86.Build.0 = Release|Win32
		{F4209D3C-FC00-403D-9A10-D3BC99B3A60E}.Debug|x64.ActiveCfg = Debug|x64
		{F4209D3C-FC00-403D-9A10-D3BC99B3A60E}.Debug|x64.Build.0 = Debug|x64
		{F4209D3C-FC00-403D-9A10-D3BC99B3A60E}.Debug|x86.ActiveCfg = Debug|Win32
		{F4209D3C-FC00-403D-9A10-D3BC99B3A60E}.Debug|x86.Build.0 = Debug|Win32
		{F4209D3C-FC00-403D-9A10-D3BC99B3A60E}.Release|x64.ActiveCfg = Release|x64
		{F4209D3C-FC00-403D-9A10-D3BC99B3A60E}.Release|x64.Build.0 = Release|x64
		{F4209D3C-FC00-403D-9A10-D3BC99B3A60E}.Release|x86.ActiveCfg = Release|Win32
		{F4209D3C-FC00-403D-9A10-D3BC99B3A60E}.Release|x86.Build.0 = Release|Win32
		{C7392EC0-34CD-4102-A037-2394F61BB048}.Debug|x64.ActiveCfg = Debug|x64
		{C7392EC0-34CD-4102-A037-2394F61BB048}.Debug|x64.Build.0 = Debug|x64
		{C7392EC0-34CD-4102-A037-2394F61BB048}.Debug|x86.ActiveCfg = Debug|Win32
		{C7392EC0-34CD-4102-A037-2394F61BB048}.Debug|x86.Build.0 = Debug|Win32
		{C7392EC0-34CD-4102-A037-2394F61BB048}.Release|x64.ActiveCfg = Release|x64
		{C7392EC0-34CD-4102-A037-2394F61BB048}.Release|x64.Build.0 = Release|x64
		{C7392EC0-34CD-4102-A037-2394F61BB048}.Release|x86.ActiveCfg = Release|Win32
		{C7392EC0-34CD-4102-A037-2394F61BB048}.Release|x86.Build.0 = Release|Win32
	EndGlobalSection
	GlobalSection(SolutionProperties) = preSolution
		HideSolutionNode = FALSE
	EndGlobalSection
	GlobalSection(ExtensibilityGlobals) = postSolution
		SolutionGuid = {52A466C7-9AFF-4FF7-8419-B9CF2137856F}
	EndGlobalSection
EndGlobal
