
Microsoft Visual Studio Solution File, Format Version 12.00
# Visual Studio Version 17
VisualStudioVersion = 17.7.34202.233
MinimumVisualStudioVersion = 10.0.40219.1
Project("{8BC9CEB8-8B4A-11D0-8D11-00A0C91BC942}") = "Bai005", "Bai005\Bai005.vcxproj", "{F65028C5-24F2-449F-B30E-B82CBB65AFF4}"
EndProject
Project("{8BC9CEB8-8B4A-11D0-8D11-00A0C91BC942}") = "Bai010", "Bai010\Bai010.vcxproj", "{D34BD5E4-84EE-48F2-B5A2-C2A4DE54EBE7}"
EndProject
Project("{8BC9CEB8-8B4A-11D0-8D11-00A0C91BC942}") = "Bai015", "Bai015\Bai015.vcxproj", "{98DE79C7-4C30-4CF8-BB9D-8A2D891B75BA}"
EndProject
Project("{8BC9CEB8-8B4A-11D0-8D11-00A0C91BC942}") = "Bai020", "Bai020\Bai020.vcxproj", "{19B53466-4ECC-4370-9EF7-64F3B3CFDE5D}"
EndProject
Project("{8BC9CEB8-8B4A-11D0-8D11-00A0C91BC942}") = "Bai025", "Bai025\Bai025.vcxproj", "{06C55B80-8BF6-4A80-B4A2-C7EFED451DA8}"
EndProject
Project("{8BC9CEB8-8B4A-11D0-8D11-00A0C91BC942}") = "Bai030", "Bai030\Bai030.vcxproj", "{4B42D499-8AD8-4BA5-ADB6-4FE1716BE330}"
EndProject
Project("{8BC9CEB8-8B4A-11D0-8D11-00A0C91BC942}") = "Bai035", "Bai035\Bai035.vcxproj", "{379FF480-7826-41B6-A335-03BA52ED6E2C}"
EndProject
Project("{8BC9CEB8-8B4A-11D0-8D11-00A0C91BC942}") = "Bai040", "Bai040\Bai040.vcxproj", "{C7663698-6ADB-45EE-90D9-8C129C8D2CE8}"
EndProject
Project("{8BC9CEB8-8B4A-11D0-8D11-00A0C91BC942}") = "Bai045", "Bai045\Bai045.vcxproj", "{2F03B429-6AA1-4190-8F34-E6BCC1F16496}"
EndProject
Project("{8BC9CEB8-8B4A-11D0-8D11-00A0C91BC942}") = "Bai050", "Bai050\Bai050.vcxproj", "{771F0B89-CAB6-4CD0-8849-CAB1451CB571}"
EndProject
Project("{8BC9CEB8-8B4A-11D0-8D11-00A0C91BC942}") = "Bai055", "Bai055\Bai055.vcxproj", "{CA6D27D1-067D-40F1-9E11-2E831F4E5483}"
EndProject
Project("{8BC9CEB8-8B4A-11D0-8D11-00A0C91BC942}") = "Bai060", "Bai060\Bai060.vcxproj", "{E0A30A5B-00F6-47AA-8B4E-1A8D969FE868}"
EndProject
Project("{8BC9CEB8-8B4A-11D0-8D11-00A0C91BC942}") = "Bai070", "Bai070\Bai070.vcxproj", "{63A290B5-2338-4A32-88E8-9490022B3860}"
EndProject
Project("{8BC9CEB8-8B4A-11D0-8D11-00A0C91BC942}") = "Bai075", "Bai075\Bai075.vcxproj", "{25D76FD3-5E19-429A-A053-4B681725B3C8}"
EndProject
Project("{8BC9CEB8-8B4A-11D0-8D11-00A0C91BC942}") = "Bai080", "Bai080\Bai080.vcxproj", "{57314B84-AA5E-48CA-A10B-0906E7082D47}"
EndProject
Global
	GlobalSection(SolutionConfigurationPlatforms) = preSolution
		Debug|x64 = Debug|x64
		Debug|x86 = Debug|x86
		Release|x64 = Release|x64
		Release|x86 = Release|x86
	EndGlobalSection
	GlobalSection(ProjectConfigurationPlatforms) = postSolution
		{F65028C5-24F2-449F-B30E-B82CBB65AFF4}.Debug|x64.ActiveCfg = Debug|x64
		{F65028C5-24F2-449F-B30E-B82CBB65AFF4}.Debug|x64.Build.0 = Debug|x64
		{F65028C5-24F2-449F-B30E-B82CBB65AFF4}.Debug|x86.ActiveCfg = Debug|Win32
		{F65028C5-24F2-449F-B30E-B82CBB65AFF4}.Debug|x86.Build.0 = Debug|Win32
		{F65028C5-24F2-449F-B30E-B82CBB65AFF4}.Release|x64.ActiveCfg = Release|x64
		{F65028C5-24F2-449F-B30E-B82CBB65AFF4}.Release|x64.Build.0 = Release|x64
		{F65028C5-24F2-449F-B30E-B82CBB65AFF4}.Release|x86.ActiveCfg = Release|Win32
		{F65028C5-24F2-449F-B30E-B82CBB65AFF4}.Release|x86.Build.0 = Release|Win32
		{D34BD5E4-84EE-48F2-B5A2-C2A4DE54EBE7}.Debug|x64.ActiveCfg = Debug|x64
		{D34BD5E4-84EE-48F2-B5A2-C2A4DE54EBE7}.Debug|x64.Build.0 = Debug|x64
		{D34BD5E4-84EE-48F2-B5A2-C2A4DE54EBE7}.Debug|x86.ActiveCfg = Debug|Win32
		{D34BD5E4-84EE-48F2-B5A2-C2A4DE54EBE7}.Debug|x86.Build.0 = Debug|Win32
		{D34BD5E4-84EE-48F2-B5A2-C2A4DE54EBE7}.Release|x64.ActiveCfg = Release|x64
		{D34BD5E4-84EE-48F2-B5A2-C2A4DE54EBE7}.Release|x64.Build.0 = Release|x64
		{D34BD5E4-84EE-48F2-B5A2-C2A4DE54EBE7}.Release|x86.ActiveCfg = Release|Win32
		{D34BD5E4-84EE-48F2-B5A2-C2A4DE54EBE7}.Release|x86.Build.0 = Release|Win32
		{98DE79C7-4C30-4CF8-BB9D-8A2D891B75BA}.Debug|x64.ActiveCfg = Debug|x64
		{98DE79C7-4C30-4CF8-BB9D-8A2D891B75BA}.Debug|x64.Build.0 = Debug|x64
		{98DE79C7-4C30-4CF8-BB9D-8A2D891B75BA}.Debug|x86.ActiveCfg = Debug|Win32
		{98DE79C7-4C30-4CF8-BB9D-8A2D891B75BA}.Debug|x86.Build.0 = Debug|Win32
		{98DE79C7-4C30-4CF8-BB9D-8A2D891B75BA}.Release|x64.ActiveCfg = Release|x64
		{98DE79C7-4C30-4CF8-BB9D-8A2D891B75BA}.Release|x64.Build.0 = Release|x64
		{98DE79C7-4C30-4CF8-BB9D-8A2D891B75BA}.Release|x86.ActiveCfg = Release|Win32
		{98DE79C7-4C30-4CF8-BB9D-8A2D891B75BA}.Release|x86.Build.0 = Release|Win32
		{19B53466-4ECC-4370-9EF7-64F3B3CFDE5D}.Debug|x64.ActiveCfg = Debug|x64
		{19B53466-4ECC-4370-9EF7-64F3B3CFDE5D}.Debug|x64.Build.0 = Debug|x64
		{19B53466-4ECC-4370-9EF7-64F3B3CFDE5D}.Debug|x86.ActiveCfg = Debug|Win32
		{19B53466-4ECC-4370-9EF7-64F3B3CFDE5D}.Debug|x86.Build.0 = Debug|Win32
		{19B53466-4ECC-4370-9EF7-64F3B3CFDE5D}.Release|x64.ActiveCfg = Release|x64
		{19B53466-4ECC-4370-9EF7-64F3B3CFDE5D}.Release|x64.Build.0 = Release|x64
		{19B53466-4ECC-4370-9EF7-64F3B3CFDE5D}.Release|x86.ActiveCfg = Release|Win32
		{19B53466-4ECC-4370-9EF7-64F3B3CFDE5D}.Release|x86.Build.0 = Release|Win32
		{06C55B80-8BF6-4A80-B4A2-C7EFED451DA8}.Debug|x64.ActiveCfg = Debug|x64
		{06C55B80-8BF6-4A80-B4A2-C7EFED451DA8}.Debug|x64.Build.0 = Debug|x64
		{06C55B80-8BF6-4A80-B4A2-C7EFED451DA8}.Debug|x86.ActiveCfg = Debug|Win32
		{06C55B80-8BF6-4A80-B4A2-C7EFED451DA8}.Debug|x86.Build.0 = Debug|Win32
		{06C55B80-8BF6-4A80-B4A2-C7EFED451DA8}.Release|x64.ActiveCfg = Release|x64
		{06C55B80-8BF6-4A80-B4A2-C7EFED451DA8}.Release|x64.Build.0 = Release|x64
		{06C55B80-8BF6-4A80-B4A2-C7EFED451DA8}.Release|x86.ActiveCfg = Release|Win32
		{06C55B80-8BF6-4A80-B4A2-C7EFED451DA8}.Release|x86.Build.0 = Release|Win32
		{4B42D499-8AD8-4BA5-ADB6-4FE1716BE330}.Debug|x64.ActiveCfg = Debug|x64
		{4B42D499-8AD8-4BA5-ADB6-4FE1716BE330}.Debug|x64.Build.0 = Debug|x64
		{4B42D499-8AD8-4BA5-ADB6-4FE1716BE330}.Debug|x86.ActiveCfg = Debug|Win32
		{4B42D499-8AD8-4BA5-ADB6-4FE1716BE330}.Debug|x86.Build.0 = Debug|Win32
		{4B42D499-8AD8-4BA5-ADB6-4FE1716BE330}.Release|x64.ActiveCfg = Release|x64
		{4B42D499-8AD8-4BA5-ADB6-4FE1716BE330}.Release|x64.Build.0 = Release|x64
		{4B42D499-8AD8-4BA5-ADB6-4FE1716BE330}.Release|x86.ActiveCfg = Release|Win32
		{4B42D499-8AD8-4BA5-ADB6-4FE1716BE330}.Release|x86.Build.0 = Release|Win32
		{379FF480-7826-41B6-A335-03BA52ED6E2C}.Debug|x64.ActiveCfg = Debug|x64
		{379FF480-7826-41B6-A335-03BA52ED6E2C}.Debug|x64.Build.0 = Debug|x64
		{379FF480-7826-41B6-A335-03BA52ED6E2C}.Debug|x86.ActiveCfg = Debug|Win32
		{379FF480-7826-41B6-A335-03BA52ED6E2C}.Debug|x86.Build.0 = Debug|Win32
		{379FF480-7826-41B6-A335-03BA52ED6E2C}.Release|x64.ActiveCfg = Release|x64
		{379FF480-7826-41B6-A335-03BA52ED6E2C}.Release|x64.Build.0 = Release|x64
		{379FF480-7826-41B6-A335-03BA52ED6E2C}.Release|x86.ActiveCfg = Release|Win32
		{379FF480-7826-41B6-A335-03BA52ED6E2C}.Release|x86.Build.0 = Release|Win32
		{C7663698-6ADB-45EE-90D9-8C129C8D2CE8}.Debug|x64.ActiveCfg = Debug|x64
		{C7663698-6ADB-45EE-90D9-8C129C8D2CE8}.Debug|x64.Build.0 = Debug|x64
		{C7663698-6ADB-45EE-90D9-8C129C8D2CE8}.Debug|x86.ActiveCfg = Debug|Win32
		{C7663698-6ADB-45EE-90D9-8C129C8D2CE8}.Debug|x86.Build.0 = Debug|Win32
		{C7663698-6ADB-45EE-90D9-8C129C8D2CE8}.Release|x64.ActiveCfg = Release|x64
		{C7663698-6ADB-45EE-90D9-8C129C8D2CE8}.Release|x64.Build.0 = Release|x64
		{C7663698-6ADB-45EE-90D9-8C129C8D2CE8}.Release|x86.ActiveCfg = Release|Win32
		{C7663698-6ADB-45EE-90D9-8C129C8D2CE8}.Release|x86.Build.0 = Release|Win32
		{2F03B429-6AA1-4190-8F34-E6BCC1F16496}.Debug|x64.ActiveCfg = Debug|x64
		{2F03B429-6AA1-4190-8F34-E6BCC1F16496}.Debug|x64.Build.0 = Debug|x64
		{2F03B429-6AA1-4190-8F34-E6BCC1F16496}.Debug|x86.ActiveCfg = Debug|Win32
		{2F03B429-6AA1-4190-8F34-E6BCC1F16496}.Debug|x86.Build.0 = Debug|Win32
		{2F03B429-6AA1-4190-8F34-E6BCC1F16496}.Release|x64.ActiveCfg = Release|x64
		{2F03B429-6AA1-4190-8F34-E6BCC1F16496}.Release|x64.Build.0 = Release|x64
		{2F03B429-6AA1-4190-8F34-E6BCC1F16496}.Release|x86.ActiveCfg = Release|Win32
		{2F03B429-6AA1-4190-8F34-E6BCC1F16496}.Release|x86.Build.0 = Release|Win32
		{771F0B89-CAB6-4CD0-8849-CAB1451CB571}.Debug|x64.ActiveCfg = Debug|x64
		{771F0B89-CAB6-4CD0-8849-CAB1451CB571}.Debug|x64.Build.0 = Debug|x64
		{771F0B89-CAB6-4CD0-8849-CAB1451CB571}.Debug|x86.ActiveCfg = Debug|Win32
		{771F0B89-CAB6-4CD0-8849-CAB1451CB571}.Debug|x86.Build.0 = Debug|Win32
		{771F0B89-CAB6-4CD0-8849-CAB1451CB571}.Release|x64.ActiveCfg = Release|x64
		{771F0B89-CAB6-4CD0-8849-CAB1451CB571}.Release|x64.Build.0 = Release|x64
		{771F0B89-CAB6-4CD0-8849-CAB1451CB571}.Release|x86.ActiveCfg = Release|Win32
		{771F0B89-CAB6-4CD0-8849-CAB1451CB571}.Release|x86.Build.0 = Release|Win32
		{CA6D27D1-067D-40F1-9E11-2E831F4E5483}.Debug|x64.ActiveCfg = Debug|x64
		{CA6D27D1-067D-40F1-9E11-2E831F4E5483}.Debug|x64.Build.0 = Debug|x64
		{CA6D27D1-067D-40F1-9E11-2E831F4E5483}.Debug|x86.ActiveCfg = Debug|Win32
		{CA6D27D1-067D-40F1-9E11-2E831F4E5483}.Debug|x86.Build.0 = Debug|Win32
		{CA6D27D1-067D-40F1-9E11-2E831F4E5483}.Release|x64.ActiveCfg = Release|x64
		{CA6D27D1-067D-40F1-9E11-2E831F4E5483}.Release|x64.Build.0 = Release|x64
		{CA6D27D1-067D-40F1-9E11-2E831F4E5483}.Release|x86.ActiveCfg = Release|Win32
		{CA6D27D1-067D-40F1-9E11-2E831F4E5483}.Release|x86.Build.0 = Release|Win32
		{E0A30A5B-00F6-47AA-8B4E-1A8D969FE868}.Debug|x64.ActiveCfg = Debug|x64
		{E0A30A5B-00F6-47AA-8B4E-1A8D969FE868}.Debug|x64.Build.0 = Debug|x64
		{E0A30A5B-00F6-47AA-8B4E-1A8D969FE868}.Debug|x86.ActiveCfg = Debug|Win32
		{E0A30A5B-00F6-47AA-8B4E-1A8D969FE868}.Debug|x86.Build.0 = Debug|Win32
		{E0A30A5B-00F6-47AA-8B4E-1A8D969FE868}.Release|x64.ActiveCfg = Release|x64
		{E0A30A5B-00F6-47AA-8B4E-1A8D969FE868}.Release|x64.Build.0 = Release|x64
		{E0A30A5B-00F6-47AA-8B4E-1A8D969FE868}.Release|x86.ActiveCfg = Release|Win32
		{E0A30A5B-00F6-47AA-8B4E-1A8D969FE868}.Release|x86.Build.0 = Release|Win32
		{63A290B5-2338-4A32-88E8-9490022B3860}.Debug|x64.ActiveCfg = Debug|x64
		{63A290B5-2338-4A32-88E8-9490022B3860}.Debug|x64.Build.0 = Debug|x64
		{63A290B5-2338-4A32-88E8-9490022B3860}.Debug|x86.ActiveCfg = Debug|Win32
		{63A290B5-2338-4A32-88E8-9490022B3860}.Debug|x86.Build.0 = Debug|Win32
		{63A290B5-2338-4A32-88E8-9490022B3860}.Release|x64.ActiveCfg = Release|x64
		{63A290B5-2338-4A32-88E8-9490022B3860}.Release|x64.Build.0 = Release|x64
		{63A290B5-2338-4A32-88E8-9490022B3860}.Release|x86.ActiveCfg = Release|Win32
		{63A290B5-2338-4A32-88E8-9490022B3860}.Release|x86.Build.0 = Release|Win32
		{25D76FD3-5E19-429A-A053-4B681725B3C8}.Debug|x64.ActiveCfg = Debug|x64
		{25D76FD3-5E19-429A-A053-4B681725B3C8}.Debug|x64.Build.0 = Debug|x64
		{25D76FD3-5E19-429A-A053-4B681725B3C8}.Debug|x86.ActiveCfg = Debug|Win32
		{25D76FD3-5E19-429A-A053-4B681725B3C8}.Debug|x86.Build.0 = Debug|Win32
		{25D76FD3-5E19-429A-A053-4B681725B3C8}.Release|x64.ActiveCfg = Release|x64
		{25D76FD3-5E19-429A-A053-4B681725B3C8}.Release|x64.Build.0 = Release|x64
		{25D76FD3-5E19-429A-A053-4B681725B3C8}.Release|x86.ActiveCfg = Release|Win32
		{25D76FD3-5E19-429A-A053-4B681725B3C8}.Release|x86.Build.0 = Release|Win32
		{57314B84-AA5E-48CA-A10B-0906E7082D47}.Debug|x64.ActiveCfg = Debug|x64
		{57314B84-AA5E-48CA-A10B-0906E7082D47}.Debug|x64.Build.0 = Debug|x64
		{57314B84-AA5E-48CA-A10B-0906E7082D47}.Debug|x86.ActiveCfg = Debug|Win32
		{57314B84-AA5E-48CA-A10B-0906E7082D47}.Debug|x86.Build.0 = Debug|Win32
		{57314B84-AA5E-48CA-A10B-0906E7082D47}.Release|x64.ActiveCfg = Release|x64
		{57314B84-AA5E-48CA-A10B-0906E7082D47}.Release|x64.Build.0 = Release|x64
		{57314B84-AA5E-48CA-A10B-0906E7082D47}.Release|x86.ActiveCfg = Release|Win32
		{57314B84-AA5E-48CA-A10B-0906E7082D47}.Release|x86.Build.0 = Release|Win32
	EndGlobalSection
	GlobalSection(SolutionProperties) = preSolution
		HideSolutionNode = FALSE
	EndGlobalSection
	GlobalSection(ExtensibilityGlobals) = postSolution
		SolutionGuid = {E96B0912-82A9-4CBD-BE1C-21D5DA508BAC}
	EndGlobalSection
EndGlobal
