
Microsoft Visual Studio Solution File, Format Version 12.00
# Visual Studio Version 17
VisualStudioVersion = 17.7.34202.233
MinimumVisualStudioVersion = 10.0.40219.1
Project("{8BC9CEB8-8B4A-11D0-8D11-00A0C91BC942}") = "Bai005", "Bai005\Bai005.vcxproj", "{F65028C5-24F2-449F-B30E-B82CBB65AFF4}"
EndProject
Project("{8BC9CEB8-8B4A-11D0-8D11-00A0C91BC942}") = "Bai010", "Bai010\Bai010.vcxproj", "{D34BD5E4-84EE-48F2-B5A2-C2A4DE54EBE7}"
EndProject
Project("{8BC9CEB8-8B4A-11D0-8D11-00A0C91BC942}") = "Bai015", "Bai015\Bai015.vcxproj", "{98DE79C7-4C30-4CF8-BB9D-8A2D891B75BA}"
EndProject
Project("{8BC9CEB8-8B4A-11D0-8D11-00A0C91BC942}") = "Bai020", "Bai020\Bai020.vcxproj", "{19B53466-4ECC-4370-9EF7-64F3B3CFDE5D}"
EndProject
Project("{8BC9CEB8-8B4A-11D0-8D11-00A0C91BC942}") = "Bai025", "Bai025\Bai025.vcxproj", "{06C55B80-8BF6-4A80-B4A2-C7EFED451DA8}"
EndProject
Project("{8BC9CEB8-8B4A-11D0-8D11-00A0C91BC942}") = "Bai030", "Bai030\Bai030.vcxproj", "{4B42D499-8AD8-4BA5-ADB6-4FE1716BE330}"
EndProject
Project("{8BC9CEB8-8B4A-11D0-8D11-00A0C91BC942}") = "Bai035", "Bai035\Bai035.vcxproj", "{379FF480-7826-41B6-A335-03BA52ED6E2C}"
EndProject
Project("{8BC9CEB8-8B4A-11D0-8D11-00A0C91BC942}") = "Bai040", "Bai040\Bai040.vcxproj", "{C7663698-6ADB-45EE-90D9-8C129C8D2CE8}"
EndProject
Project("{8BC9CEB8-8B4A-11D0-8D11-00A0C91BC942}") = "Bai045", "Bai045\Bai045.vcxproj", "{2F03B429-6AA1-4190-8F34-E6BCC1F16496}"
EndProject
Project("{8BC9CEB8-8B4A-11D0-8D11-00A0C91BC942}") = "Bai050", "Bai050\Bai050.vcxproj", "{771F0B89-CAB6-4CD0-8849-CAB1451CB571}"
EndProject
Project("{8BC9CEB8-8B4A-11D0-8D11-00A0C91BC942}") = "Bai055", "Bai055\Bai055.vcxproj", "{CA6D27D1-067D-40F1-9E11-2E831F4E5483}"
EndProject
Project("{8BC9CEB8-8B4A-11D0-8D11-00A0C91BC942}") = "Bai060", "Bai060\Bai060.vcxproj", "{E0A30A5B-00F6-47AA-8B4E-1A8D969FE868}"
EndProject
Project("{8BC9CEB8-8B4A-11D0-8D11-00A0C91BC942}") = "Bai070", "Bai070\Bai070.vcxproj", "{63A290B5-2338-4A32-88E8-9490022B3860}"
EndProject
Project("{8BC9CEB8-8B4A-11D0-8D11-00A0C91BC942}") = "Bai075", "Bai075\Bai075.vcxproj", "{25D76FD3-5E19-429A-A053-4B681725B3C8}"
EndProject
Project("{8BC9CEB8-8B4A-11D0-8D11-00A0C91BC942}") = "Bai080", "Bai080\Bai080.vcxproj", "{57314B84-AA5E-48CA-A10B-0906E7082D47}"
EndProject
Project("{8BC9CEB8-8B4A-11D0-8D11-00A0C91BC942}") = "Bai085", "Bai085\Bai085.vcxproj", "{B5C68BA0-8B06-46C7-88C4-0F9EFBDF93FB}"
EndProject
Project("{8BC9CEB8-8B4A-11D0-8D11-00A0C91BC942}") = "Bai090", "Bai090\Bai090.vcxproj", "{5FA376F7-5729-417E-9B84-6DE38633D560}"
EndProject
Project("{8BC9CEB8-8B4A-11D0-8D11-00A0C91BC942}") = "Bai095", "Bai095\Bai095.vcxproj", "{C800D2E7-F1CD-408F-9334-C25606E3760C}"
EndProject
Project("{8BC9CEB8-8B4A-11D0-8D11-00A0C91BC942}") = "Bai100", "Bai100\Bai100.vcxproj", "{E5AD5BFD-B1B3-46AD-879B-EAB5B62C75BE}"
EndProject
Project("{8BC9CEB8-8B4A-11D0-8D11-00A0C91BC942}") = "Bai110", "Bai110\Bai110.vcxproj", "{111820A7-4EDB-47A1-97E1-B42BAA40BE65}"
EndProject
Project("{8BC9CEB8-8B4A-11D0-8D11-00A0C91BC942}") = "Bai115", "Bai115\Bai115.vcxproj", "{C4309D08-0018-4A4A-89FB-20553F408623}"
EndProject
Project("{8BC9CEB8-8B4A-11D0-8D11-00A0C91BC942}") = "Bai120", "Bai120\Bai120.vcxproj", "{C725CE00-5E19-451D-9A70-1CDEFB2BA8B8}"
EndProject
Project("{8BC9CEB8-8B4A-11D0-8D11-00A0C91BC942}") = "Bai105", "Bai105\Bai105.vcxproj", "{5E0A339A-A859-4B0B-BF77-583395E468D9}"
EndProject
Project("{8BC9CEB8-8B4A-11D0-8D11-00A0C91BC942}") = "Bai125", "Bai125\Bai125.vcxproj", "{F8047D2A-80D0-4C60-ABD1-21F2E8B24FE8}"
EndProject
Project("{8BC9CEB8-8B4A-11D0-8D11-00A0C91BC942}") = "Bai130", "Bai130\Bai130.vcxproj", "{C09AAC4B-934D-4741-AC10-197E3E1049E1}"
EndProject
Project("{8BC9CEB8-8B4A-11D0-8D11-00A0C91BC942}") = "Bai135", "Bai135\Bai135.vcxproj", "{BA2F3241-8F5D-44A8-974B-F61F4DE76E10}"
EndProject
Project("{8BC9CEB8-8B4A-11D0-8D11-00A0C91BC942}") = "Bai140", "Bai140\Bai140.vcxproj", "{ED20A35C-0CF9-4AED-9312-96D2FC504DAC}"
EndProject
Project("{8BC9CEB8-8B4A-11D0-8D11-00A0C91BC942}") = "Bai145", "Bai145\Bai145.vcxproj", "{C9637B34-706C-4A4A-AA7A-2EBA3E558980}"
EndProject
Project("{8BC9CEB8-8B4A-11D0-8D11-00A0C91BC942}") = "Bai150", "Bai150\Bai150.vcxproj", "{04425A2D-4026-4873-92D8-5FE1CD8E7DC8}"
EndProject
Project("{8BC9CEB8-8B4A-11D0-8D11-00A0C91BC942}") = "Bai155", "Bai155\Bai155.vcxproj", "{0963E050-33C3-4840-86B7-6B3B9E4F5355}"
EndProject
Project("{8BC9CEB8-8B4A-11D0-8D11-00A0C91BC942}") = "Bai160", "Bai160\Bai160.vcxproj", "{C86EFAE0-B9FA-42B4-B61C-C06A4B6DE61D}"
EndProject
Project("{8BC9CEB8-8B4A-11D0-8D11-00A0C91BC942}") = "Bai165", "Bai165\Bai165.vcxproj", "{F29B79AB-C3F5-4352-9A6F-2AFD9E5A4CCA}"
EndProject
Project("{8BC9CEB8-8B4A-11D0-8D11-00A0C91BC942}") = "Bai170", "Bai170\Bai170.vcxproj", "{CCCA9F17-8FE9-4963-9533-248E13FDC121}"
EndProject
Project("{8BC9CEB8-8B4A-11D0-8D11-00A0C91BC942}") = "Bai175", "Bai175\Bai175.vcxproj", "{604A3A6F-3CCA-4D51-AF04-4BD35C66FE9B}"
EndProject
Project("{8BC9CEB8-8B4A-11D0-8D11-00A0C91BC942}") = "Bai180", "Bai180\Bai180.vcxproj", "{F1B20F4B-6868-4EEC-95F3-C0C0E17A9DAC}"
EndProject
Project("{8BC9CEB8-8B4A-11D0-8D11-00A0C91BC942}") = "Bai185", "Bai185\Bai185.vcxproj", "{6E878BB8-785F-4A92-A1E6-662AE470B93D}"
EndProject
Project("{8BC9CEB8-8B4A-11D0-8D11-00A0C91BC942}") = "Bai195", "Bai195\Bai195.vcxproj", "{F4273E5D-9C22-4E09-8DB2-B382920F697B}"
EndProject
Project("{8BC9CEB8-8B4A-11D0-8D11-00A0C91BC942}") = "Bai200", "Bai200\Bai200.vcxproj", "{C5F78B63-0E0A-475B-A6A3-6A464FD41A65}"
EndProject
Project("{8BC9CEB8-8B4A-11D0-8D11-00A0C91BC942}") = "Bai205", "Bai205\Bai205.vcxproj", "{BADC0EB6-C984-47DF-AA72-95DFD8F3B25A}"
EndProject
Project("{8BC9CEB8-8B4A-11D0-8D11-00A0C91BC942}") = "Bai210", "Bai210\Bai210.vcxproj", "{8F33BE64-02B6-4265-BB08-0BBAD4FE375C}"
EndProject
Project("{8BC9CEB8-8B4A-11D0-8D11-00A0C91BC942}") = "Bai215", "Bai215\Bai215.vcxproj", "{42AB74C6-9212-4D07-9ACF-EDF0143926F1}"
EndProject
Project("{8BC9CEB8-8B4A-11D0-8D11-00A0C91BC942}") = "Bai220", "Bai220\Bai220.vcxproj", "{830B19EC-4F98-4427-A7BA-3F7FB2E1FBAB}"
EndProject
Project("{8BC9CEB8-8B4A-11D0-8D11-00A0C91BC942}") = "Bai225", "Bai225\Bai225.vcxproj", "{8EF109B1-8BD4-42CA-ADE7-219F04EFF50A}"
EndProject
Project("{8BC9CEB8-8B4A-11D0-8D11-00A0C91BC942}") = "Bai230", "Bai230\Bai230.vcxproj", "{D98D2AD6-63B6-471E-8267-7F0B1C9BD219}"
EndProject
Project("{8BC9CEB8-8B4A-11D0-8D11-00A0C91BC942}") = "Bai235", "Bai235\Bai235.vcxproj", "{801D6AFC-B5C4-4B6C-A79C-64CFFDEC562C}"
EndProject
Project("{8BC9CEB8-8B4A-11D0-8D11-00A0C91BC942}") = "Bai240", "Bai240\Bai240.vcxproj", "{C931E943-14D3-4244-BC74-D41556F9E9A9}"
EndProject
Project("{8BC9CEB8-8B4A-11D0-8D11-00A0C91BC942}") = "Bai245", "Bai245\Bai245.vcxproj", "{AFF333D9-9251-46F8-AD80-03A9C92CC845}"
EndProject
Project("{8BC9CEB8-8B4A-11D0-8D11-00A0C91BC942}") = "Bai250", "Bai250\Bai250.vcxproj", "{8582D3E5-95AA-46C9-9F01-88CAF3882F57}"
EndProject
Project("{8BC9CEB8-8B4A-11D0-8D11-00A0C91BC942}") = "Bai255", "Bai255\Bai255.vcxproj", "{977E8F54-6722-47BD-8C20-736E1DC38AA2}"
EndProject
Project("{8BC9CEB8-8B4A-11D0-8D11-00A0C91BC942}") = "Bai260", "Bai260\Bai260.vcxproj", "{B64AA743-C35A-4ADE-8363-BACDBCC84A85}"
EndProject
Project("{8BC9CEB8-8B4A-11D0-8D11-00A0C91BC942}") = "Bai265", "Bai265\Bai265.vcxproj", "{95D1C438-3EE6-4C74-AF4B-4F80625CCE54}"
EndProject
Project("{8BC9CEB8-8B4A-11D0-8D11-00A0C91BC942}") = "Bai270", "Bai270\Bai270.vcxproj", "{80C1C5A9-EF32-4FFF-9C9E-EE3AF5D3F0B0}"
EndProject
Project("{8BC9CEB8-8B4A-11D0-8D11-00A0C91BC942}") = "Bai275", "Bai275\Bai275.vcxproj", "{2281356F-AAFC-46B9-ACBB-5388A6567411}"
EndProject
Project("{8BC9CEB8-8B4A-11D0-8D11-00A0C91BC942}") = "Bai280", "Bai280\Bai280.vcxproj", "{7C1D6ACD-7551-4764-B06D-CF8F537CA10A}"
EndProject
Project("{8BC9CEB8-8B4A-11D0-8D11-00A0C91BC942}") = "Bai290", "Bai290\Bai290.vcxproj", "{88C3FFF0-403D-4E89-AB68-DD004B759CCD}"
EndProject
Project("{8BC9CEB8-8B4A-11D0-8D11-00A0C91BC942}") = "Bai285", "Bai285\Bai285.vcxproj", "{2F90536E-8B9C-4856-88E2-026093755F1F}"
EndProject
Global
	GlobalSection(SolutionConfigurationPlatforms) = preSolution
		Debug|x64 = Debug|x64
		Debug|x86 = Debug|x86
		Release|x64 = Release|x64
		Release|x86 = Release|x86
	EndGlobalSection
	GlobalSection(ProjectConfigurationPlatforms) = postSolution
		{F65028C5-24F2-449F-B30E-B82CBB65AFF4}.Debug|x64.ActiveCfg = Debug|x64
		{F65028C5-24F2-449F-B30E-B82CBB65AFF4}.Debug|x64.Build.0 = Debug|x64
		{F65028C5-24F2-449F-B30E-B82CBB65AFF4}.Debug|x86.ActiveCfg = Debug|Win32
		{F65028C5-24F2-449F-B30E-B82CBB65AFF4}.Debug|x86.Build.0 = Debug|Win32
		{F65028C5-24F2-449F-B30E-B82CBB65AFF4}.Release|x64.ActiveCfg = Release|x64
		{F65028C5-24F2-449F-B30E-B82CBB65AFF4}.Release|x64.Build.0 = Release|x64
		{F65028C5-24F2-449F-B30E-B82CBB65AFF4}.Release|x86.ActiveCfg = Release|Win32
		{F65028C5-24F2-449F-B30E-B82CBB65AFF4}.Release|x86.Build.0 = Release|Win32
		{D34BD5E4-84EE-48F2-B5A2-C2A4DE54EBE7}.Debug|x64.ActiveCfg = Debug|x64
		{D34BD5E4-84EE-48F2-B5A2-C2A4DE54EBE7}.Debug|x64.Build.0 = Debug|x64
		{D34BD5E4-84EE-48F2-B5A2-C2A4DE54EBE7}.Debug|x86.ActiveCfg = Debug|Win32
		{D34BD5E4-84EE-48F2-B5A2-C2A4DE54EBE7}.Debug|x86.Build.0 = Debug|Win32
		{D34BD5E4-84EE-48F2-B5A2-C2A4DE54EBE7}.Release|x64.ActiveCfg = Release|x64
		{D34BD5E4-84EE-48F2-B5A2-C2A4DE54EBE7}.Release|x64.Build.0 = Release|x64
		{D34BD5E4-84EE-48F2-B5A2-C2A4DE54EBE7}.Release|x86.ActiveCfg = Release|Win32
		{D34BD5E4-84EE-48F2-B5A2-C2A4DE54EBE7}.Release|x86.Build.0 = Release|Win32
		{98DE79C7-4C30-4CF8-BB9D-8A2D891B75BA}.Debug|x64.ActiveCfg = Debug|x64
		{98DE79C7-4C30-4CF8-BB9D-8A2D891B75BA}.Debug|x64.Build.0 = Debug|x64
		{98DE79C7-4C30-4CF8-BB9D-8A2D891B75BA}.Debug|x86.ActiveCfg = Debug|Win32
		{98DE79C7-4C30-4CF8-BB9D-8A2D891B75BA}.Debug|x86.Build.0 = Debug|Win32
		{98DE79C7-4C30-4CF8-BB9D-8A2D891B75BA}.Release|x64.ActiveCfg = Release|x64
		{98DE79C7-4C30-4CF8-BB9D-8A2D891B75BA}.Release|x64.Build.0 = Release|x64
		{98DE79C7-4C30-4CF8-BB9D-8A2D891B75BA}.Release|x86.ActiveCfg = Release|Win32
		{98DE79C7-4C30-4CF8-BB9D-8A2D891B75BA}.Release|x86.Build.0 = Release|Win32
		{19B53466-4ECC-4370-9EF7-64F3B3CFDE5D}.Debug|x64.ActiveCfg = Debug|x64
		{19B53466-4ECC-4370-9EF7-64F3B3CFDE5D}.Debug|x64.Build.0 = Debug|x64
		{19B53466-4ECC-4370-9EF7-64F3B3CFDE5D}.Debug|x86.ActiveCfg = Debug|Win32
		{19B53466-4ECC-4370-9EF7-64F3B3CFDE5D}.Debug|x86.Build.0 = Debug|Win32
		{19B53466-4ECC-4370-9EF7-64F3B3CFDE5D}.Release|x64.ActiveCfg = Release|x64
		{19B53466-4ECC-4370-9EF7-64F3B3CFDE5D}.Release|x64.Build.0 = Release|x64
		{19B53466-4ECC-4370-9EF7-64F3B3CFDE5D}.Release|x86.ActiveCfg = Release|Win32
		{19B53466-4ECC-4370-9EF7-64F3B3CFDE5D}.Release|x86.Build.0 = Release|Win32
		{06C55B80-8BF6-4A80-B4A2-C7EFED451DA8}.Debug|x64.ActiveCfg = Debug|x64
		{06C55B80-8BF6-4A80-B4A2-C7EFED451DA8}.Debug|x64.Build.0 = Debug|x64
		{06C55B80-8BF6-4A80-B4A2-C7EFED451DA8}.Debug|x86.ActiveCfg = Debug|Win32
		{06C55B80-8BF6-4A80-B4A2-C7EFED451DA8}.Debug|x86.Build.0 = Debug|Win32
		{06C55B80-8BF6-4A80-B4A2-C7EFED451DA8}.Release|x64.ActiveCfg = Release|x64
		{06C55B80-8BF6-4A80-B4A2-C7EFED451DA8}.Release|x64.Build.0 = Release|x64
		{06C55B80-8BF6-4A80-B4A2-C7EFED451DA8}.Release|x86.ActiveCfg = Release|Win32
		{06C55B80-8BF6-4A80-B4A2-C7EFED451DA8}.Release|x86.Build.0 = Release|Win32
		{4B42D499-8AD8-4BA5-ADB6-4FE1716BE330}.Debug|x64.ActiveCfg = Debug|x64
		{4B42D499-8AD8-4BA5-ADB6-4FE1716BE330}.Debug|x64.Build.0 = Debug|x64
		{4B42D499-8AD8-4BA5-ADB6-4FE1716BE330}.Debug|x86.ActiveCfg = Debug|Win32
		{4B42D499-8AD8-4BA5-ADB6-4FE1716BE330}.Debug|x86.Build.0 = Debug|Win32
		{4B42D499-8AD8-4BA5-ADB6-4FE1716BE330}.Release|x64.ActiveCfg = Release|x64
		{4B42D499-8AD8-4BA5-ADB6-4FE1716BE330}.Release|x64.Build.0 = Release|x64
		{4B42D499-8AD8-4BA5-ADB6-4FE1716BE330}.Release|x86.ActiveCfg = Release|Win32
		{4B42D499-8AD8-4BA5-ADB6-4FE1716BE330}.Release|x86.Build.0 = Release|Win32
		{379FF480-7826-41B6-A335-03BA52ED6E2C}.Debug|x64.ActiveCfg = Debug|x64
		{379FF480-7826-41B6-A335-03BA52ED6E2C}.Debug|x64.Build.0 = Debug|x64
		{379FF480-7826-41B6-A335-03BA52ED6E2C}.Debug|x86.ActiveCfg = Debug|Win32
		{379FF480-7826-41B6-A335-03BA52ED6E2C}.Debug|x86.Build.0 = Debug|Win32
		{379FF480-7826-41B6-A335-03BA52ED6E2C}.Release|x64.ActiveCfg = Release|x64
		{379FF480-7826-41B6-A335-03BA52ED6E2C}.Release|x64.Build.0 = Release|x64
		{379FF480-7826-41B6-A335-03BA52ED6E2C}.Release|x86.ActiveCfg = Release|Win32
		{379FF480-7826-41B6-A335-03BA52ED6E2C}.Release|x86.Build.0 = Release|Win32
		{C7663698-6ADB-45EE-90D9-8C129C8D2CE8}.Debug|x64.ActiveCfg = Debug|x64
		{C7663698-6ADB-45EE-90D9-8C129C8D2CE8}.Debug|x64.Build.0 = Debug|x64
		{C7663698-6ADB-45EE-90D9-8C129C8D2CE8}.Debug|x86.ActiveCfg = Debug|Win32
		{C7663698-6ADB-45EE-90D9-8C129C8D2CE8}.Debug|x86.Build.0 = Debug|Win32
		{C7663698-6ADB-45EE-90D9-8C129C8D2CE8}.Release|x64.ActiveCfg = Release|x64
		{C7663698-6ADB-45EE-90D9-8C129C8D2CE8}.Release|x64.Build.0 = Release|x64
		{C7663698-6ADB-45EE-90D9-8C129C8D2CE8}.Release|x86.ActiveCfg = Release|Win32
		{C7663698-6ADB-45EE-90D9-8C129C8D2CE8}.Release|x86.Build.0 = Release|Win32
		{2F03B429-6AA1-4190-8F34-E6BCC1F16496}.Debug|x64.ActiveCfg = Debug|x64
		{2F03B429-6AA1-4190-8F34-E6BCC1F16496}.Debug|x64.Build.0 = Debug|x64
		{2F03B429-6AA1-4190-8F34-E6BCC1F16496}.Debug|x86.ActiveCfg = Debug|Win32
		{2F03B429-6AA1-4190-8F34-E6BCC1F16496}.Debug|x86.Build.0 = Debug|Win32
		{2F03B429-6AA1-4190-8F34-E6BCC1F16496}.Release|x64.ActiveCfg = Release|x64
		{2F03B429-6AA1-4190-8F34-E6BCC1F16496}.Release|x64.Build.0 = Release|x64
		{2F03B429-6AA1-4190-8F34-E6BCC1F16496}.Release|x86.ActiveCfg = Release|Win32
		{2F03B429-6AA1-4190-8F34-E6BCC1F16496}.Release|x86.Build.0 = Release|Win32
		{771F0B89-CAB6-4CD0-8849-CAB1451CB571}.Debug|x64.ActiveCfg = Debug|x64
		{771F0B89-CAB6-4CD0-8849-CAB1451CB571}.Debug|x64.Build.0 = Debug|x64
		{771F0B89-CAB6-4CD0-8849-CAB1451CB571}.Debug|x86.ActiveCfg = Debug|Win32
		{771F0B89-CAB6-4CD0-8849-CAB1451CB571}.Debug|x86.Build.0 = Debug|Win32
		{771F0B89-CAB6-4CD0-8849-CAB1451CB571}.Release|x64.ActiveCfg = Release|x64
		{771F0B89-CAB6-4CD0-8849-CAB1451CB571}.Release|x64.Build.0 = Release|x64
		{771F0B89-CAB6-4CD0-8849-CAB1451CB571}.Release|x86.ActiveCfg = Release|Win32
		{771F0B89-CAB6-4CD0-8849-CAB1451CB571}.Release|x86.Build.0 = Release|Win32
		{CA6D27D1-067D-40F1-9E11-2E831F4E5483}.Debug|x64.ActiveCfg = Debug|x64
		{CA6D27D1-067D-40F1-9E11-2E831F4E5483}.Debug|x64.Build.0 = Debug|x64
		{CA6D27D1-067D-40F1-9E11-2E831F4E5483}.Debug|x86.ActiveCfg = Debug|Win32
		{CA6D27D1-067D-40F1-9E11-2E831F4E5483}.Debug|x86.Build.0 = Debug|Win32
		{CA6D27D1-067D-40F1-9E11-2E831F4E5483}.Release|x64.ActiveCfg = Release|x64
		{CA6D27D1-067D-40F1-9E11-2E831F4E5483}.Release|x64.Build.0 = Release|x64
		{CA6D27D1-067D-40F1-9E11-2E831F4E5483}.Release|x86.ActiveCfg = Release|Win32
		{CA6D27D1-067D-40F1-9E11-2E831F4E5483}.Release|x86.Build.0 = Release|Win32
		{E0A30A5B-00F6-47AA-8B4E-1A8D969FE868}.Debug|x64.ActiveCfg = Debug|x64
		{E0A30A5B-00F6-47AA-8B4E-1A8D969FE868}.Debug|x64.Build.0 = Debug|x64
		{E0A30A5B-00F6-47AA-8B4E-1A8D969FE868}.Debug|x86.ActiveCfg = Debug|Win32
		{E0A30A5B-00F6-47AA-8B4E-1A8D969FE868}.Debug|x86.Build.0 = Debug|Win32
		{E0A30A5B-00F6-47AA-8B4E-1A8D969FE868}.Release|x64.ActiveCfg = Release|x64
		{E0A30A5B-00F6-47AA-8B4E-1A8D969FE868}.Release|x64.Build.0 = Release|x64
		{E0A30A5B-00F6-47AA-8B4E-1A8D969FE868}.Release|x86.ActiveCfg = Release|Win32
		{E0A30A5B-00F6-47AA-8B4E-1A8D969FE868}.Release|x86.Build.0 = Release|Win32
		{63A290B5-2338-4A32-88E8-9490022B3860}.Debug|x64.ActiveCfg = Debug|x64
		{63A290B5-2338-4A32-88E8-9490022B3860}.Debug|x64.Build.0 = Debug|x64
		{63A290B5-2338-4A32-88E8-9490022B3860}.Debug|x86.ActiveCfg = Debug|Win32
		{63A290B5-2338-4A32-88E8-9490022B3860}.Debug|x86.Build.0 = Debug|Win32
		{63A290B5-2338-4A32-88E8-9490022B3860}.Release|x64.ActiveCfg = Release|x64
		{63A290B5-2338-4A32-88E8-9490022B3860}.Release|x64.Build.0 = Release|x64
		{63A290B5-2338-4A32-88E8-9490022B3860}.Release|x86.ActiveCfg = Release|Win32
		{63A290B5-2338-4A32-88E8-9490022B3860}.Release|x86.Build.0 = Release|Win32
		{25D76FD3-5E19-429A-A053-4B681725B3C8}.Debug|x64.ActiveCfg = Debug|x64
		{25D76FD3-5E19-429A-A053-4B681725B3C8}.Debug|x64.Build.0 = Debug|x64
		{25D76FD3-5E19-429A-A053-4B681725B3C8}.Debug|x86.ActiveCfg = Debug|Win32
		{25D76FD3-5E19-429A-A053-4B681725B3C8}.Debug|x86.Build.0 = Debug|Win32
		{25D76FD3-5E19-429A-A053-4B681725B3C8}.Release|x64.ActiveCfg = Release|x64
		{25D76FD3-5E19-429A-A053-4B681725B3C8}.Release|x64.Build.0 = Release|x64
		{25D76FD3-5E19-429A-A053-4B681725B3C8}.Release|x86.ActiveCfg = Release|Win32
		{25D76FD3-5E19-429A-A053-4B681725B3C8}.Release|x86.Build.0 = Release|Win32
		{57314B84-AA5E-48CA-A10B-0906E7082D47}.Debug|x64.ActiveCfg = Debug|x64
		{57314B84-AA5E-48CA-A10B-0906E7082D47}.Debug|x64.Build.0 = Debug|x64
		{57314B84-AA5E-48CA-A10B-0906E7082D47}.Debug|x86.ActiveCfg = Debug|Win32
		{57314B84-AA5E-48CA-A10B-0906E7082D47}.Debug|x86.Build.0 = Debug|Win32
		{57314B84-AA5E-48CA-A10B-0906E7082D47}.Release|x64.ActiveCfg = Release|x64
		{57314B84-AA5E-48CA-A10B-0906E7082D47}.Release|x64.Build.0 = Release|x64
		{57314B84-AA5E-48CA-A10B-0906E7082D47}.Release|x86.ActiveCfg = Release|Win32
		{57314B84-AA5E-48CA-A10B-0906E7082D47}.Release|x86.Build.0 = Release|Win32
		{B5C68BA0-8B06-46C7-88C4-0F9EFBDF93FB}.Debug|x64.ActiveCfg = Debug|x64
		{B5C68BA0-8B06-46C7-88C4-0F9EFBDF93FB}.Debug|x64.Build.0 = Debug|x64
		{B5C68BA0-8B06-46C7-88C4-0F9EFBDF93FB}.Debug|x86.ActiveCfg = Debug|Win32
		{B5C68BA0-8B06-46C7-88C4-0F9EFBDF93FB}.Debug|x86.Build.0 = Debug|Win32
		{B5C68BA0-8B06-46C7-88C4-0F9EFBDF93FB}.Release|x64.ActiveCfg = Release|x64
		{B5C68BA0-8B06-46C7-88C4-0F9EFBDF93FB}.Release|x64.Build.0 = Release|x64
		{B5C68BA0-8B06-46C7-88C4-0F9EFBDF93FB}.Release|x86.ActiveCfg = Release|Win32
		{B5C68BA0-8B06-46C7-88C4-0F9EFBDF93FB}.Release|x86.Build.0 = Release|Win32
		{5FA376F7-5729-417E-9B84-6DE38633D560}.Debug|x64.ActiveCfg = Debug|x64
		{5FA376F7-5729-417E-9B84-6DE38633D560}.Debug|x64.Build.0 = Debug|x64
		{5FA376F7-5729-417E-9B84-6DE38633D560}.Debug|x86.ActiveCfg = Debug|Win32
		{5FA376F7-5729-417E-9B84-6DE38633D560}.Debug|x86.Build.0 = Debug|Win32
		{5FA376F7-5729-417E-9B84-6DE38633D560}.Release|x64.ActiveCfg = Release|x64
		{5FA376F7-5729-417E-9B84-6DE38633D560}.Release|x64.Build.0 = Release|x64
		{5FA376F7-5729-417E-9B84-6DE38633D560}.Release|x86.ActiveCfg = Release|Win32
		{5FA376F7-5729-417E-9B84-6DE38633D560}.Release|x86.Build.0 = Release|Win32
		{C800D2E7-F1CD-408F-9334-C25606E3760C}.Debug|x64.ActiveCfg = Debug|x64
		{C800D2E7-F1CD-408F-9334-C25606E3760C}.Debug|x64.Build.0 = Debug|x64
		{C800D2E7-F1CD-408F-9334-C25606E3760C}.Debug|x86.ActiveCfg = Debug|Win32
		{C800D2E7-F1CD-408F-9334-C25606E3760C}.Debug|x86.Build.0 = Debug|Win32
		{C800D2E7-F1CD-408F-9334-C25606E3760C}.Release|x64.ActiveCfg = Release|x64
		{C800D2E7-F1CD-408F-9334-C25606E3760C}.Release|x64.Build.0 = Release|x64
		{C800D2E7-F1CD-408F-9334-C25606E3760C}.Release|x86.ActiveCfg = Release|Win32
		{C800D2E7-F1CD-408F-9334-C25606E3760C}.Release|x86.Build.0 = Release|Win32
		{E5AD5BFD-B1B3-46AD-879B-EAB5B62C75BE}.Debug|x64.ActiveCfg = Debug|x64
		{E5AD5BFD-B1B3-46AD-879B-EAB5B62C75BE}.Debug|x64.Build.0 = Debug|x64
		{E5AD5BFD-B1B3-46AD-879B-EAB5B62C75BE}.Debug|x86.ActiveCfg = Debug|Win32
		{E5AD5BFD-B1B3-46AD-879B-EAB5B62C75BE}.Debug|x86.Build.0 = Debug|Win32
		{E5AD5BFD-B1B3-46AD-879B-EAB5B62C75BE}.Release|x64.ActiveCfg = Release|x64
		{E5AD5BFD-B1B3-46AD-879B-EAB5B62C75BE}.Release|x64.Build.0 = Release|x64
		{E5AD5BFD-B1B3-46AD-879B-EAB5B62C75BE}.Release|x86.ActiveCfg = Release|Win32
		{E5AD5BFD-B1B3-46AD-879B-EAB5B62C75BE}.Release|x86.Build.0 = Release|Win32
		{111820A7-4EDB-47A1-97E1-B42BAA40BE65}.Debug|x64.ActiveCfg = Debug|x64
		{111820A7-4EDB-47A1-97E1-B42BAA40BE65}.Debug|x64.Build.0 = Debug|x64
		{111820A7-4EDB-47A1-97E1-B42BAA40BE65}.Debug|x86.ActiveCfg = Debug|Win32
		{111820A7-4EDB-47A1-97E1-B42BAA40BE65}.Debug|x86.Build.0 = Debug|Win32
		{111820A7-4EDB-47A1-97E1-B42BAA40BE65}.Release|x64.ActiveCfg = Release|x64
		{111820A7-4EDB-47A1-97E1-B42BAA40BE65}.Release|x64.Build.0 = Release|x64
		{111820A7-4EDB-47A1-97E1-B42BAA40BE65}.Release|x86.ActiveCfg = Release|Win32
		{111820A7-4EDB-47A1-97E1-B42BAA40BE65}.Release|x86.Build.0 = Release|Win32
		{C4309D08-0018-4A4A-89FB-20553F408623}.Debug|x64.ActiveCfg = Debug|x64
		{C4309D08-0018-4A4A-89FB-20553F408623}.Debug|x64.Build.0 = Debug|x64
		{C4309D08-0018-4A4A-89FB-20553F408623}.Debug|x86.ActiveCfg = Debug|Win32
		{C4309D08-0018-4A4A-89FB-20553F408623}.Debug|x86.Build.0 = Debug|Win32
		{C4309D08-0018-4A4A-89FB-20553F408623}.Release|x64.ActiveCfg = Release|x64
		{C4309D08-0018-4A4A-89FB-20553F408623}.Release|x64.Build.0 = Release|x64
		{C4309D08-0018-4A4A-89FB-20553F408623}.Release|x86.ActiveCfg = Release|Win32
		{C4309D08-0018-4A4A-89FB-20553F408623}.Release|x86.Build.0 = Release|Win32
		{C725CE00-5E19-451D-9A70-1CDEFB2BA8B8}.Debug|x64.ActiveCfg = Debug|x64
		{C725CE00-5E19-451D-9A70-1CDEFB2BA8B8}.Debug|x64.Build.0 = Debug|x64
		{C725CE00-5E19-451D-9A70-1CDEFB2BA8B8}.Debug|x86.ActiveCfg = Debug|Win32
		{C725CE00-5E19-451D-9A70-1CDEFB2BA8B8}.Debug|x86.Build.0 = Debug|Win32
		{C725CE00-5E19-451D-9A70-1CDEFB2BA8B8}.Release|x64.ActiveCfg = Release|x64
		{C725CE00-5E19-451D-9A70-1CDEFB2BA8B8}.Release|x64.Build.0 = Release|x64
		{C725CE00-5E19-451D-9A70-1CDEFB2BA8B8}.Release|x86.ActiveCfg = Release|Win32
		{C725CE00-5E19-451D-9A70-1CDEFB2BA8B8}.Release|x86.Build.0 = Release|Win32
		{5E0A339A-A859-4B0B-BF77-583395E468D9}.Debug|x64.ActiveCfg = Debug|x64
		{5E0A339A-A859-4B0B-BF77-583395E468D9}.Debug|x64.Build.0 = Debug|x64
		{5E0A339A-A859-4B0B-BF77-583395E468D9}.Debug|x86.ActiveCfg = Debug|Win32
		{5E0A339A-A859-4B0B-BF77-583395E468D9}.Debug|x86.Build.0 = Debug|Win32
		{5E0A339A-A859-4B0B-BF77-583395E468D9}.Release|x64.ActiveCfg = Release|x64
		{5E0A339A-A859-4B0B-BF77-583395E468D9}.Release|x64.Build.0 = Release|x64
		{5E0A339A-A859-4B0B-BF77-583395E468D9}.Release|x86.ActiveCfg = Release|Win32
		{5E0A339A-A859-4B0B-BF77-583395E468D9}.Release|x86.Build.0 = Release|Win32
		{F8047D2A-80D0-4C60-ABD1-21F2E8B24FE8}.Debug|x64.ActiveCfg = Debug|x64
		{F8047D2A-80D0-4C60-ABD1-21F2E8B24FE8}.Debug|x64.Build.0 = Debug|x64
		{F8047D2A-80D0-4C60-ABD1-21F2E8B24FE8}.Debug|x86.ActiveCfg = Debug|Win32
		{F8047D2A-80D0-4C60-ABD1-21F2E8B24FE8}.Debug|x86.Build.0 = Debug|Win32
		{F8047D2A-80D0-4C60-ABD1-21F2E8B24FE8}.Release|x64.ActiveCfg = Release|x64
		{F8047D2A-80D0-4C60-ABD1-21F2E8B24FE8}.Release|x64.Build.0 = Release|x64
		{F8047D2A-80D0-4C60-ABD1-21F2E8B24FE8}.Release|x86.ActiveCfg = Release|Win32
		{F8047D2A-80D0-4C60-ABD1-21F2E8B24FE8}.Release|x86.Build.0 = Release|Win32
		{C09AAC4B-934D-4741-AC10-197E3E1049E1}.Debug|x64.ActiveCfg = Debug|x64
		{C09AAC4B-934D-4741-AC10-197E3E1049E1}.Debug|x64.Build.0 = Debug|x64
		{C09AAC4B-934D-4741-AC10-197E3E1049E1}.Debug|x86.ActiveCfg = Debug|Win32
		{C09AAC4B-934D-4741-AC10-197E3E1049E1}.Debug|x86.Build.0 = Debug|Win32
		{C09AAC4B-934D-4741-AC10-197E3E1049E1}.Release|x64.ActiveCfg = Release|x64
		{C09AAC4B-934D-4741-AC10-197E3E1049E1}.Release|x64.Build.0 = Release|x64
		{C09AAC4B-934D-4741-AC10-197E3E1049E1}.Release|x86.ActiveCfg = Release|Win32
		{C09AAC4B-934D-4741-AC10-197E3E1049E1}.Release|x86.Build.0 = Release|Win32
		{BA2F3241-8F5D-44A8-974B-F61F4DE76E10}.Debug|x64.ActiveCfg = Debug|x64
		{BA2F3241-8F5D-44A8-974B-F61F4DE76E10}.Debug|x64.Build.0 = Debug|x64
		{BA2F3241-8F5D-44A8-974B-F61F4DE76E10}.Debug|x86.ActiveCfg = Debug|Win32
		{BA2F3241-8F5D-44A8-974B-F61F4DE76E10}.Debug|x86.Build.0 = Debug|Win32
		{BA2F3241-8F5D-44A8-974B-F61F4DE76E10}.Release|x64.ActiveCfg = Release|x64
		{BA2F3241-8F5D-44A8-974B-F61F4DE76E10}.Release|x64.Build.0 = Release|x64
		{BA2F3241-8F5D-44A8-974B-F61F4DE76E10}.Release|x86.ActiveCfg = Release|Win32
		{BA2F3241-8F5D-44A8-974B-F61F4DE76E10}.Release|x86.Build.0 = Release|Win32
		{ED20A35C-0CF9-4AED-9312-96D2FC504DAC}.Debug|x64.ActiveCfg = Debug|x64
		{ED20A35C-0CF9-4AED-9312-96D2FC504DAC}.Debug|x64.Build.0 = Debug|x64
		{ED20A35C-0CF9-4AED-9312-96D2FC504DAC}.Debug|x86.ActiveCfg = Debug|Win32
		{ED20A35C-0CF9-4AED-9312-96D2FC504DAC}.Debug|x86.Build.0 = Debug|Win32
		{ED20A35C-0CF9-4AED-9312-96D2FC504DAC}.Release|x64.ActiveCfg = Release|x64
		{ED20A35C-0CF9-4AED-9312-96D2FC504DAC}.Release|x64.Build.0 = Release|x64
		{ED20A35C-0CF9-4AED-9312-96D2FC504DAC}.Release|x86.ActiveCfg = Release|Win32
		{ED20A35C-0CF9-4AED-9312-96D2FC504DAC}.Release|x86.Build.0 = Release|Win32
		{C9637B34-706C-4A4A-AA7A-2EBA3E558980}.Debug|x64.ActiveCfg = Debug|x64
		{C9637B34-706C-4A4A-AA7A-2EBA3E558980}.Debug|x64.Build.0 = Debug|x64
		{C9637B34-706C-4A4A-AA7A-2EBA3E558980}.Debug|x86.ActiveCfg = Debug|Win32
		{C9637B34-706C-4A4A-AA7A-2EBA3E558980}.Debug|x86.Build.0 = Debug|Win32
		{C9637B34-706C-4A4A-AA7A-2EBA3E558980}.Release|x64.ActiveCfg = Release|x64
		{C9637B34-706C-4A4A-AA7A-2EBA3E558980}.Release|x64.Build.0 = Release|x64
		{C9637B34-706C-4A4A-AA7A-2EBA3E558980}.Release|x86.ActiveCfg = Release|Win32
		{C9637B34-706C-4A4A-AA7A-2EBA3E558980}.Release|x86.Build.0 = Release|Win32
		{04425A2D-4026-4873-92D8-5FE1CD8E7DC8}.Debug|x64.ActiveCfg = Debug|x64
		{04425A2D-4026-4873-92D8-5FE1CD8E7DC8}.Debug|x64.Build.0 = Debug|x64
		{04425A2D-4026-4873-92D8-5FE1CD8E7DC8}.Debug|x86.ActiveCfg = Debug|Win32
		{04425A2D-4026-4873-92D8-5FE1CD8E7DC8}.Debug|x86.Build.0 = Debug|Win32
		{04425A2D-4026-4873-92D8-5FE1CD8E7DC8}.Release|x64.ActiveCfg = Release|x64
		{04425A2D-4026-4873-92D8-5FE1CD8E7DC8}.Release|x64.Build.0 = Release|x64
		{04425A2D-4026-4873-92D8-5FE1CD8E7DC8}.Release|x86.ActiveCfg = Release|Win32
		{04425A2D-4026-4873-92D8-5FE1CD8E7DC8}.Release|x86.Build.0 = Release|Win32
		{0963E050-33C3-4840-86B7-6B3B9E4F5355}.Debug|x64.ActiveCfg = Debug|x64
		{0963E050-33C3-4840-86B7-6B3B9E4F5355}.Debug|x64.Build.0 = Debug|x64
		{0963E050-33C3-4840-86B7-6B3B9E4F5355}.Debug|x86.ActiveCfg = Debug|Win32
		{0963E050-33C3-4840-86B7-6B3B9E4F5355}.Debug|x86.Build.0 = Debug|Win32
		{0963E050-33C3-4840-86B7-6B3B9E4F5355}.Release|x64.ActiveCfg = Release|x64
		{0963E050-33C3-4840-86B7-6B3B9E4F5355}.Release|x64.Build.0 = Release|x64
		{0963E050-33C3-4840-86B7-6B3B9E4F5355}.Release|x86.ActiveCfg = Release|Win32
		{0963E050-33C3-4840-86B7-6B3B9E4F5355}.Release|x86.Build.0 = Release|Win32
		{C86EFAE0-B9FA-42B4-B61C-C06A4B6DE61D}.Debug|x64.ActiveCfg = Debug|x64
		{C86EFAE0-B9FA-42B4-B61C-C06A4B6DE61D}.Debug|x64.Build.0 = Debug|x64
		{C86EFAE0-B9FA-42B4-B61C-C06A4B6DE61D}.Debug|x86.ActiveCfg = Debug|Win32
		{C86EFAE0-B9FA-42B4-B61C-C06A4B6DE61D}.Debug|x86.Build.0 = Debug|Win32
		{C86EFAE0-B9FA-42B4-B61C-C06A4B6DE61D}.Release|x64.ActiveCfg = Release|x64
		{C86EFAE0-B9FA-42B4-B61C-C06A4B6DE61D}.Release|x64.Build.0 = Release|x64
		{C86EFAE0-B9FA-42B4-B61C-C06A4B6DE61D}.Release|x86.ActiveCfg = Release|Win32
		{C86EFAE0-B9FA-42B4-B61C-C06A4B6DE61D}.Release|x86.Build.0 = Release|Win32
		{F29B79AB-C3F5-4352-9A6F-2AFD9E5A4CCA}.Debug|x64.ActiveCfg = Debug|x64
		{F29B79AB-C3F5-4352-9A6F-2AFD9E5A4CCA}.Debug|x64.Build.0 = Debug|x64
		{F29B79AB-C3F5-4352-9A6F-2AFD9E5A4CCA}.Debug|x86.ActiveCfg = Debug|Win32
		{F29B79AB-C3F5-4352-9A6F-2AFD9E5A4CCA}.Debug|x86.Build.0 = Debug|Win32
		{F29B79AB-C3F5-4352-9A6F-2AFD9E5A4CCA}.Release|x64.ActiveCfg = Release|x64
		{F29B79AB-C3F5-4352-9A6F-2AFD9E5A4CCA}.Release|x64.Build.0 = Release|x64
		{F29B79AB-C3F5-4352-9A6F-2AFD9E5A4CCA}.Release|x86.ActiveCfg = Release|Win32
		{F29B79AB-C3F5-4352-9A6F-2AFD9E5A4CCA}.Release|x86.Build.0 = Release|Win32
		{CCCA9F17-8FE9-4963-9533-248E13FDC121}.Debug|x64.ActiveCfg = Debug|x64
		{CCCA9F17-8FE9-4963-9533-248E13FDC121}.Debug|x64.Build.0 = Debug|x64
		{CCCA9F17-8FE9-4963-9533-248E13FDC121}.Debug|x86.ActiveCfg = Debug|Win32
		{CCCA9F17-8FE9-4963-9533-248E13FDC121}.Debug|x86.Build.0 = Debug|Win32
		{CCCA9F17-8FE9-4963-9533-248E13FDC121}.Release|x64.ActiveCfg = Release|x64
		{CCCA9F17-8FE9-4963-9533-248E13FDC121}.Release|x64.Build.0 = Release|x64
		{CCCA9F17-8FE9-4963-9533-248E13FDC121}.Release|x86.ActiveCfg = Release|Win32
		{CCCA9F17-8FE9-4963-9533-248E13FDC121}.Release|x86.Build.0 = Release|Win32
		{604A3A6F-3CCA-4D51-AF04-4BD35C66FE9B}.Debug|x64.ActiveCfg = Debug|x64
		{604A3A6F-3CCA-4D51-AF04-4BD35C66FE9B}.Debug|x64.Build.0 = Debug|x64
		{604A3A6F-3CCA-4D51-AF04-4BD35C66FE9B}.Debug|x86.ActiveCfg = Debug|Win32
		{604A3A6F-3CCA-4D51-AF04-4BD35C66FE9B}.Debug|x86.Build.0 = Debug|Win32
		{604A3A6F-3CCA-4D51-AF04-4BD35C66FE9B}.Release|x64.ActiveCfg = Release|x64
		{604A3A6F-3CCA-4D51-AF04-4BD35C66FE9B}.Release|x64.Build.0 = Release|x64
		{604A3A6F-3CCA-4D51-AF04-4BD35C66FE9B}.Release|x86.ActiveCfg = Release|Win32
		{604A3A6F-3CCA-4D51-AF04-4BD35C66FE9B}.Release|x86.Build.0 = Release|Win32
		{F1B20F4B-6868-4EEC-95F3-C0C0E17A9DAC}.Debug|x64.ActiveCfg = Debug|x64
		{F1B20F4B-6868-4EEC-95F3-C0C0E17A9DAC}.Debug|x64.Build.0 = Debug|x64
		{F1B20F4B-6868-4EEC-95F3-C0C0E17A9DAC}.Debug|x86.ActiveCfg = Debug|Win32
		{F1B20F4B-6868-4EEC-95F3-C0C0E17A9DAC}.Debug|x86.Build.0 = Debug|Win32
		{F1B20F4B-6868-4EEC-95F3-C0C0E17A9DAC}.Release|x64.ActiveCfg = Release|x64
		{F1B20F4B-6868-4EEC-95F3-C0C0E17A9DAC}.Release|x64.Build.0 = Release|x64
		{F1B20F4B-6868-4EEC-95F3-C0C0E17A9DAC}.Release|x86.ActiveCfg = Release|Win32
		{F1B20F4B-6868-4EEC-95F3-C0C0E17A9DAC}.Release|x86.Build.0 = Release|Win32
		{6E878BB8-785F-4A92-A1E6-662AE470B93D}.Debug|x64.ActiveCfg = Debug|x64
		{6E878BB8-785F-4A92-A1E6-662AE470B93D}.Debug|x64.Build.0 = Debug|x64
		{6E878BB8-785F-4A92-A1E6-662AE470B93D}.Debug|x86.ActiveCfg = Debug|Win32
		{6E878BB8-785F-4A92-A1E6-662AE470B93D}.Debug|x86.Build.0 = Debug|Win32
		{6E878BB8-785F-4A92-A1E6-662AE470B93D}.Release|x64.ActiveCfg = Release|x64
		{6E878BB8-785F-4A92-A1E6-662AE470B93D}.Release|x64.Build.0 = Release|x64
		{6E878BB8-785F-4A92-A1E6-662AE470B93D}.Release|x86.ActiveCfg = Release|Win32
		{6E878BB8-785F-4A92-A1E6-662AE470B93D}.Release|x86.Build.0 = Release|Win32
		{F4273E5D-9C22-4E09-8DB2-B382920F697B}.Debug|x64.ActiveCfg = Debug|x64
		{F4273E5D-9C22-4E09-8DB2-B382920F697B}.Debug|x64.Build.0 = Debug|x64
		{F4273E5D-9C22-4E09-8DB2-B382920F697B}.Debug|x86.ActiveCfg = Debug|Win32
		{F4273E5D-9C22-4E09-8DB2-B382920F697B}.Debug|x86.Build.0 = Debug|Win32
		{F4273E5D-9C22-4E09-8DB2-B382920F697B}.Release|x64.ActiveCfg = Release|x64
		{F4273E5D-9C22-4E09-8DB2-B382920F697B}.Release|x64.Build.0 = Release|x64
		{F4273E5D-9C22-4E09-8DB2-B382920F697B}.Release|x86.ActiveCfg = Release|Win32
		{F4273E5D-9C22-4E09-8DB2-B382920F697B}.Release|x86.Build.0 = Release|Win32
		{C5F78B63-0E0A-475B-A6A3-6A464FD41A65}.Debug|x64.ActiveCfg = Debug|x64
		{C5F78B63-0E0A-475B-A6A3-6A464FD41A65}.Debug|x64.Build.0 = Debug|x64
		{C5F78B63-0E0A-475B-A6A3-6A464FD41A65}.Debug|x86.ActiveCfg = Debug|Win32
		{C5F78B63-0E0A-475B-A6A3-6A464FD41A65}.Debug|x86.Build.0 = Debug|Win32
		{C5F78B63-0E0A-475B-A6A3-6A464FD41A65}.Release|x64.ActiveCfg = Release|x64
		{C5F78B63-0E0A-475B-A6A3-6A464FD41A65}.Release|x64.Build.0 = Release|x64
		{C5F78B63-0E0A-475B-A6A3-6A464FD41A65}.Release|x86.ActiveCfg = Release|Win32
		{C5F78B63-0E0A-475B-A6A3-6A464FD41A65}.Release|x86.Build.0 = Release|Win32
		{BADC0EB6-C984-47DF-AA72-95DFD8F3B25A}.Debug|x64.ActiveCfg = Debug|x64
		{BADC0EB6-C984-47DF-AA72-95DFD8F3B25A}.Debug|x64.Build.0 = Debug|x64
		{BADC0EB6-C984-47DF-AA72-95DFD8F3B25A}.Debug|x86.ActiveCfg = Debug|Win32
		{BADC0EB6-C984-47DF-AA72-95DFD8F3B25A}.Debug|x86.Build.0 = Debug|Win32
		{BADC0EB6-C984-47DF-AA72-95DFD8F3B25A}.Release|x64.ActiveCfg = Release|x64
		{BADC0EB6-C984-47DF-AA72-95DFD8F3B25A}.Release|x64.Build.0 = Release|x64
		{BADC0EB6-C984-47DF-AA72-95DFD8F3B25A}.Release|x86.ActiveCfg = Release|Win32
		{BADC0EB6-C984-47DF-AA72-95DFD8F3B25A}.Release|x86.Build.0 = Release|Win32
		{8F33BE64-02B6-4265-BB08-0BBAD4FE375C}.Debug|x64.ActiveCfg = Debug|x64
		{8F33BE64-02B6-4265-BB08-0BBAD4FE375C}.Debug|x64.Build.0 = Debug|x64
		{8F33BE64-02B6-4265-BB08-0BBAD4FE375C}.Debug|x86.ActiveCfg = Debug|Win32
		{8F33BE64-02B6-4265-BB08-0BBAD4FE375C}.Debug|x86.Build.0 = Debug|Win32
		{8F33BE64-02B6-4265-BB08-0BBAD4FE375C}.Release|x64.ActiveCfg = Release|x64
		{8F33BE64-02B6-4265-BB08-0BBAD4FE375C}.Release|x64.Build.0 = Release|x64
		{8F33BE64-02B6-4265-BB08-0BBAD4FE375C}.Release|x86.ActiveCfg = Release|Win32
		{8F33BE64-02B6-4265-BB08-0BBAD4FE375C}.Release|x86.Build.0 = Release|Win32
		{42AB74C6-9212-4D07-9ACF-EDF0143926F1}.Debug|x64.ActiveCfg = Debug|x64
		{42AB74C6-9212-4D07-9ACF-EDF0143926F1}.Debug|x64.Build.0 = Debug|x64
		{42AB74C6-9212-4D07-9ACF-EDF0143926F1}.Debug|x86.ActiveCfg = Debug|Win32
		{42AB74C6-9212-4D07-9ACF-EDF0143926F1}.Debug|x86.Build.0 = Debug|Win32
		{42AB74C6-9212-4D07-9ACF-EDF0143926F1}.Release|x64.ActiveCfg = Release|x64
		{42AB74C6-9212-4D07-9ACF-EDF0143926F1}.Release|x64.Build.0 = Release|x64
		{42AB74C6-9212-4D07-9ACF-EDF0143926F1}.Release|x86.ActiveCfg = Release|Win32
		{42AB74C6-9212-4D07-9ACF-EDF0143926F1}.Release|x86.Build.0 = Release|Win32
		{830B19EC-4F98-4427-A7BA-3F7FB2E1FBAB}.Debug|x64.ActiveCfg = Debug|x64
		{830B19EC-4F98-4427-A7BA-3F7FB2E1FBAB}.Debug|x64.Build.0 = Debug|x64
		{830B19EC-4F98-4427-A7BA-3F7FB2E1FBAB}.Debug|x86.ActiveCfg = Debug|Win32
		{830B19EC-4F98-4427-A7BA-3F7FB2E1FBAB}.Debug|x86.Build.0 = Debug|Win32
		{830B19EC-4F98-4427-A7BA-3F7FB2E1FBAB}.Release|x64.ActiveCfg = Release|x64
		{830B19EC-4F98-4427-A7BA-3F7FB2E1FBAB}.Release|x64.Build.0 = Release|x64
		{830B19EC-4F98-4427-A7BA-3F7FB2E1FBAB}.Release|x86.ActiveCfg = Release|Win32
		{830B19EC-4F98-4427-A7BA-3F7FB2E1FBAB}.Release|x86.Build.0 = Release|Win32
		{8EF109B1-8BD4-42CA-ADE7-219F04EFF50A}.Debug|x64.ActiveCfg = Debug|x64
		{8EF109B1-8BD4-42CA-ADE7-219F04EFF50A}.Debug|x64.Build.0 = Debug|x64
		{8EF109B1-8BD4-42CA-ADE7-219F04EFF50A}.Debug|x86.ActiveCfg = Debug|Win32
		{8EF109B1-8BD4-42CA-ADE7-219F04EFF50A}.Debug|x86.Build.0 = Debug|Win32
		{8EF109B1-8BD4-42CA-ADE7-219F04EFF50A}.Release|x64.ActiveCfg = Release|x64
		{8EF109B1-8BD4-42CA-ADE7-219F04EFF50A}.Release|x64.Build.0 = Release|x64
		{8EF109B1-8BD4-42CA-ADE7-219F04EFF50A}.Release|x86.ActiveCfg = Release|Win32
		{8EF109B1-8BD4-42CA-ADE7-219F04EFF50A}.Release|x86.Build.0 = Release|Win32
		{D98D2AD6-63B6-471E-8267-7F0B1C9BD219}.Debug|x64.ActiveCfg = Debug|x64
		{D98D2AD6-63B6-471E-8267-7F0B1C9BD219}.Debug|x64.Build.0 = Debug|x64
		{D98D2AD6-63B6-471E-8267-7F0B1C9BD219}.Debug|x86.ActiveCfg = Debug|Win32
		{D98D2AD6-63B6-471E-8267-7F0B1C9BD219}.Debug|x86.Build.0 = Debug|Win32
		{D98D2AD6-63B6-471E-8267-7F0B1C9BD219}.Release|x64.ActiveCfg = Release|x64
		{D98D2AD6-63B6-471E-8267-7F0B1C9BD219}.Release|x64.Build.0 = Release|x64
		{D98D2AD6-63B6-471E-8267-7F0B1C9BD219}.Release|x86.ActiveCfg = Release|Win32
		{D98D2AD6-63B6-471E-8267-7F0B1C9BD219}.Release|x86.Build.0 = Release|Win32
		{801D6AFC-B5C4-4B6C-A79C-64CFFDEC562C}.Debug|x64.ActiveCfg = Debug|x64
		{801D6AFC-B5C4-4B6C-A79C-64CFFDEC562C}.Debug|x64.Build.0 = Debug|x64
		{801D6AFC-B5C4-4B6C-A79C-64CFFDEC562C}.Debug|x86.ActiveCfg = Debug|Win32
		{801D6AFC-B5C4-4B6C-A79C-64CFFDEC562C}.Debug|x86.Build.0 = Debug|Win32
		{801D6AFC-B5C4-4B6C-A79C-64CFFDEC562C}.Release|x64.ActiveCfg = Release|x64
		{801D6AFC-B5C4-4B6C-A79C-64CFFDEC562C}.Release|x64.Build.0 = Release|x64
		{801D6AFC-B5C4-4B6C-A79C-64CFFDEC562C}.Release|x86.ActiveCfg = Release|Win32
		{801D6AFC-B5C4-4B6C-A79C-64CFFDEC562C}.Release|x86.Build.0 = Release|Win32
		{C931E943-14D3-4244-BC74-D41556F9E9A9}.Debug|x64.ActiveCfg = Debug|x64
		{C931E943-14D3-4244-BC74-D41556F9E9A9}.Debug|x64.Build.0 = Debug|x64
		{C931E943-14D3-4244-BC74-D41556F9E9A9}.Debug|x86.ActiveCfg = Debug|Win32
		{C931E943-14D3-4244-BC74-D41556F9E9A9}.Debug|x86.Build.0 = Debug|Win32
		{C931E943-14D3-4244-BC74-D41556F9E9A9}.Release|x64.ActiveCfg = Release|x64
		{C931E943-14D3-4244-BC74-D41556F9E9A9}.Release|x64.Build.0 = Release|x64
		{C931E943-14D3-4244-BC74-D41556F9E9A9}.Release|x86.ActiveCfg = Release|Win32
		{C931E943-14D3-4244-BC74-D41556F9E9A9}.Release|x86.Build.0 = Release|Win32
		{AFF333D9-9251-46F8-AD80-03A9C92CC845}.Debug|x64.ActiveCfg = Debug|x64
		{AFF333D9-9251-46F8-AD80-03A9C92CC845}.Debug|x64.Build.0 = Debug|x64
		{AFF333D9-9251-46F8-AD80-03A9C92CC845}.Debug|x86.ActiveCfg = Debug|Win32
		{AFF333D9-9251-46F8-AD80-03A9C92CC845}.Debug|x86.Build.0 = Debug|Win32
		{AFF333D9-9251-46F8-AD80-03A9C92CC845}.Release|x64.ActiveCfg = Release|x64
		{AFF333D9-9251-46F8-AD80-03A9C92CC845}.Release|x64.Build.0 = Release|x64
		{AFF333D9-9251-46F8-AD80-03A9C92CC845}.Release|x86.ActiveCfg = Release|Win32
		{AFF333D9-9251-46F8-AD80-03A9C92CC845}.Release|x86.Build.0 = Release|Win32
		{8582D3E5-95AA-46C9-9F01-88CAF3882F57}.Debug|x64.ActiveCfg = Debug|x64
		{8582D3E5-95AA-46C9-9F01-88CAF3882F57}.Debug|x64.Build.0 = Debug|x64
		{8582D3E5-95AA-46C9-9F01-88CAF3882F57}.Debug|x86.ActiveCfg = Debug|Win32
		{8582D3E5-95AA-46C9-9F01-88CAF3882F57}.Debug|x86.Build.0 = Debug|Win32
		{8582D3E5-95AA-46C9-9F01-88CAF3882F57}.Release|x64.ActiveCfg = Release|x64
		{8582D3E5-95AA-46C9-9F01-88CAF3882F57}.Release|x64.Build.0 = Release|x64
		{8582D3E5-95AA-46C9-9F01-88CAF3882F57}.Release|x86.ActiveCfg = Release|Win32
		{8582D3E5-95AA-46C9-9F01-88CAF3882F57}.Release|x86.Build.0 = Release|Win32
		{977E8F54-6722-47BD-8C20-736E1DC38AA2}.Debug|x64.ActiveCfg = Debug|x64
		{977E8F54-6722-47BD-8C20-736E1DC38AA2}.Debug|x64.Build.0 = Debug|x64
		{977E8F54-6722-47BD-8C20-736E1DC38AA2}.Debug|x86.ActiveCfg = Debug|Win32
		{977E8F54-6722-47BD-8C20-736E1DC38AA2}.Debug|x86.Build.0 = Debug|Win32
		{977E8F54-6722-47BD-8C20-736E1DC38AA2}.Release|x64.ActiveCfg = Release|x64
		{977E8F54-6722-47BD-8C20-736E1DC38AA2}.Release|x64.Build.0 = Release|x64
		{977E8F54-6722-47BD-8C20-736E1DC38AA2}.Release|x86.ActiveCfg = Release|Win32
		{977E8F54-6722-47BD-8C20-736E1DC38AA2}.Release|x86.Build.0 = Release|Win32
		{B64AA743-C35A-4ADE-8363-BACDBCC84A85}.Debug|x64.ActiveCfg = Debug|x64
		{B64AA743-C35A-4ADE-8363-BACDBCC84A85}.Debug|x64.Build.0 = Debug|x64
		{B64AA743-C35A-4ADE-8363-BACDBCC84A85}.Debug|x86.ActiveCfg = Debug|Win32
		{B64AA743-C35A-4ADE-8363-BACDBCC84A85}.Debug|x86.Build.0 = Debug|Win32
		{B64AA743-C35A-4ADE-8363-BACDBCC84A85}.Release|x64.ActiveCfg = Release|x64
		{B64AA743-C35A-4ADE-8363-BACDBCC84A85}.Release|x64.Build.0 = Release|x64
		{B64AA743-C35A-4ADE-8363-BACDBCC84A85}.Release|x86.ActiveCfg = Release|Win32
		{B64AA743-C35A-4ADE-8363-BACDBCC84A85}.Release|x86.Build.0 = Release|Win32
		{95D1C438-3EE6-4C74-AF4B-4F80625CCE54}.Debug|x64.ActiveCfg = Debug|x64
		{95D1C438-3EE6-4C74-AF4B-4F80625CCE54}.Debug|x64.Build.0 = Debug|x64
		{95D1C438-3EE6-4C74-AF4B-4F80625CCE54}.Debug|x86.ActiveCfg = Debug|Win32
		{95D1C438-3EE6-4C74-AF4B-4F80625CCE54}.Debug|x86.Build.0 = Debug|Win32
		{95D1C438-3EE6-4C74-AF4B-4F80625CCE54}.Release|x64.ActiveCfg = Release|x64
		{95D1C438-3EE6-4C74-AF4B-4F80625CCE54}.Release|x64.Build.0 = Release|x64
		{95D1C438-3EE6-4C74-AF4B-4F80625CCE54}.Release|x86.ActiveCfg = Release|Win32
		{95D1C438-3EE6-4C74-AF4B-4F80625CCE54}.Release|x86.Build.0 = Release|Win32
		{80C1C5A9-EF32-4FFF-9C9E-EE3AF5D3F0B0}.Debug|x64.ActiveCfg = Debug|x64
		{80C1C5A9-EF32-4FFF-9C9E-EE3AF5D3F0B0}.Debug|x64.Build.0 = Debug|x64
		{80C1C5A9-EF32-4FFF-9C9E-EE3AF5D3F0B0}.Debug|x86.ActiveCfg = Debug|Win32
		{80C1C5A9-EF32-4FFF-9C9E-EE3AF5D3F0B0}.Debug|x86.Build.0 = Debug|Win32
		{80C1C5A9-EF32-4FFF-9C9E-EE3AF5D3F0B0}.Release|x64.ActiveCfg = Release|x64
		{80C1C5A9-EF32-4FFF-9C9E-EE3AF5D3F0B0}.Release|x64.Build.0 = Release|x64
		{80C1C5A9-EF32-4FFF-9C9E-EE3AF5D3F0B0}.Release|x86.ActiveCfg = Release|Win32
		{80C1C5A9-EF32-4FFF-9C9E-EE3AF5D3F0B0}.Release|x86.Build.0 = Release|Win32
		{2281356F-AAFC-46B9-ACBB-5388A6567411}.Debug|x64.ActiveCfg = Debug|x64
		{2281356F-AAFC-46B9-ACBB-5388A6567411}.Debug|x64.Build.0 = Debug|x64
		{2281356F-AAFC-46B9-ACBB-5388A6567411}.Debug|x86.ActiveCfg = Debug|Win32
		{2281356F-AAFC-46B9-ACBB-5388A6567411}.Debug|x86.Build.0 = Debug|Win32
		{2281356F-AAFC-46B9-ACBB-5388A6567411}.Release|x64.ActiveCfg = Release|x64
		{2281356F-AAFC-46B9-ACBB-5388A6567411}.Release|x64.Build.0 = Release|x64
		{2281356F-AAFC-46B9-ACBB-5388A6567411}.Release|x86.ActiveCfg = Release|Win32
		{2281356F-AAFC-46B9-ACBB-5388A6567411}.Release|x86.Build.0 = Release|Win32
		{7C1D6ACD-7551-4764-B06D-CF8F537CA10A}.Debug|x64.ActiveCfg = Debug|x64
		{7C1D6ACD-7551-4764-B06D-CF8F537CA10A}.Debug|x64.Build.0 = Debug|x64
		{7C1D6ACD-7551-4764-B06D-CF8F537CA10A}.Debug|x86.ActiveCfg = Debug|Win32
		{7C1D6ACD-7551-4764-B06D-CF8F537CA10A}.Debug|x86.Build.0 = Debug|Win32
		{7C1D6ACD-7551-4764-B06D-CF8F537CA10A}.Release|x64.ActiveCfg = Release|x64
		{7C1D6ACD-7551-4764-B06D-CF8F537CA10A}.Release|x64.Build.0 = Release|x64
		{7C1D6ACD-7551-4764-B06D-CF8F537CA10A}.Release|x86.ActiveCfg = Release|Win32
		{7C1D6ACD-7551-4764-B06D-CF8F537CA10A}.Release|x86.Build.0 = Release|Win32
		{88C3FFF0-403D-4E89-AB68-DD004B759CCD}.Debug|x64.ActiveCfg = Debug|x64
		{88C3FFF0-403D-4E89-AB68-DD004B759CCD}.Debug|x64.Build.0 = Debug|x64
		{88C3FFF0-403D-4E89-AB68-DD004B759CCD}.Debug|x86.ActiveCfg = Debug|Win32
		{88C3FFF0-403D-4E89-AB68-DD004B759CCD}.Debug|x86.Build.0 = Debug|Win32
		{88C3FFF0-403D-4E89-AB68-DD004B759CCD}.Release|x64.ActiveCfg = Release|x64
		{88C3FFF0-403D-4E89-AB68-DD004B759CCD}.Release|x64.Build.0 = Release|x64
		{88C3FFF0-403D-4E89-AB68-DD004B759CCD}.Release|x86.ActiveCfg = Release|Win32
		{88C3FFF0-403D-4E89-AB68-DD004B759CCD}.Release|x86.Build.0 = Release|Win32
		{2F90536E-8B9C-4856-88E2-026093755F1F}.Debug|x64.ActiveCfg = Debug|x64
		{2F90536E-8B9C-4856-88E2-026093755F1F}.Debug|x64.Build.0 = Debug|x64
		{2F90536E-8B9C-4856-88E2-026093755F1F}.Debug|x86.ActiveCfg = Debug|Win32
		{2F90536E-8B9C-4856-88E2-026093755F1F}.Debug|x86.Build.0 = Debug|Win32
		{2F90536E-8B9C-4856-88E2-026093755F1F}.Release|x64.ActiveCfg = Release|x64
		{2F90536E-8B9C-4856-88E2-026093755F1F}.Release|x64.Build.0 = Release|x64
		{2F90536E-8B9C-4856-88E2-026093755F1F}.Release|x86.ActiveCfg = Release|Win32
		{2F90536E-8B9C-4856-88E2-026093755F1F}.Release|x86.Build.0 = Release|Win32
	EndGlobalSection
	GlobalSection(SolutionProperties) = preSolution
		HideSolutionNode = FALSE
	EndGlobalSection
	GlobalSection(ExtensibilityGlobals) = postSolution
		SolutionGuid = {E96B0912-82A9-4CBD-BE1C-21D5DA508BAC}
	EndGlobalSection
EndGlobal
