
Microsoft Visual Studio Solution File, Format Version 12.00
# Visual Studio Version 17
VisualStudioVersion = 17.7.34031.279
MinimumVisualStudioVersion = 10.0.40219.1
Project("{8BC9CEB8-8B4A-11D0-8D11-00A0C91BC942}") = "Bai001", "Bai001\Bai001.vcxproj", "{4EE98C7B-A2FA-43CB-83DD-3F71445880E5}"
EndProject
Project("{8BC9CEB8-8B4A-11D0-8D11-00A0C91BC942}") = "Bai006", "Bai006\Bai006.vcxproj", "{09CBEFB5-210C-4889-A793-FCB1D5590CC0}"
EndProject
Project("{8BC9CEB8-8B4A-11D0-8D11-00A0C91BC942}") = "Bai011", "Bai011\Bai011.vcxproj", "{ADE6204E-3706-4D31-9A46-EFC37364105D}"
EndProject
Project("{8BC9CEB8-8B4A-11D0-8D11-00A0C91BC942}") = "Bai016", "Bai016\Bai016.vcxproj", "{4605A40E-9355-4EC8-A5DD-DE4ECD5C3915}"
EndProject
Project("{8BC9CEB8-8B4A-11D0-8D11-00A0C91BC942}") = "Bai021", "Bai021\Bai021.vcxproj", "{5927C1C9-A3B4-4F47-A282-D7197AA9F084}"
EndProject
Project("{8BC9CEB8-8B4A-11D0-8D11-00A0C91BC942}") = "Bai026", "Bai026\Bai026.vcxproj", "{CEF026D3-C2EA-4F57-A084-C035D7731138}"
EndProject
Project("{8BC9CEB8-8B4A-11D0-8D11-00A0C91BC942}") = "Bai031", "Bai031\Bai031.vcxproj", "{044A4D66-4B74-4BC3-B4D1-17CF8B6AF51A}"
EndProject
Project("{8BC9CEB8-8B4A-11D0-8D11-00A0C91BC942}") = "Bai036", "Bai036\Bai036.vcxproj", "{FA52CDCB-599C-4B0C-8F9E-8F8B8E5F472F}"
EndProject
Project("{8BC9CEB8-8B4A-11D0-8D11-00A0C91BC942}") = "Bai041", "Bai041\Bai041.vcxproj", "{A4728FCF-FF72-4BFF-BD8E-C342B150E38A}"
EndProject
Project("{8BC9CEB8-8B4A-11D0-8D11-00A0C91BC942}") = "Bai046", "Bai046\Bai046.vcxproj", "{56820962-DA18-40FA-AAC9-673362908B38}"
EndProject
Project("{8BC9CEB8-8B4A-11D0-8D11-00A0C91BC942}") = "Bai051", "Bai051\Bai051.vcxproj", "{27168BE8-BBF3-44B9-BC18-28C6C32AE6A5}"
EndProject
Project("{8BC9CEB8-8B4A-11D0-8D11-00A0C91BC942}") = "Bai056", "Bai056\Bai056.vcxproj", "{8DB9FCF7-DCAA-46FB-A433-33BCBF34B564}"
EndProject
Project("{8BC9CEB8-8B4A-11D0-8D11-00A0C91BC942}") = "Bai061", "Bai061\Bai061.vcxproj", "{41290B79-9CC1-4196-8D89-F1D41B797398}"
EndProject
Project("{8BC9CEB8-8B4A-11D0-8D11-00A0C91BC942}") = "Bai066", "Bai066\Bai066.vcxproj", "{18A2DE03-3F3B-48FF-8D09-F39A11EBC869}"
EndProject
Project("{8BC9CEB8-8B4A-11D0-8D11-00A0C91BC942}") = "Bai071", "Bai071\Bai071.vcxproj", "{FE2E83D1-F6B2-4F41-A679-44801C123D40}"
EndProject
Project("{8BC9CEB8-8B4A-11D0-8D11-00A0C91BC942}") = "Bai076", "Bai076\Bai076.vcxproj", "{F4048F69-0927-4903-9C24-0761353007AC}"
EndProject
Project("{8BC9CEB8-8B4A-11D0-8D11-00A0C91BC942}") = "Bai081", "Bai081\Bai081.vcxproj", "{63DF3C8B-8EAC-4B55-9B3C-3B7DB89D075C}"
EndProject
Project("{8BC9CEB8-8B4A-11D0-8D11-00A0C91BC942}") = "Bai086", "Bai086\Bai086.vcxproj", "{FC0EBA76-D0A8-491C-BE4E-490A66B27B5E}"
EndProject
Project("{8BC9CEB8-8B4A-11D0-8D11-00A0C91BC942}") = "Bai091", "Bai091\Bai091.vcxproj", "{EE66BF54-E008-4FE3-8922-551150E0D348}"
EndProject
Project("{8BC9CEB8-8B4A-11D0-8D11-00A0C91BC942}") = "Bai096", "Bai096\Bai096.vcxproj", "{134ADC3A-5746-460F-8105-BAF06082B75D}"
EndProject
Project("{8BC9CEB8-8B4A-11D0-8D11-00A0C91BC942}") = "Bai101", "Bai101\Bai101.vcxproj", "{CF52B617-54D0-401F-8104-1F9B82A4127D}"
EndProject
Project("{8BC9CEB8-8B4A-11D0-8D11-00A0C91BC942}") = "Bai106", "Bai106\Bai106.vcxproj", "{BDC3F76D-79B4-49F7-9A8C-CE0B4D9F00DC}"
EndProject
Project("{8BC9CEB8-8B4A-11D0-8D11-00A0C91BC942}") = "Bai111", "Bai111\Bai111.vcxproj", "{24053F0A-819D-47B6-8132-09B653130DAD}"
EndProject
Project("{8BC9CEB8-8B4A-11D0-8D11-00A0C91BC942}") = "Bai116", "Bai116\Bai116.vcxproj", "{EAB9B111-9209-4756-B27B-F0CE65952826}"
EndProject
Project("{8BC9CEB8-8B4A-11D0-8D11-00A0C91BC942}") = "Bai121", "Bai121\Bai121.vcxproj", "{6290A552-0B6A-491D-A25E-9CD0D484E68E}"
EndProject
Project("{8BC9CEB8-8B4A-11D0-8D11-00A0C91BC942}") = "Bai126", "Bai126\Bai126.vcxproj", "{C937C44A-B0F2-40B2-8AEE-64CF812BCA29}"
EndProject
Project("{8BC9CEB8-8B4A-11D0-8D11-00A0C91BC942}") = "Bai131", "Bai131\Bai131.vcxproj", "{6FB1F027-5CFD-4AB4-AE9E-AD6AA7F08068}"
EndProject
Project("{8BC9CEB8-8B4A-11D0-8D11-00A0C91BC942}") = "Bai136", "Bai136\Bai136.vcxproj", "{CCB827F9-C38A-4F7C-AD49-80190CE133E6}"
EndProject
Project("{8BC9CEB8-8B4A-11D0-8D11-00A0C91BC942}") = "Bai141", "Bai141\Bai141.vcxproj", "{F6B6D7D0-6318-4D1B-A405-D98781FE5383}"
EndProject
Project("{8BC9CEB8-8B4A-11D0-8D11-00A0C91BC942}") = "Bai146", "Bai146\Bai146.vcxproj", "{091A0DB3-D43B-42B7-A161-6D37B8C15CE5}"
EndProject
Project("{8BC9CEB8-8B4A-11D0-8D11-00A0C91BC942}") = "Bai151", "Bai151\Bai151.vcxproj", "{6EAB2972-5594-44CA-8B7C-68D21199BDC4}"
EndProject
Project("{8BC9CEB8-8B4A-11D0-8D11-00A0C91BC942}") = "Bai156", "Bai156\Bai156.vcxproj", "{7ADE07CB-2D03-4117-AA19-0AC49636A366}"
EndProject
Project("{8BC9CEB8-8B4A-11D0-8D11-00A0C91BC942}") = "Bai161", "Bai161\Bai161.vcxproj", "{F623EAEB-440C-4B3F-BAA6-3326C2AAFED7}"
EndProject
Project("{8BC9CEB8-8B4A-11D0-8D11-00A0C91BC942}") = "Bai166", "Bai166\Bai166.vcxproj", "{59F70E91-CEA2-4099-AE2B-BD108CA704DC}"
EndProject
Project("{8BC9CEB8-8B4A-11D0-8D11-00A0C91BC942}") = "Bai171", "Bai171\Bai171.vcxproj", "{48354D17-E4EE-43E8-BD32-63768B9244E3}"
EndProject
Project("{8BC9CEB8-8B4A-11D0-8D11-00A0C91BC942}") = "Bai176", "Bai176\Bai176.vcxproj", "{7F452194-3EB5-487F-991A-0DA950C01E08}"
EndProject
Project("{8BC9CEB8-8B4A-11D0-8D11-00A0C91BC942}") = "Bai181", "Bai181\Bai181.vcxproj", "{28D11E0E-83FA-4D4F-BA0B-33C10A452C84}"
EndProject
Project("{8BC9CEB8-8B4A-11D0-8D11-00A0C91BC942}") = "Bai196", "Bai196\Bai196.vcxproj", "{9EA8FE02-3FEB-486E-8619-E10905340926}"
EndProject
Project("{8BC9CEB8-8B4A-11D0-8D11-00A0C91BC942}") = "Bai201", "Bai201\Bai201.vcxproj", "{88E5A421-1701-4420-B60D-B39E7DC9987A}"
EndProject
Project("{8BC9CEB8-8B4A-11D0-8D11-00A0C91BC942}") = "Bai206", "Bai206\Bai206.vcxproj", "{B4AF76A5-82D7-4827-A1F1-654D312797AF}"
EndProject
Project("{8BC9CEB8-8B4A-11D0-8D11-00A0C91BC942}") = "Bai211", "Bai211\Bai211.vcxproj", "{12A86778-3F36-4FB5-8094-FD51302A39DE}"
EndProject
Project("{8BC9CEB8-8B4A-11D0-8D11-00A0C91BC942}") = "Bai216", "Bai216\Bai216.vcxproj", "{B8C4290B-6FF9-4B75-93B7-83AFC9E26902}"
EndProject
Project("{8BC9CEB8-8B4A-11D0-8D11-00A0C91BC942}") = "Bai221", "Bai221\Bai221.vcxproj", "{9045C33C-A602-471C-A097-B6DF2B89E40F}"
EndProject
Project("{8BC9CEB8-8B4A-11D0-8D11-00A0C91BC942}") = "Bai226", "Bai226\Bai226.vcxproj", "{23A69184-B9D0-4F3D-A948-9E2F6429881C}"
EndProject
Project("{8BC9CEB8-8B4A-11D0-8D11-00A0C91BC942}") = "Bai231", "Bai231\Bai231.vcxproj", "{552264EB-858A-4F8A-B1BF-778D9A49491D}"
EndProject
Project("{8BC9CEB8-8B4A-11D0-8D11-00A0C91BC942}") = "Bai236", "Bai236\Bai236.vcxproj", "{8A6877EC-1B24-45AC-8003-9BB96D246F41}"
EndProject
Project("{8BC9CEB8-8B4A-11D0-8D11-00A0C91BC942}") = "Bai241", "Bai241\Bai241.vcxproj", "{EF3C7199-3FCF-4087-AD91-82BF08D132B8}"
EndProject
Project("{8BC9CEB8-8B4A-11D0-8D11-00A0C91BC942}") = "Bai246", "Bai246\Bai246.vcxproj", "{37F6C3CC-15CB-49A2-B881-F0C966E86369}"
EndProject
Project("{8BC9CEB8-8B4A-11D0-8D11-00A0C91BC942}") = "Bai251", "Bai251\Bai251.vcxproj", "{977E8A13-CCC2-4231-A498-6C628A2ED999}"
EndProject
Project("{8BC9CEB8-8B4A-11D0-8D11-00A0C91BC942}") = "Bai256", "Bai256\Bai256.vcxproj", "{859DDDBD-55AC-4C64-BFC1-F51156A0BA8C}"
EndProject
Project("{8BC9CEB8-8B4A-11D0-8D11-00A0C91BC942}") = "Bai261", "Bai261\Bai261.vcxproj", "{581D783C-D57F-4F2D-A401-A0DFD9729054}"
EndProject
Project("{8BC9CEB8-8B4A-11D0-8D11-00A0C91BC942}") = "Bai266", "Bai266\Bai266.vcxproj", "{0C4884C1-3033-49A6-B29A-59C964BA194F}"
EndProject
Project("{8BC9CEB8-8B4A-11D0-8D11-00A0C91BC942}") = "Bai271", "Bai271\Bai271.vcxproj", "{B1034D22-7EA2-484A-A953-6226D69013E7}"
EndProject
Project("{8BC9CEB8-8B4A-11D0-8D11-00A0C91BC942}") = "Bai276", "Bai276\Bai276.vcxproj", "{BD061668-4102-41A3-B4E1-0DB787AD42B2}"
EndProject
Project("{8BC9CEB8-8B4A-11D0-8D11-00A0C91BC942}") = "Bai281", "Bai281\Bai281.vcxproj", "{135D4F25-3274-4D64-B453-54540174D570}"
EndProject
Project("{8BC9CEB8-8B4A-11D0-8D11-00A0C91BC942}") = "Bai286", "Bai286\Bai286.vcxproj", "{BFA80FBC-20D8-42C9-A1CF-E1C2828301E4}"
EndProject
Project("{8BC9CEB8-8B4A-11D0-8D11-00A0C91BC942}") = "Bai186", "Bai186\Bai186.vcxproj", "{9A782D01-5DDF-4AD9-9350-71E5A388D7C1}"
EndProject
Project("{8BC9CEB8-8B4A-11D0-8D11-00A0C91BC942}") = "Bai191", "Bai191\Bai191.vcxproj", "{5B3FDD0D-2AB2-4342-8C3C-4EC2EB87CACE}"
EndProject
Global
	GlobalSection(SolutionConfigurationPlatforms) = preSolution
		Debug|x64 = Debug|x64
		Debug|x86 = Debug|x86
		Release|x64 = Release|x64
		Release|x86 = Release|x86
	EndGlobalSection
	GlobalSection(ProjectConfigurationPlatforms) = postSolution
		{4EE98C7B-A2FA-43CB-83DD-3F71445880E5}.Debug|x64.ActiveCfg = Debug|x64
		{4EE98C7B-A2FA-43CB-83DD-3F71445880E5}.Debug|x64.Build.0 = Debug|x64
		{4EE98C7B-A2FA-43CB-83DD-3F71445880E5}.Debug|x86.ActiveCfg = Debug|Win32
		{4EE98C7B-A2FA-43CB-83DD-3F71445880E5}.Debug|x86.Build.0 = Debug|Win32
		{4EE98C7B-A2FA-43CB-83DD-3F71445880E5}.Release|x64.ActiveCfg = Release|x64
		{4EE98C7B-A2FA-43CB-83DD-3F71445880E5}.Release|x64.Build.0 = Release|x64
		{4EE98C7B-A2FA-43CB-83DD-3F71445880E5}.Release|x86.ActiveCfg = Release|Win32
		{4EE98C7B-A2FA-43CB-83DD-3F71445880E5}.Release|x86.Build.0 = Release|Win32
		{09CBEFB5-210C-4889-A793-FCB1D5590CC0}.Debug|x64.ActiveCfg = Debug|x64
		{09CBEFB5-210C-4889-A793-FCB1D5590CC0}.Debug|x64.Build.0 = Debug|x64
		{09CBEFB5-210C-4889-A793-FCB1D5590CC0}.Debug|x86.ActiveCfg = Debug|Win32
		{09CBEFB5-210C-4889-A793-FCB1D5590CC0}.Debug|x86.Build.0 = Debug|Win32
		{09CBEFB5-210C-4889-A793-FCB1D5590CC0}.Release|x64.ActiveCfg = Release|x64
		{09CBEFB5-210C-4889-A793-FCB1D5590CC0}.Release|x64.Build.0 = Release|x64
		{09CBEFB5-210C-4889-A793-FCB1D5590CC0}.Release|x86.ActiveCfg = Release|Win32
		{09CBEFB5-210C-4889-A793-FCB1D5590CC0}.Release|x86.Build.0 = Release|Win32
		{ADE6204E-3706-4D31-9A46-EFC37364105D}.Debug|x64.ActiveCfg = Debug|x64
		{ADE6204E-3706-4D31-9A46-EFC37364105D}.Debug|x64.Build.0 = Debug|x64
		{ADE6204E-3706-4D31-9A46-EFC37364105D}.Debug|x86.ActiveCfg = Debug|Win32
		{ADE6204E-3706-4D31-9A46-EFC37364105D}.Debug|x86.Build.0 = Debug|Win32
		{ADE6204E-3706-4D31-9A46-EFC37364105D}.Release|x64.ActiveCfg = Release|x64
		{ADE6204E-3706-4D31-9A46-EFC37364105D}.Release|x64.Build.0 = Release|x64
		{ADE6204E-3706-4D31-9A46-EFC37364105D}.Release|x86.ActiveCfg = Release|Win32
		{ADE6204E-3706-4D31-9A46-EFC37364105D}.Release|x86.Build.0 = Release|Win32
		{4605A40E-9355-4EC8-A5DD-DE4ECD5C3915}.Debug|x64.ActiveCfg = Debug|x64
		{4605A40E-9355-4EC8-A5DD-DE4ECD5C3915}.Debug|x64.Build.0 = Debug|x64
		{4605A40E-9355-4EC8-A5DD-DE4ECD5C3915}.Debug|x86.ActiveCfg = Debug|Win32
		{4605A40E-9355-4EC8-A5DD-DE4ECD5C3915}.Debug|x86.Build.0 = Debug|Win32
		{4605A40E-9355-4EC8-A5DD-DE4ECD5C3915}.Release|x64.ActiveCfg = Release|x64
		{4605A40E-9355-4EC8-A5DD-DE4ECD5C3915}.Release|x64.Build.0 = Release|x64
		{4605A40E-9355-4EC8-A5DD-DE4ECD5C3915}.Release|x86.ActiveCfg = Release|Win32
		{4605A40E-9355-4EC8-A5DD-DE4ECD5C3915}.Release|x86.Build.0 = Release|Win32
		{5927C1C9-A3B4-4F47-A282-D7197AA9F084}.Debug|x64.ActiveCfg = Debug|x64
		{5927C1C9-A3B4-4F47-A282-D7197AA9F084}.Debug|x64.Build.0 = Debug|x64
		{5927C1C9-A3B4-4F47-A282-D7197AA9F084}.Debug|x86.ActiveCfg = Debug|Win32
		{5927C1C9-A3B4-4F47-A282-D7197AA9F084}.Debug|x86.Build.0 = Debug|Win32
		{5927C1C9-A3B4-4F47-A282-D7197AA9F084}.Release|x64.ActiveCfg = Release|x64
		{5927C1C9-A3B4-4F47-A282-D7197AA9F084}.Release|x64.Build.0 = Release|x64
		{5927C1C9-A3B4-4F47-A282-D7197AA9F084}.Release|x86.ActiveCfg = Release|Win32
		{5927C1C9-A3B4-4F47-A282-D7197AA9F084}.Release|x86.Build.0 = Release|Win32
		{CEF026D3-C2EA-4F57-A084-C035D7731138}.Debug|x64.ActiveCfg = Debug|x64
		{CEF026D3-C2EA-4F57-A084-C035D7731138}.Debug|x64.Build.0 = Debug|x64
		{CEF026D3-C2EA-4F57-A084-C035D7731138}.Debug|x86.ActiveCfg = Debug|Win32
		{CEF026D3-C2EA-4F57-A084-C035D7731138}.Debug|x86.Build.0 = Debug|Win32
		{CEF026D3-C2EA-4F57-A084-C035D7731138}.Release|x64.ActiveCfg = Release|x64
		{CEF026D3-C2EA-4F57-A084-C035D7731138}.Release|x64.Build.0 = Release|x64
		{CEF026D3-C2EA-4F57-A084-C035D7731138}.Release|x86.ActiveCfg = Release|Win32
		{CEF026D3-C2EA-4F57-A084-C035D7731138}.Release|x86.Build.0 = Release|Win32
		{044A4D66-4B74-4BC3-B4D1-17CF8B6AF51A}.Debug|x64.ActiveCfg = Debug|x64
		{044A4D66-4B74-4BC3-B4D1-17CF8B6AF51A}.Debug|x64.Build.0 = Debug|x64
		{044A4D66-4B74-4BC3-B4D1-17CF8B6AF51A}.Debug|x86.ActiveCfg = Debug|Win32
		{044A4D66-4B74-4BC3-B4D1-17CF8B6AF51A}.Debug|x86.Build.0 = Debug|Win32
		{044A4D66-4B74-4BC3-B4D1-17CF8B6AF51A}.Release|x64.ActiveCfg = Release|x64
		{044A4D66-4B74-4BC3-B4D1-17CF8B6AF51A}.Release|x64.Build.0 = Release|x64
		{044A4D66-4B74-4BC3-B4D1-17CF8B6AF51A}.Release|x86.ActiveCfg = Release|Win32
		{044A4D66-4B74-4BC3-B4D1-17CF8B6AF51A}.Release|x86.Build.0 = Release|Win32
		{FA52CDCB-599C-4B0C-8F9E-8F8B8E5F472F}.Debug|x64.ActiveCfg = Debug|x64
		{FA52CDCB-599C-4B0C-8F9E-8F8B8E5F472F}.Debug|x64.Build.0 = Debug|x64
		{FA52CDCB-599C-4B0C-8F9E-8F8B8E5F472F}.Debug|x86.ActiveCfg = Debug|Win32
		{FA52CDCB-599C-4B0C-8F9E-8F8B8E5F472F}.Debug|x86.Build.0 = Debug|Win32
		{FA52CDCB-599C-4B0C-8F9E-8F8B8E5F472F}.Release|x64.ActiveCfg = Release|x64
		{FA52CDCB-599C-4B0C-8F9E-8F8B8E5F472F}.Release|x64.Build.0 = Release|x64
		{FA52CDCB-599C-4B0C-8F9E-8F8B8E5F472F}.Release|x86.ActiveCfg = Release|Win32
		{FA52CDCB-599C-4B0C-8F9E-8F8B8E5F472F}.Release|x86.Build.0 = Release|Win32
		{A4728FCF-FF72-4BFF-BD8E-C342B150E38A}.Debug|x64.ActiveCfg = Debug|x64
		{A4728FCF-FF72-4BFF-BD8E-C342B150E38A}.Debug|x64.Build.0 = Debug|x64
		{A4728FCF-FF72-4BFF-BD8E-C342B150E38A}.Debug|x86.ActiveCfg = Debug|Win32
		{A4728FCF-FF72-4BFF-BD8E-C342B150E38A}.Debug|x86.Build.0 = Debug|Win32
		{A4728FCF-FF72-4BFF-BD8E-C342B150E38A}.Release|x64.ActiveCfg = Release|x64
		{A4728FCF-FF72-4BFF-BD8E-C342B150E38A}.Release|x64.Build.0 = Release|x64
		{A4728FCF-FF72-4BFF-BD8E-C342B150E38A}.Release|x86.ActiveCfg = Release|Win32
		{A4728FCF-FF72-4BFF-BD8E-C342B150E38A}.Release|x86.Build.0 = Release|Win32
		{56820962-DA18-40FA-AAC9-673362908B38}.Debug|x64.ActiveCfg = Debug|x64
		{56820962-DA18-40FA-AAC9-673362908B38}.Debug|x64.Build.0 = Debug|x64
		{56820962-DA18-40FA-AAC9-673362908B38}.Debug|x86.ActiveCfg = Debug|Win32
		{56820962-DA18-40FA-AAC9-673362908B38}.Debug|x86.Build.0 = Debug|Win32
		{56820962-DA18-40FA-AAC9-673362908B38}.Release|x64.ActiveCfg = Release|x64
		{56820962-DA18-40FA-AAC9-673362908B38}.Release|x64.Build.0 = Release|x64
		{56820962-DA18-40FA-AAC9-673362908B38}.Release|x86.ActiveCfg = Release|Win32
		{56820962-DA18-40FA-AAC9-673362908B38}.Release|x86.Build.0 = Release|Win32
		{27168BE8-BBF3-44B9-BC18-28C6C32AE6A5}.Debug|x64.ActiveCfg = Debug|x64
		{27168BE8-BBF3-44B9-BC18-28C6C32AE6A5}.Debug|x64.Build.0 = Debug|x64
		{27168BE8-BBF3-44B9-BC18-28C6C32AE6A5}.Debug|x86.ActiveCfg = Debug|Win32
		{27168BE8-BBF3-44B9-BC18-28C6C32AE6A5}.Debug|x86.Build.0 = Debug|Win32
		{27168BE8-BBF3-44B9-BC18-28C6C32AE6A5}.Release|x64.ActiveCfg = Release|x64
		{27168BE8-BBF3-44B9-BC18-28C6C32AE6A5}.Release|x64.Build.0 = Release|x64
		{27168BE8-BBF3-44B9-BC18-28C6C32AE6A5}.Release|x86.ActiveCfg = Release|Win32
		{27168BE8-BBF3-44B9-BC18-28C6C32AE6A5}.Release|x86.Build.0 = Release|Win32
		{8DB9FCF7-DCAA-46FB-A433-33BCBF34B564}.Debug|x64.ActiveCfg = Debug|x64
		{8DB9FCF7-DCAA-46FB-A433-33BCBF34B564}.Debug|x64.Build.0 = Debug|x64
		{8DB9FCF7-DCAA-46FB-A433-33BCBF34B564}.Debug|x86.ActiveCfg = Debug|Win32
		{8DB9FCF7-DCAA-46FB-A433-33BCBF34B564}.Debug|x86.Build.0 = Debug|Win32
		{8DB9FCF7-DCAA-46FB-A433-33BCBF34B564}.Release|x64.ActiveCfg = Release|x64
		{8DB9FCF7-DCAA-46FB-A433-33BCBF34B564}.Release|x64.Build.0 = Release|x64
		{8DB9FCF7-DCAA-46FB-A433-33BCBF34B564}.Release|x86.ActiveCfg = Release|Win32
		{8DB9FCF7-DCAA-46FB-A433-33BCBF34B564}.Release|x86.Build.0 = Release|Win32
		{41290B79-9CC1-4196-8D89-F1D41B797398}.Debug|x64.ActiveCfg = Debug|x64
		{41290B79-9CC1-4196-8D89-F1D41B797398}.Debug|x64.Build.0 = Debug|x64
		{41290B79-9CC1-4196-8D89-F1D41B797398}.Debug|x86.ActiveCfg = Debug|Win32
		{41290B79-9CC1-4196-8D89-F1D41B797398}.Debug|x86.Build.0 = Debug|Win32
		{41290B79-9CC1-4196-8D89-F1D41B797398}.Release|x64.ActiveCfg = Release|x64
		{41290B79-9CC1-4196-8D89-F1D41B797398}.Release|x64.Build.0 = Release|x64
		{41290B79-9CC1-4196-8D89-F1D41B797398}.Release|x86.ActiveCfg = Release|Win32
		{41290B79-9CC1-4196-8D89-F1D41B797398}.Release|x86.Build.0 = Release|Win32
		{18A2DE03-3F3B-48FF-8D09-F39A11EBC869}.Debug|x64.ActiveCfg = Debug|x64
		{18A2DE03-3F3B-48FF-8D09-F39A11EBC869}.Debug|x64.Build.0 = Debug|x64
		{18A2DE03-3F3B-48FF-8D09-F39A11EBC869}.Debug|x86.ActiveCfg = Debug|Win32
		{18A2DE03-3F3B-48FF-8D09-F39A11EBC869}.Debug|x86.Build.0 = Debug|Win32
		{18A2DE03-3F3B-48FF-8D09-F39A11EBC869}.Release|x64.ActiveCfg = Release|x64
		{18A2DE03-3F3B-48FF-8D09-F39A11EBC869}.Release|x64.Build.0 = Release|x64
		{18A2DE03-3F3B-48FF-8D09-F39A11EBC869}.Release|x86.ActiveCfg = Release|Win32
		{18A2DE03-3F3B-48FF-8D09-F39A11EBC869}.Release|x86.Build.0 = Release|Win32
		{FE2E83D1-F6B2-4F41-A679-44801C123D40}.Debug|x64.ActiveCfg = Debug|x64
		{FE2E83D1-F6B2-4F41-A679-44801C123D40}.Debug|x64.Build.0 = Debug|x64
		{FE2E83D1-F6B2-4F41-A679-44801C123D40}.Debug|x86.ActiveCfg = Debug|Win32
		{FE2E83D1-F6B2-4F41-A679-44801C123D40}.Debug|x86.Build.0 = Debug|Win32
		{FE2E83D1-F6B2-4F41-A679-44801C123D40}.Release|x64.ActiveCfg = Release|x64
		{FE2E83D1-F6B2-4F41-A679-44801C123D40}.Release|x64.Build.0 = Release|x64
		{FE2E83D1-F6B2-4F41-A679-44801C123D40}.Release|x86.ActiveCfg = Release|Win32
		{FE2E83D1-F6B2-4F41-A679-44801C123D40}.Release|x86.Build.0 = Release|Win32
		{F4048F69-0927-4903-9C24-0761353007AC}.Debug|x64.ActiveCfg = Debug|x64
		{F4048F69-0927-4903-9C24-0761353007AC}.Debug|x64.Build.0 = Debug|x64
		{F4048F69-0927-4903-9C24-0761353007AC}.Debug|x86.ActiveCfg = Debug|Win32
		{F4048F69-0927-4903-9C24-0761353007AC}.Debug|x86.Build.0 = Debug|Win32
		{F4048F69-0927-4903-9C24-0761353007AC}.Release|x64.ActiveCfg = Release|x64
		{F4048F69-0927-4903-9C24-0761353007AC}.Release|x64.Build.0 = Release|x64
		{F4048F69-0927-4903-9C24-0761353007AC}.Release|x86.ActiveCfg = Release|Win32
		{F4048F69-0927-4903-9C24-0761353007AC}.Release|x86.Build.0 = Release|Win32
		{63DF3C8B-8EAC-4B55-9B3C-3B7DB89D075C}.Debug|x64.ActiveCfg = Debug|x64
		{63DF3C8B-8EAC-4B55-9B3C-3B7DB89D075C}.Debug|x64.Build.0 = Debug|x64
		{63DF3C8B-8EAC-4B55-9B3C-3B7DB89D075C}.Debug|x86.ActiveCfg = Debug|Win32
		{63DF3C8B-8EAC-4B55-9B3C-3B7DB89D075C}.Debug|x86.Build.0 = Debug|Win32
		{63DF3C8B-8EAC-4B55-9B3C-3B7DB89D075C}.Release|x64.ActiveCfg = Release|x64
		{63DF3C8B-8EAC-4B55-9B3C-3B7DB89D075C}.Release|x64.Build.0 = Release|x64
		{63DF3C8B-8EAC-4B55-9B3C-3B7DB89D075C}.Release|x86.ActiveCfg = Release|Win32
		{63DF3C8B-8EAC-4B55-9B3C-3B7DB89D075C}.Release|x86.Build.0 = Release|Win32
		{FC0EBA76-D0A8-491C-BE4E-490A66B27B5E}.Debug|x64.ActiveCfg = Debug|x64
		{FC0EBA76-D0A8-491C-BE4E-490A66B27B5E}.Debug|x64.Build.0 = Debug|x64
		{FC0EBA76-D0A8-491C-BE4E-490A66B27B5E}.Debug|x86.ActiveCfg = Debug|Win32
		{FC0EBA76-D0A8-491C-BE4E-490A66B27B5E}.Debug|x86.Build.0 = Debug|Win32
		{FC0EBA76-D0A8-491C-BE4E-490A66B27B5E}.Release|x64.ActiveCfg = Release|x64
		{FC0EBA76-D0A8-491C-BE4E-490A66B27B5E}.Release|x64.Build.0 = Release|x64
		{FC0EBA76-D0A8-491C-BE4E-490A66B27B5E}.Release|x86.ActiveCfg = Release|Win32
		{FC0EBA76-D0A8-491C-BE4E-490A66B27B5E}.Release|x86.Build.0 = Release|Win32
		{EE66BF54-E008-4FE3-8922-551150E0D348}.Debug|x64.ActiveCfg = Debug|x64
		{EE66BF54-E008-4FE3-8922-551150E0D348}.Debug|x64.Build.0 = Debug|x64
		{EE66BF54-E008-4FE3-8922-551150E0D348}.Debug|x86.ActiveCfg = Debug|Win32
		{EE66BF54-E008-4FE3-8922-551150E0D348}.Debug|x86.Build.0 = Debug|Win32
		{EE66BF54-E008-4FE3-8922-551150E0D348}.Release|x64.ActiveCfg = Release|x64
		{EE66BF54-E008-4FE3-8922-551150E0D348}.Release|x64.Build.0 = Release|x64
		{EE66BF54-E008-4FE3-8922-551150E0D348}.Release|x86.ActiveCfg = Release|Win32
		{EE66BF54-E008-4FE3-8922-551150E0D348}.Release|x86.Build.0 = Release|Win32
		{134ADC3A-5746-460F-8105-BAF06082B75D}.Debug|x64.ActiveCfg = Debug|x64
		{134ADC3A-5746-460F-8105-BAF06082B75D}.Debug|x64.Build.0 = Debug|x64
		{134ADC3A-5746-460F-8105-BAF06082B75D}.Debug|x86.ActiveCfg = Debug|Win32
		{134ADC3A-5746-460F-8105-BAF06082B75D}.Debug|x86.Build.0 = Debug|Win32
		{134ADC3A-5746-460F-8105-BAF06082B75D}.Release|x64.ActiveCfg = Release|x64
		{134ADC3A-5746-460F-8105-BAF06082B75D}.Release|x64.Build.0 = Release|x64
		{134ADC3A-5746-460F-8105-BAF06082B75D}.Release|x86.ActiveCfg = Release|Win32
		{134ADC3A-5746-460F-8105-BAF06082B75D}.Release|x86.Build.0 = Release|Win32
		{CF52B617-54D0-401F-8104-1F9B82A4127D}.Debug|x64.ActiveCfg = Debug|x64
		{CF52B617-54D0-401F-8104-1F9B82A4127D}.Debug|x64.Build.0 = Debug|x64
		{CF52B617-54D0-401F-8104-1F9B82A4127D}.Debug|x86.ActiveCfg = Debug|Win32
		{CF52B617-54D0-401F-8104-1F9B82A4127D}.Debug|x86.Build.0 = Debug|Win32
		{CF52B617-54D0-401F-8104-1F9B82A4127D}.Release|x64.ActiveCfg = Release|x64
		{CF52B617-54D0-401F-8104-1F9B82A4127D}.Release|x64.Build.0 = Release|x64
		{CF52B617-54D0-401F-8104-1F9B82A4127D}.Release|x86.ActiveCfg = Release|Win32
		{CF52B617-54D0-401F-8104-1F9B82A4127D}.Release|x86.Build.0 = Release|Win32
		{BDC3F76D-79B4-49F7-9A8C-CE0B4D9F00DC}.Debug|x64.ActiveCfg = Debug|x64
		{BDC3F76D-79B4-49F7-9A8C-CE0B4D9F00DC}.Debug|x64.Build.0 = Debug|x64
		{BDC3F76D-79B4-49F7-9A8C-CE0B4D9F00DC}.Debug|x86.ActiveCfg = Debug|Win32
		{BDC3F76D-79B4-49F7-9A8C-CE0B4D9F00DC}.Debug|x86.Build.0 = Debug|Win32
		{BDC3F76D-79B4-49F7-9A8C-CE0B4D9F00DC}.Release|x64.ActiveCfg = Release|x64
		{BDC3F76D-79B4-49F7-9A8C-CE0B4D9F00DC}.Release|x64.Build.0 = Release|x64
		{BDC3F76D-79B4-49F7-9A8C-CE0B4D9F00DC}.Release|x86.ActiveCfg = Release|Win32
		{BDC3F76D-79B4-49F7-9A8C-CE0B4D9F00DC}.Release|x86.Build.0 = Release|Win32
		{24053F0A-819D-47B6-8132-09B653130DAD}.Debug|x64.ActiveCfg = Debug|x64
		{24053F0A-819D-47B6-8132-09B653130DAD}.Debug|x64.Build.0 = Debug|x64
		{24053F0A-819D-47B6-8132-09B653130DAD}.Debug|x86.ActiveCfg = Debug|Win32
		{24053F0A-819D-47B6-8132-09B653130DAD}.Debug|x86.Build.0 = Debug|Win32
		{24053F0A-819D-47B6-8132-09B653130DAD}.Release|x64.ActiveCfg = Release|x64
		{24053F0A-819D-47B6-8132-09B653130DAD}.Release|x64.Build.0 = Release|x64
		{24053F0A-819D-47B6-8132-09B653130DAD}.Release|x86.ActiveCfg = Release|Win32
		{24053F0A-819D-47B6-8132-09B653130DAD}.Release|x86.Build.0 = Release|Win32
		{EAB9B111-9209-4756-B27B-F0CE65952826}.Debug|x64.ActiveCfg = Debug|x64
		{EAB9B111-9209-4756-B27B-F0CE65952826}.Debug|x64.Build.0 = Debug|x64
		{EAB9B111-9209-4756-B27B-F0CE65952826}.Debug|x86.ActiveCfg = Debug|Win32
		{EAB9B111-9209-4756-B27B-F0CE65952826}.Debug|x86.Build.0 = Debug|Win32
		{EAB9B111-9209-4756-B27B-F0CE65952826}.Release|x64.ActiveCfg = Release|x64
		{EAB9B111-9209-4756-B27B-F0CE65952826}.Release|x64.Build.0 = Release|x64
		{EAB9B111-9209-4756-B27B-F0CE65952826}.Release|x86.ActiveCfg = Release|Win32
		{EAB9B111-9209-4756-B27B-F0CE65952826}.Release|x86.Build.0 = Release|Win32
		{6290A552-0B6A-491D-A25E-9CD0D484E68E}.Debug|x64.ActiveCfg = Debug|x64
		{6290A552-0B6A-491D-A25E-9CD0D484E68E}.Debug|x64.Build.0 = Debug|x64
		{6290A552-0B6A-491D-A25E-9CD0D484E68E}.Debug|x86.ActiveCfg = Debug|Win32
		{6290A552-0B6A-491D-A25E-9CD0D484E68E}.Debug|x86.Build.0 = Debug|Win32
		{6290A552-0B6A-491D-A25E-9CD0D484E68E}.Release|x64.ActiveCfg = Release|x64
		{6290A552-0B6A-491D-A25E-9CD0D484E68E}.Release|x64.Build.0 = Release|x64
		{6290A552-0B6A-491D-A25E-9CD0D484E68E}.Release|x86.ActiveCfg = Release|Win32
		{6290A552-0B6A-491D-A25E-9CD0D484E68E}.Release|x86.Build.0 = Release|Win32
		{C937C44A-B0F2-40B2-8AEE-64CF812BCA29}.Debug|x64.ActiveCfg = Debug|x64
		{C937C44A-B0F2-40B2-8AEE-64CF812BCA29}.Debug|x64.Build.0 = Debug|x64
		{C937C44A-B0F2-40B2-8AEE-64CF812BCA29}.Debug|x86.ActiveCfg = Debug|Win32
		{C937C44A-B0F2-40B2-8AEE-64CF812BCA29}.Debug|x86.Build.0 = Debug|Win32
		{C937C44A-B0F2-40B2-8AEE-64CF812BCA29}.Release|x64.ActiveCfg = Release|x64
		{C937C44A-B0F2-40B2-8AEE-64CF812BCA29}.Release|x64.Build.0 = Release|x64
		{C937C44A-B0F2-40B2-8AEE-64CF812BCA29}.Release|x86.ActiveCfg = Release|Win32
		{C937C44A-B0F2-40B2-8AEE-64CF812BCA29}.Release|x86.Build.0 = Release|Win32
		{6FB1F027-5CFD-4AB4-AE9E-AD6AA7F08068}.Debug|x64.ActiveCfg = Debug|x64
		{6FB1F027-5CFD-4AB4-AE9E-AD6AA7F08068}.Debug|x64.Build.0 = Debug|x64
		{6FB1F027-5CFD-4AB4-AE9E-AD6AA7F08068}.Debug|x86.ActiveCfg = Debug|Win32
		{6FB1F027-5CFD-4AB4-AE9E-AD6AA7F08068}.Debug|x86.Build.0 = Debug|Win32
		{6FB1F027-5CFD-4AB4-AE9E-AD6AA7F08068}.Release|x64.ActiveCfg = Release|x64
		{6FB1F027-5CFD-4AB4-AE9E-AD6AA7F08068}.Release|x64.Build.0 = Release|x64
		{6FB1F027-5CFD-4AB4-AE9E-AD6AA7F08068}.Release|x86.ActiveCfg = Release|Win32
		{6FB1F027-5CFD-4AB4-AE9E-AD6AA7F08068}.Release|x86.Build.0 = Release|Win32
		{CCB827F9-C38A-4F7C-AD49-80190CE133E6}.Debug|x64.ActiveCfg = Debug|x64
		{CCB827F9-C38A-4F7C-AD49-80190CE133E6}.Debug|x64.Build.0 = Debug|x64
		{CCB827F9-C38A-4F7C-AD49-80190CE133E6}.Debug|x86.ActiveCfg = Debug|Win32
		{CCB827F9-C38A-4F7C-AD49-80190CE133E6}.Debug|x86.Build.0 = Debug|Win32
		{CCB827F9-C38A-4F7C-AD49-80190CE133E6}.Release|x64.ActiveCfg = Release|x64
		{CCB827F9-C38A-4F7C-AD49-80190CE133E6}.Release|x64.Build.0 = Release|x64
		{CCB827F9-C38A-4F7C-AD49-80190CE133E6}.Release|x86.ActiveCfg = Release|Win32
		{CCB827F9-C38A-4F7C-AD49-80190CE133E6}.Release|x86.Build.0 = Release|Win32
		{F6B6D7D0-6318-4D1B-A405-D98781FE5383}.Debug|x64.ActiveCfg = Debug|x64
		{F6B6D7D0-6318-4D1B-A405-D98781FE5383}.Debug|x64.Build.0 = Debug|x64
		{F6B6D7D0-6318-4D1B-A405-D98781FE5383}.Debug|x86.ActiveCfg = Debug|Win32
		{F6B6D7D0-6318-4D1B-A405-D98781FE5383}.Debug|x86.Build.0 = Debug|Win32
		{F6B6D7D0-6318-4D1B-A405-D98781FE5383}.Release|x64.ActiveCfg = Release|x64
		{F6B6D7D0-6318-4D1B-A405-D98781FE5383}.Release|x64.Build.0 = Release|x64
		{F6B6D7D0-6318-4D1B-A405-D98781FE5383}.Release|x86.ActiveCfg = Release|Win32
		{F6B6D7D0-6318-4D1B-A405-D98781FE5383}.Release|x86.Build.0 = Release|Win32
		{091A0DB3-D43B-42B7-A161-6D37B8C15CE5}.Debug|x64.ActiveCfg = Debug|x64
		{091A0DB3-D43B-42B7-A161-6D37B8C15CE5}.Debug|x64.Build.0 = Debug|x64
		{091A0DB3-D43B-42B7-A161-6D37B8C15CE5}.Debug|x86.ActiveCfg = Debug|Win32
		{091A0DB3-D43B-42B7-A161-6D37B8C15CE5}.Debug|x86.Build.0 = Debug|Win32
		{091A0DB3-D43B-42B7-A161-6D37B8C15CE5}.Release|x64.ActiveCfg = Release|x64
		{091A0DB3-D43B-42B7-A161-6D37B8C15CE5}.Release|x64.Build.0 = Release|x64
		{091A0DB3-D43B-42B7-A161-6D37B8C15CE5}.Release|x86.ActiveCfg = Release|Win32
		{091A0DB3-D43B-42B7-A161-6D37B8C15CE5}.Release|x86.Build.0 = Release|Win32
		{6EAB2972-5594-44CA-8B7C-68D21199BDC4}.Debug|x64.ActiveCfg = Debug|x64
		{6EAB2972-5594-44CA-8B7C-68D21199BDC4}.Debug|x64.Build.0 = Debug|x64
		{6EAB2972-5594-44CA-8B7C-68D21199BDC4}.Debug|x86.ActiveCfg = Debug|Win32
		{6EAB2972-5594-44CA-8B7C-68D21199BDC4}.Debug|x86.Build.0 = Debug|Win32
		{6EAB2972-5594-44CA-8B7C-68D21199BDC4}.Release|x64.ActiveCfg = Release|x64
		{6EAB2972-5594-44CA-8B7C-68D21199BDC4}.Release|x64.Build.0 = Release|x64
		{6EAB2972-5594-44CA-8B7C-68D21199BDC4}.Release|x86.ActiveCfg = Release|Win32
		{6EAB2972-5594-44CA-8B7C-68D21199BDC4}.Release|x86.Build.0 = Release|Win32
		{7ADE07CB-2D03-4117-AA19-0AC49636A366}.Debug|x64.ActiveCfg = Debug|x64
		{7ADE07CB-2D03-4117-AA19-0AC49636A366}.Debug|x64.Build.0 = Debug|x64
		{7ADE07CB-2D03-4117-AA19-0AC49636A366}.Debug|x86.ActiveCfg = Debug|Win32
		{7ADE07CB-2D03-4117-AA19-0AC49636A366}.Debug|x86.Build.0 = Debug|Win32
		{7ADE07CB-2D03-4117-AA19-0AC49636A366}.Release|x64.ActiveCfg = Release|x64
		{7ADE07CB-2D03-4117-AA19-0AC49636A366}.Release|x64.Build.0 = Release|x64
		{7ADE07CB-2D03-4117-AA19-0AC49636A366}.Release|x86.ActiveCfg = Release|Win32
		{7ADE07CB-2D03-4117-AA19-0AC49636A366}.Release|x86.Build.0 = Release|Win32
		{F623EAEB-440C-4B3F-BAA6-3326C2AAFED7}.Debug|x64.ActiveCfg = Debug|x64
		{F623EAEB-440C-4B3F-BAA6-3326C2AAFED7}.Debug|x64.Build.0 = Debug|x64
		{F623EAEB-440C-4B3F-BAA6-3326C2AAFED7}.Debug|x86.ActiveCfg = Debug|Win32
		{F623EAEB-440C-4B3F-BAA6-3326C2AAFED7}.Debug|x86.Build.0 = Debug|Win32
		{F623EAEB-440C-4B3F-BAA6-3326C2AAFED7}.Release|x64.ActiveCfg = Release|x64
		{F623EAEB-440C-4B3F-BAA6-3326C2AAFED7}.Release|x64.Build.0 = Release|x64
		{F623EAEB-440C-4B3F-BAA6-3326C2AAFED7}.Release|x86.ActiveCfg = Release|Win32
		{F623EAEB-440C-4B3F-BAA6-3326C2AAFED7}.Release|x86.Build.0 = Release|Win32
		{59F70E91-CEA2-4099-AE2B-BD108CA704DC}.Debug|x64.ActiveCfg = Debug|x64
		{59F70E91-CEA2-4099-AE2B-BD108CA704DC}.Debug|x64.Build.0 = Debug|x64
		{59F70E91-CEA2-4099-AE2B-BD108CA704DC}.Debug|x86.ActiveCfg = Debug|Win32
		{59F70E91-CEA2-4099-AE2B-BD108CA704DC}.Debug|x86.Build.0 = Debug|Win32
		{59F70E91-CEA2-4099-AE2B-BD108CA704DC}.Release|x64.ActiveCfg = Release|x64
		{59F70E91-CEA2-4099-AE2B-BD108CA704DC}.Release|x64.Build.0 = Release|x64
		{59F70E91-CEA2-4099-AE2B-BD108CA704DC}.Release|x86.ActiveCfg = Release|Win32
		{59F70E91-CEA2-4099-AE2B-BD108CA704DC}.Release|x86.Build.0 = Release|Win32
		{48354D17-E4EE-43E8-BD32-63768B9244E3}.Debug|x64.ActiveCfg = Debug|x64
		{48354D17-E4EE-43E8-BD32-63768B9244E3}.Debug|x64.Build.0 = Debug|x64
		{48354D17-E4EE-43E8-BD32-63768B9244E3}.Debug|x86.ActiveCfg = Debug|Win32
		{48354D17-E4EE-43E8-BD32-63768B9244E3}.Debug|x86.Build.0 = Debug|Win32
		{48354D17-E4EE-43E8-BD32-63768B9244E3}.Release|x64.ActiveCfg = Release|x64
		{48354D17-E4EE-43E8-BD32-63768B9244E3}.Release|x64.Build.0 = Release|x64
		{48354D17-E4EE-43E8-BD32-63768B9244E3}.Release|x86.ActiveCfg = Release|Win32
		{48354D17-E4EE-43E8-BD32-63768B9244E3}.Release|x86.Build.0 = Release|Win32
		{7F452194-3EB5-487F-991A-0DA950C01E08}.Debug|x64.ActiveCfg = Debug|x64
		{7F452194-3EB5-487F-991A-0DA950C01E08}.Debug|x64.Build.0 = Debug|x64
		{7F452194-3EB5-487F-991A-0DA950C01E08}.Debug|x86.ActiveCfg = Debug|Win32
		{7F452194-3EB5-487F-991A-0DA950C01E08}.Debug|x86.Build.0 = Debug|Win32
		{7F452194-3EB5-487F-991A-0DA950C01E08}.Release|x64.ActiveCfg = Release|x64
		{7F452194-3EB5-487F-991A-0DA950C01E08}.Release|x64.Build.0 = Release|x64
		{7F452194-3EB5-487F-991A-0DA950C01E08}.Release|x86.ActiveCfg = Release|Win32
		{7F452194-3EB5-487F-991A-0DA950C01E08}.Release|x86.Build.0 = Release|Win32
		{28D11E0E-83FA-4D4F-BA0B-33C10A452C84}.Debug|x64.ActiveCfg = Debug|x64
		{28D11E0E-83FA-4D4F-BA0B-33C10A452C84}.Debug|x64.Build.0 = Debug|x64
		{28D11E0E-83FA-4D4F-BA0B-33C10A452C84}.Debug|x86.ActiveCfg = Debug|Win32
		{28D11E0E-83FA-4D4F-BA0B-33C10A452C84}.Debug|x86.Build.0 = Debug|Win32
		{28D11E0E-83FA-4D4F-BA0B-33C10A452C84}.Release|x64.ActiveCfg = Release|x64
		{28D11E0E-83FA-4D4F-BA0B-33C10A452C84}.Release|x64.Build.0 = Release|x64
		{28D11E0E-83FA-4D4F-BA0B-33C10A452C84}.Release|x86.ActiveCfg = Release|Win32
		{28D11E0E-83FA-4D4F-BA0B-33C10A452C84}.Release|x86.Build.0 = Release|Win32
		{9EA8FE02-3FEB-486E-8619-E10905340926}.Debug|x64.ActiveCfg = Debug|x64
		{9EA8FE02-3FEB-486E-8619-E10905340926}.Debug|x64.Build.0 = Debug|x64
		{9EA8FE02-3FEB-486E-8619-E10905340926}.Debug|x86.ActiveCfg = Debug|Win32
		{9EA8FE02-3FEB-486E-8619-E10905340926}.Debug|x86.Build.0 = Debug|Win32
		{9EA8FE02-3FEB-486E-8619-E10905340926}.Release|x64.ActiveCfg = Release|x64
		{9EA8FE02-3FEB-486E-8619-E10905340926}.Release|x64.Build.0 = Release|x64
		{9EA8FE02-3FEB-486E-8619-E10905340926}.Release|x86.ActiveCfg = Release|Win32
		{9EA8FE02-3FEB-486E-8619-E10905340926}.Release|x86.Build.0 = Release|Win32
		{88E5A421-1701-4420-B60D-B39E7DC9987A}.Debug|x64.ActiveCfg = Debug|x64
		{88E5A421-1701-4420-B60D-B39E7DC9987A}.Debug|x64.Build.0 = Debug|x64
		{88E5A421-1701-4420-B60D-B39E7DC9987A}.Debug|x86.ActiveCfg = Debug|Win32
		{88E5A421-1701-4420-B60D-B39E7DC9987A}.Debug|x86.Build.0 = Debug|Win32
		{88E5A421-1701-4420-B60D-B39E7DC9987A}.Release|x64.ActiveCfg = Release|x64
		{88E5A421-1701-4420-B60D-B39E7DC9987A}.Release|x64.Build.0 = Release|x64
		{88E5A421-1701-4420-B60D-B39E7DC9987A}.Release|x86.ActiveCfg = Release|Win32
		{88E5A421-1701-4420-B60D-B39E7DC9987A}.Release|x86.Build.0 = Release|Win32
		{B4AF76A5-82D7-4827-A1F1-654D312797AF}.Debug|x64.ActiveCfg = Debug|x64
		{B4AF76A5-82D7-4827-A1F1-654D312797AF}.Debug|x64.Build.0 = Debug|x64
		{B4AF76A5-82D7-4827-A1F1-654D312797AF}.Debug|x86.ActiveCfg = Debug|Win32
		{B4AF76A5-82D7-4827-A1F1-654D312797AF}.Debug|x86.Build.0 = Debug|Win32
		{B4AF76A5-82D7-4827-A1F1-654D312797AF}.Release|x64.ActiveCfg = Release|x64
		{B4AF76A5-82D7-4827-A1F1-654D312797AF}.Release|x64.Build.0 = Release|x64
		{B4AF76A5-82D7-4827-A1F1-654D312797AF}.Release|x86.ActiveCfg = Release|Win32
		{B4AF76A5-82D7-4827-A1F1-654D312797AF}.Release|x86.Build.0 = Release|Win32
		{12A86778-3F36-4FB5-8094-FD51302A39DE}.Debug|x64.ActiveCfg = Debug|x64
		{12A86778-3F36-4FB5-8094-FD51302A39DE}.Debug|x64.Build.0 = Debug|x64
		{12A86778-3F36-4FB5-8094-FD51302A39DE}.Debug|x86.ActiveCfg = Debug|Win32
		{12A86778-3F36-4FB5-8094-FD51302A39DE}.Debug|x86.Build.0 = Debug|Win32
		{12A86778-3F36-4FB5-8094-FD51302A39DE}.Release|x64.ActiveCfg = Release|x64
		{12A86778-3F36-4FB5-8094-FD51302A39DE}.Release|x64.Build.0 = Release|x64
		{12A86778-3F36-4FB5-8094-FD51302A39DE}.Release|x86.ActiveCfg = Release|Win32
		{12A86778-3F36-4FB5-8094-FD51302A39DE}.Release|x86.Build.0 = Release|Win32
		{B8C4290B-6FF9-4B75-93B7-83AFC9E26902}.Debug|x64.ActiveCfg = Debug|x64
		{B8C4290B-6FF9-4B75-93B7-83AFC9E26902}.Debug|x64.Build.0 = Debug|x64
		{B8C4290B-6FF9-4B75-93B7-83AFC9E26902}.Debug|x86.ActiveCfg = Debug|Win32
		{B8C4290B-6FF9-4B75-93B7-83AFC9E26902}.Debug|x86.Build.0 = Debug|Win32
		{B8C4290B-6FF9-4B75-93B7-83AFC9E26902}.Release|x64.ActiveCfg = Release|x64
		{B8C4290B-6FF9-4B75-93B7-83AFC9E26902}.Release|x64.Build.0 = Release|x64
		{B8C4290B-6FF9-4B75-93B7-83AFC9E26902}.Release|x86.ActiveCfg = Release|Win32
		{B8C4290B-6FF9-4B75-93B7-83AFC9E26902}.Release|x86.Build.0 = Release|Win32
		{9045C33C-A602-471C-A097-B6DF2B89E40F}.Debug|x64.ActiveCfg = Debug|x64
		{9045C33C-A602-471C-A097-B6DF2B89E40F}.Debug|x64.Build.0 = Debug|x64
		{9045C33C-A602-471C-A097-B6DF2B89E40F}.Debug|x86.ActiveCfg = Debug|Win32
		{9045C33C-A602-471C-A097-B6DF2B89E40F}.Debug|x86.Build.0 = Debug|Win32
		{9045C33C-A602-471C-A097-B6DF2B89E40F}.Release|x64.ActiveCfg = Release|x64
		{9045C33C-A602-471C-A097-B6DF2B89E40F}.Release|x64.Build.0 = Release|x64
		{9045C33C-A602-471C-A097-B6DF2B89E40F}.Release|x86.ActiveCfg = Release|Win32
		{9045C33C-A602-471C-A097-B6DF2B89E40F}.Release|x86.Build.0 = Release|Win32
		{23A69184-B9D0-4F3D-A948-9E2F6429881C}.Debug|x64.ActiveCfg = Debug|x64
		{23A69184-B9D0-4F3D-A948-9E2F6429881C}.Debug|x64.Build.0 = Debug|x64
		{23A69184-B9D0-4F3D-A948-9E2F6429881C}.Debug|x86.ActiveCfg = Debug|Win32
		{23A69184-B9D0-4F3D-A948-9E2F6429881C}.Debug|x86.Build.0 = Debug|Win32
		{23A69184-B9D0-4F3D-A948-9E2F6429881C}.Release|x64.ActiveCfg = Release|x64
		{23A69184-B9D0-4F3D-A948-9E2F6429881C}.Release|x64.Build.0 = Release|x64
		{23A69184-B9D0-4F3D-A948-9E2F6429881C}.Release|x86.ActiveCfg = Release|Win32
		{23A69184-B9D0-4F3D-A948-9E2F6429881C}.Release|x86.Build.0 = Release|Win32
		{552264EB-858A-4F8A-B1BF-778D9A49491D}.Debug|x64.ActiveCfg = Debug|x64
		{552264EB-858A-4F8A-B1BF-778D9A49491D}.Debug|x64.Build.0 = Debug|x64
		{552264EB-858A-4F8A-B1BF-778D9A49491D}.Debug|x86.ActiveCfg = Debug|Win32
		{552264EB-858A-4F8A-B1BF-778D9A49491D}.Debug|x86.Build.0 = Debug|Win32
		{552264EB-858A-4F8A-B1BF-778D9A49491D}.Release|x64.ActiveCfg = Release|x64
		{552264EB-858A-4F8A-B1BF-778D9A49491D}.Release|x64.Build.0 = Release|x64
		{552264EB-858A-4F8A-B1BF-778D9A49491D}.Release|x86.ActiveCfg = Release|Win32
		{552264EB-858A-4F8A-B1BF-778D9A49491D}.Release|x86.Build.0 = Release|Win32
		{8A6877EC-1B24-45AC-8003-9BB96D246F41}.Debug|x64.ActiveCfg = Debug|x64
		{8A6877EC-1B24-45AC-8003-9BB96D246F41}.Debug|x64.Build.0 = Debug|x64
		{8A6877EC-1B24-45AC-8003-9BB96D246F41}.Debug|x86.ActiveCfg = Debug|Win32
		{8A6877EC-1B24-45AC-8003-9BB96D246F41}.Debug|x86.Build.0 = Debug|Win32
		{8A6877EC-1B24-45AC-8003-9BB96D246F41}.Release|x64.ActiveCfg = Release|x64
		{8A6877EC-1B24-45AC-8003-9BB96D246F41}.Release|x64.Build.0 = Release|x64
		{8A6877EC-1B24-45AC-8003-9BB96D246F41}.Release|x86.ActiveCfg = Release|Win32
		{8A6877EC-1B24-45AC-8003-9BB96D246F41}.Release|x86.Build.0 = Release|Win32
		{EF3C7199-3FCF-4087-AD91-82BF08D132B8}.Debug|x64.ActiveCfg = Debug|x64
		{EF3C7199-3FCF-4087-AD91-82BF08D132B8}.Debug|x64.Build.0 = Debug|x64
		{EF3C7199-3FCF-4087-AD91-82BF08D132B8}.Debug|x86.ActiveCfg = Debug|Win32
		{EF3C7199-3FCF-4087-AD91-82BF08D132B8}.Debug|x86.Build.0 = Debug|Win32
		{EF3C7199-3FCF-4087-AD91-82BF08D132B8}.Release|x64.ActiveCfg = Release|x64
		{EF3C7199-3FCF-4087-AD91-82BF08D132B8}.Release|x64.Build.0 = Release|x64
		{EF3C7199-3FCF-4087-AD91-82BF08D132B8}.Release|x86.ActiveCfg = Release|Win32
		{EF3C7199-3FCF-4087-AD91-82BF08D132B8}.Release|x86.Build.0 = Release|Win32
		{37F6C3CC-15CB-49A2-B881-F0C966E86369}.Debug|x64.ActiveCfg = Debug|x64
		{37F6C3CC-15CB-49A2-B881-F0C966E86369}.Debug|x64.Build.0 = Debug|x64
		{37F6C3CC-15CB-49A2-B881-F0C966E86369}.Debug|x86.ActiveCfg = Debug|Win32
		{37F6C3CC-15CB-49A2-B881-F0C966E86369}.Debug|x86.Build.0 = Debug|Win32
		{37F6C3CC-15CB-49A2-B881-F0C966E86369}.Release|x64.ActiveCfg = Release|x64
		{37F6C3CC-15CB-49A2-B881-F0C966E86369}.Release|x64.Build.0 = Release|x64
		{37F6C3CC-15CB-49A2-B881-F0C966E86369}.Release|x86.ActiveCfg = Release|Win32
		{37F6C3CC-15CB-49A2-B881-F0C966E86369}.Release|x86.Build.0 = Release|Win32
		{977E8A13-CCC2-4231-A498-6C628A2ED999}.Debug|x64.ActiveCfg = Debug|x64
		{977E8A13-CCC2-4231-A498-6C628A2ED999}.Debug|x64.Build.0 = Debug|x64
		{977E8A13-CCC2-4231-A498-6C628A2ED999}.Debug|x86.ActiveCfg = Debug|Win32
		{977E8A13-CCC2-4231-A498-6C628A2ED999}.Debug|x86.Build.0 = Debug|Win32
		{977E8A13-CCC2-4231-A498-6C628A2ED999}.Release|x64.ActiveCfg = Release|x64
		{977E8A13-CCC2-4231-A498-6C628A2ED999}.Release|x64.Build.0 = Release|x64
		{977E8A13-CCC2-4231-A498-6C628A2ED999}.Release|x86.ActiveCfg = Release|Win32
		{977E8A13-CCC2-4231-A498-6C628A2ED999}.Release|x86.Build.0 = Release|Win32
		{859DDDBD-55AC-4C64-BFC1-F51156A0BA8C}.Debug|x64.ActiveCfg = Debug|x64
		{859DDDBD-55AC-4C64-BFC1-F51156A0BA8C}.Debug|x64.Build.0 = Debug|x64
		{859DDDBD-55AC-4C64-BFC1-F51156A0BA8C}.Debug|x86.ActiveCfg = Debug|Win32
		{859DDDBD-55AC-4C64-BFC1-F51156A0BA8C}.Debug|x86.Build.0 = Debug|Win32
		{859DDDBD-55AC-4C64-BFC1-F51156A0BA8C}.Release|x64.ActiveCfg = Release|x64
		{859DDDBD-55AC-4C64-BFC1-F51156A0BA8C}.Release|x64.Build.0 = Release|x64
		{859DDDBD-55AC-4C64-BFC1-F51156A0BA8C}.Release|x86.ActiveCfg = Release|Win32
		{859DDDBD-55AC-4C64-BFC1-F51156A0BA8C}.Release|x86.Build.0 = Release|Win32
		{581D783C-D57F-4F2D-A401-A0DFD9729054}.Debug|x64.ActiveCfg = Debug|x64
		{581D783C-D57F-4F2D-A401-A0DFD9729054}.Debug|x64.Build.0 = Debug|x64
		{581D783C-D57F-4F2D-A401-A0DFD9729054}.Debug|x86.ActiveCfg = Debug|Win32
		{581D783C-D57F-4F2D-A401-A0DFD9729054}.Debug|x86.Build.0 = Debug|Win32
		{581D783C-D57F-4F2D-A401-A0DFD9729054}.Release|x64.ActiveCfg = Release|x64
		{581D783C-D57F-4F2D-A401-A0DFD9729054}.Release|x64.Build.0 = Release|x64
		{581D783C-D57F-4F2D-A401-A0DFD9729054}.Release|x86.ActiveCfg = Release|Win32
		{581D783C-D57F-4F2D-A401-A0DFD9729054}.Release|x86.Build.0 = Release|Win32
		{0C4884C1-3033-49A6-B29A-59C964BA194F}.Debug|x64.ActiveCfg = Debug|x64
		{0C4884C1-3033-49A6-B29A-59C964BA194F}.Debug|x64.Build.0 = Debug|x64
		{0C4884C1-3033-49A6-B29A-59C964BA194F}.Debug|x86.ActiveCfg = Debug|Win32
		{0C4884C1-3033-49A6-B29A-59C964BA194F}.Debug|x86.Build.0 = Debug|Win32
		{0C4884C1-3033-49A6-B29A-59C964BA194F}.Release|x64.ActiveCfg = Release|x64
		{0C4884C1-3033-49A6-B29A-59C964BA194F}.Release|x64.Build.0 = Release|x64
		{0C4884C1-3033-49A6-B29A-59C964BA194F}.Release|x86.ActiveCfg = Release|Win32
		{0C4884C1-3033-49A6-B29A-59C964BA194F}.Release|x86.Build.0 = Release|Win32
		{B1034D22-7EA2-484A-A953-6226D69013E7}.Debug|x64.ActiveCfg = Debug|x64
		{B1034D22-7EA2-484A-A953-6226D69013E7}.Debug|x64.Build.0 = Debug|x64
		{B1034D22-7EA2-484A-A953-6226D69013E7}.Debug|x86.ActiveCfg = Debug|Win32
		{B1034D22-7EA2-484A-A953-6226D69013E7}.Debug|x86.Build.0 = Debug|Win32
		{B1034D22-7EA2-484A-A953-6226D69013E7}.Release|x64.ActiveCfg = Release|x64
		{B1034D22-7EA2-484A-A953-6226D69013E7}.Release|x64.Build.0 = Release|x64
		{B1034D22-7EA2-484A-A953-6226D69013E7}.Release|x86.ActiveCfg = Release|Win32
		{B1034D22-7EA2-484A-A953-6226D69013E7}.Release|x86.Build.0 = Release|Win32
		{BD061668-4102-41A3-B4E1-0DB787AD42B2}.Debug|x64.ActiveCfg = Debug|x64
		{BD061668-4102-41A3-B4E1-0DB787AD42B2}.Debug|x64.Build.0 = Debug|x64
		{BD061668-4102-41A3-B4E1-0DB787AD42B2}.Debug|x86.ActiveCfg = Debug|Win32
		{BD061668-4102-41A3-B4E1-0DB787AD42B2}.Debug|x86.Build.0 = Debug|Win32
		{BD061668-4102-41A3-B4E1-0DB787AD42B2}.Release|x64.ActiveCfg = Release|x64
		{BD061668-4102-41A3-B4E1-0DB787AD42B2}.Release|x64.Build.0 = Release|x64
		{BD061668-4102-41A3-B4E1-0DB787AD42B2}.Release|x86.ActiveCfg = Release|Win32
		{BD061668-4102-41A3-B4E1-0DB787AD42B2}.Release|x86.Build.0 = Release|Win32
		{135D4F25-3274-4D64-B453-54540174D570}.Debug|x64.ActiveCfg = Debug|x64
		{135D4F25-3274-4D64-B453-54540174D570}.Debug|x64.Build.0 = Debug|x64
		{135D4F25-3274-4D64-B453-54540174D570}.Debug|x86.ActiveCfg = Debug|Win32
		{135D4F25-3274-4D64-B453-54540174D570}.Debug|x86.Build.0 = Debug|Win32
		{135D4F25-3274-4D64-B453-54540174D570}.Release|x64.ActiveCfg = Release|x64
		{135D4F25-3274-4D64-B453-54540174D570}.Release|x64.Build.0 = Release|x64
		{135D4F25-3274-4D64-B453-54540174D570}.Release|x86.ActiveCfg = Release|Win32
		{135D4F25-3274-4D64-B453-54540174D570}.Release|x86.Build.0 = Release|Win32
		{BFA80FBC-20D8-42C9-A1CF-E1C2828301E4}.Debug|x64.ActiveCfg = Debug|x64
		{BFA80FBC-20D8-42C9-A1CF-E1C2828301E4}.Debug|x64.Build.0 = Debug|x64
		{BFA80FBC-20D8-42C9-A1CF-E1C2828301E4}.Debug|x86.ActiveCfg = Debug|Win32
		{BFA80FBC-20D8-42C9-A1CF-E1C2828301E4}.Debug|x86.Build.0 = Debug|Win32
		{BFA80FBC-20D8-42C9-A1CF-E1C2828301E4}.Release|x64.ActiveCfg = Release|x64
		{BFA80FBC-20D8-42C9-A1CF-E1C2828301E4}.Release|x64.Build.0 = Release|x64
		{BFA80FBC-20D8-42C9-A1CF-E1C2828301E4}.Release|x86.ActiveCfg = Release|Win32
		{BFA80FBC-20D8-42C9-A1CF-E1C2828301E4}.Release|x86.Build.0 = Release|Win32
		{9A782D01-5DDF-4AD9-9350-71E5A388D7C1}.Debug|x64.ActiveCfg = Debug|x64
		{9A782D01-5DDF-4AD9-9350-71E5A388D7C1}.Debug|x64.Build.0 = Debug|x64
		{9A782D01-5DDF-4AD9-9350-71E5A388D7C1}.Debug|x86.ActiveCfg = Debug|Win32
		{9A782D01-5DDF-4AD9-9350-71E5A388D7C1}.Debug|x86.Build.0 = Debug|Win32
		{9A782D01-5DDF-4AD9-9350-71E5A388D7C1}.Release|x64.ActiveCfg = Release|x64
		{9A782D01-5DDF-4AD9-9350-71E5A388D7C1}.Release|x64.Build.0 = Release|x64
		{9A782D01-5DDF-4AD9-9350-71E5A388D7C1}.Release|x86.ActiveCfg = Release|Win32
		{9A782D01-5DDF-4AD9-9350-71E5A388D7C1}.Release|x86.Build.0 = Release|Win32
		{5B3FDD0D-2AB2-4342-8C3C-4EC2EB87CACE}.Debug|x64.ActiveCfg = Debug|x64
		{5B3FDD0D-2AB2-4342-8C3C-4EC2EB87CACE}.Debug|x64.Build.0 = Debug|x64
		{5B3FDD0D-2AB2-4342-8C3C-4EC2EB87CACE}.Debug|x86.ActiveCfg = Debug|Win32
		{5B3FDD0D-2AB2-4342-8C3C-4EC2EB87CACE}.Debug|x86.Build.0 = Debug|Win32
		{5B3FDD0D-2AB2-4342-8C3C-4EC2EB87CACE}.Release|x64.ActiveCfg = Release|x64
		{5B3FDD0D-2AB2-4342-8C3C-4EC2EB87CACE}.Release|x64.Build.0 = Release|x64
		{5B3FDD0D-2AB2-4342-8C3C-4EC2EB87CACE}.Release|x86.ActiveCfg = Release|Win32
		{5B3FDD0D-2AB2-4342-8C3C-4EC2EB87CACE}.Release|x86.Build.0 = Release|Win32
	EndGlobalSection
	GlobalSection(SolutionProperties) = preSolution
		HideSolutionNode = FALSE
	EndGlobalSection
	GlobalSection(ExtensibilityGlobals) = postSolution
		SolutionGuid = {2BA8AB6E-CF72-441C-A31D-D29A1AA0F773}
	EndGlobalSection
EndGlobal
