
Microsoft Visual Studio Solution File, Format Version 12.00
# Visual Studio Version 17
VisualStudioVersion = 17.7.34031.279
MinimumVisualStudioVersion = 10.0.40219.1
Project("{8BC9CEB8-8B4A-11D0-8D11-00A0C91BC942}") = "Bai003", "Bai003\Bai003.vcxproj", "{C7B58080-53D9-4513-B2FC-36B812227AAA}"
EndProject
Project("{8BC9CEB8-8B4A-11D0-8D11-00A0C91BC942}") = "Bai008", "Bai008\Bai008.vcxproj", "{7A9B3B50-DB6E-44FA-863B-0D7A7BD7177D}"
EndProject
Project("{8BC9CEB8-8B4A-11D0-8D11-00A0C91BC942}") = "Bai013", "Bai013\Bai013.vcxproj", "{9D8E946F-C83D-442F-B4F7-A08CDB3A82DE}"
EndProject
Project("{8BC9CEB8-8B4A-11D0-8D11-00A0C91BC942}") = "Bai018", "Bai018\Bai018.vcxproj", "{C808D2D5-5CAB-43E6-BF89-A41378BCB0E2}"
EndProject
Project("{8BC9CEB8-8B4A-11D0-8D11-00A0C91BC942}") = "Bai023", "Bai023\Bai023.vcxproj", "{AD22E2F9-E45E-4790-9C97-98987A12B260}"
EndProject
Project("{8BC9CEB8-8B4A-11D0-8D11-00A0C91BC942}") = "Bai028", "Bai028\Bai028.vcxproj", "{12CDE60B-2EC4-4B22-A15E-B6670859CD1F}"
EndProject
Project("{8BC9CEB8-8B4A-11D0-8D11-00A0C91BC942}") = "Bai033", "Bai033\Bai033.vcxproj", "{888955C2-FFFF-4E95-8624-2E7A863C0413}"
EndProject
Project("{8BC9CEB8-8B4A-11D0-8D11-00A0C91BC942}") = "Bai038", "Bai038\Bai038.vcxproj", "{11D7E7EE-DF4B-4FD0-A701-78190940A5C4}"
EndProject
Project("{8BC9CEB8-8B4A-11D0-8D11-00A0C91BC942}") = "Bai043", "Bai043\Bai043.vcxproj", "{7F56C735-751A-48CF-9322-C25FF1DC619C}"
EndProject
Project("{8BC9CEB8-8B4A-11D0-8D11-00A0C91BC942}") = "Bai048", "Bai048\Bai048.vcxproj", "{1B27A745-ED7D-4DF9-9C93-977C9F3EFE6B}"
EndProject
Project("{8BC9CEB8-8B4A-11D0-8D11-00A0C91BC942}") = "Bai053", "Bai053\Bai053.vcxproj", "{48E89855-A6E7-45D3-A4C8-EF00AA7BFCD0}"
EndProject
Project("{8BC9CEB8-8B4A-11D0-8D11-00A0C91BC942}") = "Bai058", "Bai058\Bai058.vcxproj", "{8F3CE2FF-BCCF-4C66-B3B4-3B904839E813}"
EndProject
Project("{8BC9CEB8-8B4A-11D0-8D11-00A0C91BC942}") = "Bai063", "Bai063\Bai063.vcxproj", "{E59DDEA8-122E-4FCA-8746-99DEC9E9F057}"
EndProject
Project("{8BC9CEB8-8B4A-11D0-8D11-00A0C91BC942}") = "Bai068", "Bai068\Bai068.vcxproj", "{4EEE93F8-9B3F-40A7-9C96-A36293A1570E}"
EndProject
Project("{8BC9CEB8-8B4A-11D0-8D11-00A0C91BC942}") = "Bai073", "Bai073\Bai073.vcxproj", "{870D6585-1F49-4F0B-8FAC-F3ECF4AD202C}"
EndProject
Project("{8BC9CEB8-8B4A-11D0-8D11-00A0C91BC942}") = "Bai078", "Bai078\Bai078.vcxproj", "{B7EC0DC6-B0F8-4EAC-95E6-E673066A7F46}"
EndProject
Project("{8BC9CEB8-8B4A-11D0-8D11-00A0C91BC942}") = "Bai083", "Bai083\Bai083.vcxproj", "{9FC581EF-76B3-4685-A6AC-4DE45376522D}"
EndProject
Project("{8BC9CEB8-8B4A-11D0-8D11-00A0C91BC942}") = "Bai088", "Bai088\Bai088.vcxproj", "{A661EF68-68A2-4F33-873E-03457174C9DB}"
EndProject
Project("{8BC9CEB8-8B4A-11D0-8D11-00A0C91BC942}") = "Bai093", "Bai093\Bai093.vcxproj", "{6C98FF7F-BB3F-42BE-9B14-EC0DF2053CAE}"
EndProject
Project("{8BC9CEB8-8B4A-11D0-8D11-00A0C91BC942}") = "Bai098", "Bai098\Bai098.vcxproj", "{92F3BAD9-47E3-4504-83B3-65FC3A88A102}"
EndProject
Project("{8BC9CEB8-8B4A-11D0-8D11-00A0C91BC942}") = "Bai103", "Bai103\Bai103.vcxproj", "{ADC40B8B-6173-4B6B-AB70-9D9B229BCEC9}"
EndProject
Project("{8BC9CEB8-8B4A-11D0-8D11-00A0C91BC942}") = "Bai108", "Bai108\Bai108.vcxproj", "{C4E00978-BB5A-4CD4-B15F-F0EBE50EF4A8}"
EndProject
Project("{8BC9CEB8-8B4A-11D0-8D11-00A0C91BC942}") = "Bai113", "Bai113\Bai113.vcxproj", "{E296A529-95BA-4126-A0A4-B177BE804D26}"
EndProject
Project("{8BC9CEB8-8B4A-11D0-8D11-00A0C91BC942}") = "Bai118", "Bai118\Bai118.vcxproj", "{03AEF076-3DCA-498A-B3AA-BBB750D78E1E}"
EndProject
Project("{8BC9CEB8-8B4A-11D0-8D11-00A0C91BC942}") = "Bai123", "Bai123\Bai123.vcxproj", "{B3C0A470-B8F2-46DB-953E-0279C40A37DE}"
EndProject
Project("{8BC9CEB8-8B4A-11D0-8D11-00A0C91BC942}") = "Bai128", "Bai128\Bai128.vcxproj", "{CF60EFE7-8D45-404D-BA57-D105D728598D}"
EndProject
Project("{8BC9CEB8-8B4A-11D0-8D11-00A0C91BC942}") = "Bai133", "Bai133\Bai133.vcxproj", "{C05ED03C-F08F-46A4-8361-AE70F4710EB1}"
EndProject
Project("{8BC9CEB8-8B4A-11D0-8D11-00A0C91BC942}") = "Bai138", "Bai138\Bai138.vcxproj", "{2138A2B0-1598-4851-B986-A3FB0B3EF493}"
EndProject
Project("{8BC9CEB8-8B4A-11D0-8D11-00A0C91BC942}") = "Bai143", "Bai143\Bai143.vcxproj", "{C504EBF3-120B-42C6-9F5A-C5C207F9EF7A}"
EndProject
Project("{8BC9CEB8-8B4A-11D0-8D11-00A0C91BC942}") = "Bai148", "Bai148\Bai148.vcxproj", "{3F06D095-14A3-415F-82F3-59BA1F6914D1}"
EndProject
Project("{8BC9CEB8-8B4A-11D0-8D11-00A0C91BC942}") = "Bai153", "Bai153\Bai153.vcxproj", "{C48C2C67-42DA-4272-9379-C80ECBB11C17}"
EndProject
Project("{8BC9CEB8-8B4A-11D0-8D11-00A0C91BC942}") = "Bai158", "Bai158\Bai158.vcxproj", "{91E0F4F9-A798-4C34-B133-592973F16EFE}"
EndProject
Project("{8BC9CEB8-8B4A-11D0-8D11-00A0C91BC942}") = "Bai163", "Bai163\Bai163.vcxproj", "{0904B29B-727A-4B6A-A050-32DD2C0A9041}"
EndProject
Project("{8BC9CEB8-8B4A-11D0-8D11-00A0C91BC942}") = "Bai168", "Bai168\Bai168.vcxproj", "{91A55DE0-38A9-412E-A25B-5D716DEFC3D7}"
EndProject
Project("{8BC9CEB8-8B4A-11D0-8D11-00A0C91BC942}") = "Bai173", "Bai173\Bai173.vcxproj", "{DAA0E27B-2814-4AB1-AA38-C3B2D0E2F4AA}"
EndProject
Project("{8BC9CEB8-8B4A-11D0-8D11-00A0C91BC942}") = "Bai178", "Bai178\Bai178.vcxproj", "{A2EBF78E-3239-481F-8F3C-DF1A03E2142B}"
EndProject
Project("{8BC9CEB8-8B4A-11D0-8D11-00A0C91BC942}") = "Bai183", "Bai183\Bai183.vcxproj", "{4B42FA9B-921C-4B58-8378-3E5B805B08FB}"
EndProject
Project("{8BC9CEB8-8B4A-11D0-8D11-00A0C91BC942}") = "Bai188", "Bai188\Bai188.vcxproj", "{CA483EAF-ACB1-489B-8C27-BB5B03D846E2}"
EndProject
Project("{8BC9CEB8-8B4A-11D0-8D11-00A0C91BC942}") = "Bai193", "Bai193\Bai193.vcxproj", "{EABA6D7C-8F8D-4562-BD08-B1748A846E96}"
EndProject
Project("{8BC9CEB8-8B4A-11D0-8D11-00A0C91BC942}") = "Bai198", "Bai198\Bai198.vcxproj", "{B830423C-CCDF-4BD3-8FEF-9AB0C0D33029}"
EndProject
Project("{8BC9CEB8-8B4A-11D0-8D11-00A0C91BC942}") = "Bai203", "Bai203\Bai203.vcxproj", "{6D93F3D1-A98A-4B76-8037-CA923CF99AA2}"
EndProject
Project("{8BC9CEB8-8B4A-11D0-8D11-00A0C91BC942}") = "Bai208", "Bai208\Bai208.vcxproj", "{7F4034F9-ACA2-4BA4-9105-CD0EA757B048}"
EndProject
Project("{8BC9CEB8-8B4A-11D0-8D11-00A0C91BC942}") = "Bai213", "Bai213\Bai213.vcxproj", "{211ABE8E-2D25-4C40-B196-F4A2783D7CC8}"
EndProject
Project("{8BC9CEB8-8B4A-11D0-8D11-00A0C91BC942}") = "Bai218", "Bai218\Bai218.vcxproj", "{E25854CE-B91E-47F7-8FC7-3ABB313786BE}"
EndProject
Project("{8BC9CEB8-8B4A-11D0-8D11-00A0C91BC942}") = "Bai223", "Bai223\Bai223.vcxproj", "{3268F05C-F6D6-483D-88B7-88EEADA68987}"
EndProject
Project("{8BC9CEB8-8B4A-11D0-8D11-00A0C91BC942}") = "Bai228", "Bai228\Bai228.vcxproj", "{4FCB0A54-8CEC-49AF-878D-CFBC9C8AE8DB}"
EndProject
Project("{8BC9CEB8-8B4A-11D0-8D11-00A0C91BC942}") = "Bai233", "Bai233\Bai233.vcxproj", "{39D53346-91F1-4532-AFE5-82B02CCC5590}"
EndProject
Project("{8BC9CEB8-8B4A-11D0-8D11-00A0C91BC942}") = "Bai238", "Bai238\Bai238.vcxproj", "{CD578AFE-8774-4F30-9375-926EEB9FE908}"
EndProject
Project("{8BC9CEB8-8B4A-11D0-8D11-00A0C91BC942}") = "Bai243", "Bai243\Bai243.vcxproj", "{A3A4B14B-8A3B-4BB0-9C9A-B1F551DB7341}"
EndProject
Project("{8BC9CEB8-8B4A-11D0-8D11-00A0C91BC942}") = "Bai248", "Bai248\Bai248.vcxproj", "{951B5E44-3E51-4B49-8527-B896B3DA65F0}"
EndProject
Project("{8BC9CEB8-8B4A-11D0-8D11-00A0C91BC942}") = "Bai253", "Bai253\Bai253.vcxproj", "{0715BB3E-C004-46E5-A838-5E1F140F615A}"
EndProject
Project("{8BC9CEB8-8B4A-11D0-8D11-00A0C91BC942}") = "Bai258", "Bai258\Bai258.vcxproj", "{55D949DB-708D-45AC-B4DA-BADFE3E1D2DF}"
EndProject
Project("{8BC9CEB8-8B4A-11D0-8D11-00A0C91BC942}") = "Bai263", "Bai263\Bai263.vcxproj", "{C53E990B-0EF6-474D-8441-A56BE42FF335}"
EndProject
Project("{8BC9CEB8-8B4A-11D0-8D11-00A0C91BC942}") = "Bai268", "Bai268\Bai268.vcxproj", "{C21A60A3-D7C9-401E-B37C-FDC8E6C3AB2E}"
EndProject
Project("{8BC9CEB8-8B4A-11D0-8D11-00A0C91BC942}") = "Bai273", "Bai273\Bai273.vcxproj", "{AB0139CE-7063-4FDF-84A9-D82F23142058}"
EndProject
Project("{8BC9CEB8-8B4A-11D0-8D11-00A0C91BC942}") = "Bai278", "Bai278\Bai278.vcxproj", "{D881F533-7400-4F44-8F25-DD9E2B0CCAD2}"
EndProject
Project("{8BC9CEB8-8B4A-11D0-8D11-00A0C91BC942}") = "Bai283", "Bai283\Bai283.vcxproj", "{F9774002-020C-413A-848A-798E5226ACEF}"
EndProject
Project("{8BC9CEB8-8B4A-11D0-8D11-00A0C91BC942}") = "Bai288", "Bai288\Bai288.vcxproj", "{274E892D-7A15-4F80-B6C5-8EE51156C5FE}"
EndProject
Global
	GlobalSection(SolutionConfigurationPlatforms) = preSolution
		Debug|x64 = Debug|x64
		Debug|x86 = Debug|x86
		Release|x64 = Release|x64
		Release|x86 = Release|x86
	EndGlobalSection
	GlobalSection(ProjectConfigurationPlatforms) = postSolution
		{C7B58080-53D9-4513-B2FC-36B812227AAA}.Debug|x64.ActiveCfg = Debug|x64
		{C7B58080-53D9-4513-B2FC-36B812227AAA}.Debug|x64.Build.0 = Debug|x64
		{C7B58080-53D9-4513-B2FC-36B812227AAA}.Debug|x86.ActiveCfg = Debug|Win32
		{C7B58080-53D9-4513-B2FC-36B812227AAA}.Debug|x86.Build.0 = Debug|Win32
		{C7B58080-53D9-4513-B2FC-36B812227AAA}.Release|x64.ActiveCfg = Release|x64
		{C7B58080-53D9-4513-B2FC-36B812227AAA}.Release|x64.Build.0 = Release|x64
		{C7B58080-53D9-4513-B2FC-36B812227AAA}.Release|x86.ActiveCfg = Release|Win32
		{C7B58080-53D9-4513-B2FC-36B812227AAA}.Release|x86.Build.0 = Release|Win32
		{7A9B3B50-DB6E-44FA-863B-0D7A7BD7177D}.Debug|x64.ActiveCfg = Debug|x64
		{7A9B3B50-DB6E-44FA-863B-0D7A7BD7177D}.Debug|x64.Build.0 = Debug|x64
		{7A9B3B50-DB6E-44FA-863B-0D7A7BD7177D}.Debug|x86.ActiveCfg = Debug|Win32
		{7A9B3B50-DB6E-44FA-863B-0D7A7BD7177D}.Debug|x86.Build.0 = Debug|Win32
		{7A9B3B50-DB6E-44FA-863B-0D7A7BD7177D}.Release|x64.ActiveCfg = Release|x64
		{7A9B3B50-DB6E-44FA-863B-0D7A7BD7177D}.Release|x64.Build.0 = Release|x64
		{7A9B3B50-DB6E-44FA-863B-0D7A7BD7177D}.Release|x86.ActiveCfg = Release|Win32
		{7A9B3B50-DB6E-44FA-863B-0D7A7BD7177D}.Release|x86.Build.0 = Release|Win32
		{9D8E946F-C83D-442F-B4F7-A08CDB3A82DE}.Debug|x64.ActiveCfg = Debug|x64
		{9D8E946F-C83D-442F-B4F7-A08CDB3A82DE}.Debug|x64.Build.0 = Debug|x64
		{9D8E946F-C83D-442F-B4F7-A08CDB3A82DE}.Debug|x86.ActiveCfg = Debug|Win32
		{9D8E946F-C83D-442F-B4F7-A08CDB3A82DE}.Debug|x86.Build.0 = Debug|Win32
		{9D8E946F-C83D-442F-B4F7-A08CDB3A82DE}.Release|x64.ActiveCfg = Release|x64
		{9D8E946F-C83D-442F-B4F7-A08CDB3A82DE}.Release|x64.Build.0 = Release|x64
		{9D8E946F-C83D-442F-B4F7-A08CDB3A82DE}.Release|x86.ActiveCfg = Release|Win32
		{9D8E946F-C83D-442F-B4F7-A08CDB3A82DE}.Release|x86.Build.0 = Release|Win32
		{C808D2D5-5CAB-43E6-BF89-A41378BCB0E2}.Debug|x64.ActiveCfg = Debug|x64
		{C808D2D5-5CAB-43E6-BF89-A41378BCB0E2}.Debug|x64.Build.0 = Debug|x64
		{C808D2D5-5CAB-43E6-BF89-A41378BCB0E2}.Debug|x86.ActiveCfg = Debug|Win32
		{C808D2D5-5CAB-43E6-BF89-A41378BCB0E2}.Debug|x86.Build.0 = Debug|Win32
		{C808D2D5-5CAB-43E6-BF89-A41378BCB0E2}.Release|x64.ActiveCfg = Release|x64
		{C808D2D5-5CAB-43E6-BF89-A41378BCB0E2}.Release|x64.Build.0 = Release|x64
		{C808D2D5-5CAB-43E6-BF89-A41378BCB0E2}.Release|x86.ActiveCfg = Release|Win32
		{C808D2D5-5CAB-43E6-BF89-A41378BCB0E2}.Release|x86.Build.0 = Release|Win32
		{AD22E2F9-E45E-4790-9C97-98987A12B260}.Debug|x64.ActiveCfg = Debug|x64
		{AD22E2F9-E45E-4790-9C97-98987A12B260}.Debug|x64.Build.0 = Debug|x64
		{AD22E2F9-E45E-4790-9C97-98987A12B260}.Debug|x86.ActiveCfg = Debug|Win32
		{AD22E2F9-E45E-4790-9C97-98987A12B260}.Debug|x86.Build.0 = Debug|Win32
		{AD22E2F9-E45E-4790-9C97-98987A12B260}.Release|x64.ActiveCfg = Release|x64
		{AD22E2F9-E45E-4790-9C97-98987A12B260}.Release|x64.Build.0 = Release|x64
		{AD22E2F9-E45E-4790-9C97-98987A12B260}.Release|x86.ActiveCfg = Release|Win32
		{AD22E2F9-E45E-4790-9C97-98987A12B260}.Release|x86.Build.0 = Release|Win32
		{12CDE60B-2EC4-4B22-A15E-B6670859CD1F}.Debug|x64.ActiveCfg = Debug|x64
		{12CDE60B-2EC4-4B22-A15E-B6670859CD1F}.Debug|x64.Build.0 = Debug|x64
		{12CDE60B-2EC4-4B22-A15E-B6670859CD1F}.Debug|x86.ActiveCfg = Debug|Win32
		{12CDE60B-2EC4-4B22-A15E-B6670859CD1F}.Debug|x86.Build.0 = Debug|Win32
		{12CDE60B-2EC4-4B22-A15E-B6670859CD1F}.Release|x64.ActiveCfg = Release|x64
		{12CDE60B-2EC4-4B22-A15E-B6670859CD1F}.Release|x64.Build.0 = Release|x64
		{12CDE60B-2EC4-4B22-A15E-B6670859CD1F}.Release|x86.ActiveCfg = Release|Win32
		{12CDE60B-2EC4-4B22-A15E-B6670859CD1F}.Release|x86.Build.0 = Release|Win32
		{888955C2-FFFF-4E95-8624-2E7A863C0413}.Debug|x64.ActiveCfg = Debug|x64
		{888955C2-FFFF-4E95-8624-2E7A863C0413}.Debug|x64.Build.0 = Debug|x64
		{888955C2-FFFF-4E95-8624-2E7A863C0413}.Debug|x86.ActiveCfg = Debug|Win32
		{888955C2-FFFF-4E95-8624-2E7A863C0413}.Debug|x86.Build.0 = Debug|Win32
		{888955C2-FFFF-4E95-8624-2E7A863C0413}.Release|x64.ActiveCfg = Release|x64
		{888955C2-FFFF-4E95-8624-2E7A863C0413}.Release|x64.Build.0 = Release|x64
		{888955C2-FFFF-4E95-8624-2E7A863C0413}.Release|x86.ActiveCfg = Release|Win32
		{888955C2-FFFF-4E95-8624-2E7A863C0413}.Release|x86.Build.0 = Release|Win32
		{11D7E7EE-DF4B-4FD0-A701-78190940A5C4}.Debug|x64.ActiveCfg = Debug|x64
		{11D7E7EE-DF4B-4FD0-A701-78190940A5C4}.Debug|x64.Build.0 = Debug|x64
		{11D7E7EE-DF4B-4FD0-A701-78190940A5C4}.Debug|x86.ActiveCfg = Debug|Win32
		{11D7E7EE-DF4B-4FD0-A701-78190940A5C4}.Debug|x86.Build.0 = Debug|Win32
		{11D7E7EE-DF4B-4FD0-A701-78190940A5C4}.Release|x64.ActiveCfg = Release|x64
		{11D7E7EE-DF4B-4FD0-A701-78190940A5C4}.Release|x64.Build.0 = Release|x64
		{11D7E7EE-DF4B-4FD0-A701-78190940A5C4}.Release|x86.ActiveCfg = Release|Win32
		{11D7E7EE-DF4B-4FD0-A701-78190940A5C4}.Release|x86.Build.0 = Release|Win32
		{7F56C735-751A-48CF-9322-C25FF1DC619C}.Debug|x64.ActiveCfg = Debug|x64
		{7F56C735-751A-48CF-9322-C25FF1DC619C}.Debug|x64.Build.0 = Debug|x64
		{7F56C735-751A-48CF-9322-C25FF1DC619C}.Debug|x86.ActiveCfg = Debug|Win32
		{7F56C735-751A-48CF-9322-C25FF1DC619C}.Debug|x86.Build.0 = Debug|Win32
		{7F56C735-751A-48CF-9322-C25FF1DC619C}.Release|x64.ActiveCfg = Release|x64
		{7F56C735-751A-48CF-9322-C25FF1DC619C}.Release|x64.Build.0 = Release|x64
		{7F56C735-751A-48CF-9322-C25FF1DC619C}.Release|x86.ActiveCfg = Release|Win32
		{7F56C735-751A-48CF-9322-C25FF1DC619C}.Release|x86.Build.0 = Release|Win32
		{1B27A745-ED7D-4DF9-9C93-977C9F3EFE6B}.Debug|x64.ActiveCfg = Debug|x64
		{1B27A745-ED7D-4DF9-9C93-977C9F3EFE6B}.Debug|x64.Build.0 = Debug|x64
		{1B27A745-ED7D-4DF9-9C93-977C9F3EFE6B}.Debug|x86.ActiveCfg = Debug|Win32
		{1B27A745-ED7D-4DF9-9C93-977C9F3EFE6B}.Debug|x86.Build.0 = Debug|Win32
		{1B27A745-ED7D-4DF9-9C93-977C9F3EFE6B}.Release|x64.ActiveCfg = Release|x64
		{1B27A745-ED7D-4DF9-9C93-977C9F3EFE6B}.Release|x64.Build.0 = Release|x64
		{1B27A745-ED7D-4DF9-9C93-977C9F3EFE6B}.Release|x86.ActiveCfg = Release|Win32
		{1B27A745-ED7D-4DF9-9C93-977C9F3EFE6B}.Release|x86.Build.0 = Release|Win32
		{48E89855-A6E7-45D3-A4C8-EF00AA7BFCD0}.Debug|x64.ActiveCfg = Debug|x64
		{48E89855-A6E7-45D3-A4C8-EF00AA7BFCD0}.Debug|x64.Build.0 = Debug|x64
		{48E89855-A6E7-45D3-A4C8-EF00AA7BFCD0}.Debug|x86.ActiveCfg = Debug|Win32
		{48E89855-A6E7-45D3-A4C8-EF00AA7BFCD0}.Debug|x86.Build.0 = Debug|Win32
		{48E89855-A6E7-45D3-A4C8-EF00AA7BFCD0}.Release|x64.ActiveCfg = Release|x64
		{48E89855-A6E7-45D3-A4C8-EF00AA7BFCD0}.Release|x64.Build.0 = Release|x64
		{48E89855-A6E7-45D3-A4C8-EF00AA7BFCD0}.Release|x86.ActiveCfg = Release|Win32
		{48E89855-A6E7-45D3-A4C8-EF00AA7BFCD0}.Release|x86.Build.0 = Release|Win32
		{8F3CE2FF-BCCF-4C66-B3B4-3B904839E813}.Debug|x64.ActiveCfg = Debug|x64
		{8F3CE2FF-BCCF-4C66-B3B4-3B904839E813}.Debug|x64.Build.0 = Debug|x64
		{8F3CE2FF-BCCF-4C66-B3B4-3B904839E813}.Debug|x86.ActiveCfg = Debug|Win32
		{8F3CE2FF-BCCF-4C66-B3B4-3B904839E813}.Debug|x86.Build.0 = Debug|Win32
		{8F3CE2FF-BCCF-4C66-B3B4-3B904839E813}.Release|x64.ActiveCfg = Release|x64
		{8F3CE2FF-BCCF-4C66-B3B4-3B904839E813}.Release|x64.Build.0 = Release|x64
		{8F3CE2FF-BCCF-4C66-B3B4-3B904839E813}.Release|x86.ActiveCfg = Release|Win32
		{8F3CE2FF-BCCF-4C66-B3B4-3B904839E813}.Release|x86.Build.0 = Release|Win32
		{E59DDEA8-122E-4FCA-8746-99DEC9E9F057}.Debug|x64.ActiveCfg = Debug|x64
		{E59DDEA8-122E-4FCA-8746-99DEC9E9F057}.Debug|x64.Build.0 = Debug|x64
		{E59DDEA8-122E-4FCA-8746-99DEC9E9F057}.Debug|x86.ActiveCfg = Debug|Win32
		{E59DDEA8-122E-4FCA-8746-99DEC9E9F057}.Debug|x86.Build.0 = Debug|Win32
		{E59DDEA8-122E-4FCA-8746-99DEC9E9F057}.Release|x64.ActiveCfg = Release|x64
		{E59DDEA8-122E-4FCA-8746-99DEC9E9F057}.Release|x64.Build.0 = Release|x64
		{E59DDEA8-122E-4FCA-8746-99DEC9E9F057}.Release|x86.ActiveCfg = Release|Win32
		{E59DDEA8-122E-4FCA-8746-99DEC9E9F057}.Release|x86.Build.0 = Release|Win32
		{4EEE93F8-9B3F-40A7-9C96-A36293A1570E}.Debug|x64.ActiveCfg = Debug|x64
		{4EEE93F8-9B3F-40A7-9C96-A36293A1570E}.Debug|x64.Build.0 = Debug|x64
		{4EEE93F8-9B3F-40A7-9C96-A36293A1570E}.Debug|x86.ActiveCfg = Debug|Win32
		{4EEE93F8-9B3F-40A7-9C96-A36293A1570E}.Debug|x86.Build.0 = Debug|Win32
		{4EEE93F8-9B3F-40A7-9C96-A36293A1570E}.Release|x64.ActiveCfg = Release|x64
		{4EEE93F8-9B3F-40A7-9C96-A36293A1570E}.Release|x64.Build.0 = Release|x64
		{4EEE93F8-9B3F-40A7-9C96-A36293A1570E}.Release|x86.ActiveCfg = Release|Win32
		{4EEE93F8-9B3F-40A7-9C96-A36293A1570E}.Release|x86.Build.0 = Release|Win32
		{870D6585-1F49-4F0B-8FAC-F3ECF4AD202C}.Debug|x64.ActiveCfg = Debug|x64
		{870D6585-1F49-4F0B-8FAC-F3ECF4AD202C}.Debug|x64.Build.0 = Debug|x64
		{870D6585-1F49-4F0B-8FAC-F3ECF4AD202C}.Debug|x86.ActiveCfg = Debug|Win32
		{870D6585-1F49-4F0B-8FAC-F3ECF4AD202C}.Debug|x86.Build.0 = Debug|Win32
		{870D6585-1F49-4F0B-8FAC-F3ECF4AD202C}.Release|x64.ActiveCfg = Release|x64
		{870D6585-1F49-4F0B-8FAC-F3ECF4AD202C}.Release|x64.Build.0 = Release|x64
		{870D6585-1F49-4F0B-8FAC-F3ECF4AD202C}.Release|x86.ActiveCfg = Release|Win32
		{870D6585-1F49-4F0B-8FAC-F3ECF4AD202C}.Release|x86.Build.0 = Release|Win32
		{B7EC0DC6-B0F8-4EAC-95E6-E673066A7F46}.Debug|x64.ActiveCfg = Debug|x64
		{B7EC0DC6-B0F8-4EAC-95E6-E673066A7F46}.Debug|x64.Build.0 = Debug|x64
		{B7EC0DC6-B0F8-4EAC-95E6-E673066A7F46}.Debug|x86.ActiveCfg = Debug|Win32
		{B7EC0DC6-B0F8-4EAC-95E6-E673066A7F46}.Debug|x86.Build.0 = Debug|Win32
		{B7EC0DC6-B0F8-4EAC-95E6-E673066A7F46}.Release|x64.ActiveCfg = Release|x64
		{B7EC0DC6-B0F8-4EAC-95E6-E673066A7F46}.Release|x64.Build.0 = Release|x64
		{B7EC0DC6-B0F8-4EAC-95E6-E673066A7F46}.Release|x86.ActiveCfg = Release|Win32
		{B7EC0DC6-B0F8-4EAC-95E6-E673066A7F46}.Release|x86.Build.0 = Release|Win32
		{9FC581EF-76B3-4685-A6AC-4DE45376522D}.Debug|x64.ActiveCfg = Debug|x64
		{9FC581EF-76B3-4685-A6AC-4DE45376522D}.Debug|x64.Build.0 = Debug|x64
		{9FC581EF-76B3-4685-A6AC-4DE45376522D}.Debug|x86.ActiveCfg = Debug|Win32
		{9FC581EF-76B3-4685-A6AC-4DE45376522D}.Debug|x86.Build.0 = Debug|Win32
		{9FC581EF-76B3-4685-A6AC-4DE45376522D}.Release|x64.ActiveCfg = Release|x64
		{9FC581EF-76B3-4685-A6AC-4DE45376522D}.Release|x64.Build.0 = Release|x64
		{9FC581EF-76B3-4685-A6AC-4DE45376522D}.Release|x86.ActiveCfg = Release|Win32
		{9FC581EF-76B3-4685-A6AC-4DE45376522D}.Release|x86.Build.0 = Release|Win32
		{A661EF68-68A2-4F33-873E-03457174C9DB}.Debug|x64.ActiveCfg = Debug|x64
		{A661EF68-68A2-4F33-873E-03457174C9DB}.Debug|x64.Build.0 = Debug|x64
		{A661EF68-68A2-4F33-873E-03457174C9DB}.Debug|x86.ActiveCfg = Debug|Win32
		{A661EF68-68A2-4F33-873E-03457174C9DB}.Debug|x86.Build.0 = Debug|Win32
		{A661EF68-68A2-4F33-873E-03457174C9DB}.Release|x64.ActiveCfg = Release|x64
		{A661EF68-68A2-4F33-873E-03457174C9DB}.Release|x64.Build.0 = Release|x64
		{A661EF68-68A2-4F33-873E-03457174C9DB}.Release|x86.ActiveCfg = Release|Win32
		{A661EF68-68A2-4F33-873E-03457174C9DB}.Release|x86.Build.0 = Release|Win32
		{6C98FF7F-BB3F-42BE-9B14-EC0DF2053CAE}.Debug|x64.ActiveCfg = Debug|x64
		{6C98FF7F-BB3F-42BE-9B14-EC0DF2053CAE}.Debug|x64.Build.0 = Debug|x64
		{6C98FF7F-BB3F-42BE-9B14-EC0DF2053CAE}.Debug|x86.ActiveCfg = Debug|Win32
		{6C98FF7F-BB3F-42BE-9B14-EC0DF2053CAE}.Debug|x86.Build.0 = Debug|Win32
		{6C98FF7F-BB3F-42BE-9B14-EC0DF2053CAE}.Release|x64.ActiveCfg = Release|x64
		{6C98FF7F-BB3F-42BE-9B14-EC0DF2053CAE}.Release|x64.Build.0 = Release|x64
		{6C98FF7F-BB3F-42BE-9B14-EC0DF2053CAE}.Release|x86.ActiveCfg = Release|Win32
		{6C98FF7F-BB3F-42BE-9B14-EC0DF2053CAE}.Release|x86.Build.0 = Release|Win32
		{92F3BAD9-47E3-4504-83B3-65FC3A88A102}.Debug|x64.ActiveCfg = Debug|x64
		{92F3BAD9-47E3-4504-83B3-65FC3A88A102}.Debug|x64.Build.0 = Debug|x64
		{92F3BAD9-47E3-4504-83B3-65FC3A88A102}.Debug|x86.ActiveCfg = Debug|Win32
		{92F3BAD9-47E3-4504-83B3-65FC3A88A102}.Debug|x86.Build.0 = Debug|Win32
		{92F3BAD9-47E3-4504-83B3-65FC3A88A102}.Release|x64.ActiveCfg = Release|x64
		{92F3BAD9-47E3-4504-83B3-65FC3A88A102}.Release|x64.Build.0 = Release|x64
		{92F3BAD9-47E3-4504-83B3-65FC3A88A102}.Release|x86.ActiveCfg = Release|Win32
		{92F3BAD9-47E3-4504-83B3-65FC3A88A102}.Release|x86.Build.0 = Release|Win32
		{ADC40B8B-6173-4B6B-AB70-9D9B229BCEC9}.Debug|x64.ActiveCfg = Debug|x64
		{ADC40B8B-6173-4B6B-AB70-9D9B229BCEC9}.Debug|x64.Build.0 = Debug|x64
		{ADC40B8B-6173-4B6B-AB70-9D9B229BCEC9}.Debug|x86.ActiveCfg = Debug|Win32
		{ADC40B8B-6173-4B6B-AB70-9D9B229BCEC9}.Debug|x86.Build.0 = Debug|Win32
		{ADC40B8B-6173-4B6B-AB70-9D9B229BCEC9}.Release|x64.ActiveCfg = Release|x64
		{ADC40B8B-6173-4B6B-AB70-9D9B229BCEC9}.Release|x64.Build.0 = Release|x64
		{ADC40B8B-6173-4B6B-AB70-9D9B229BCEC9}.Release|x86.ActiveCfg = Release|Win32
		{ADC40B8B-6173-4B6B-AB70-9D9B229BCEC9}.Release|x86.Build.0 = Release|Win32
		{C4E00978-BB5A-4CD4-B15F-F0EBE50EF4A8}.Debug|x64.ActiveCfg = Debug|x64
		{C4E00978-BB5A-4CD4-B15F-F0EBE50EF4A8}.Debug|x64.Build.0 = Debug|x64
		{C4E00978-BB5A-4CD4-B15F-F0EBE50EF4A8}.Debug|x86.ActiveCfg = Debug|Win32
		{C4E00978-BB5A-4CD4-B15F-F0EBE50EF4A8}.Debug|x86.Build.0 = Debug|Win32
		{C4E00978-BB5A-4CD4-B15F-F0EBE50EF4A8}.Release|x64.ActiveCfg = Release|x64
		{C4E00978-BB5A-4CD4-B15F-F0EBE50EF4A8}.Release|x64.Build.0 = Release|x64
		{C4E00978-BB5A-4CD4-B15F-F0EBE50EF4A8}.Release|x86.ActiveCfg = Release|Win32
		{C4E00978-BB5A-4CD4-B15F-F0EBE50EF4A8}.Release|x86.Build.0 = Release|Win32
		{E296A529-95BA-4126-A0A4-B177BE804D26}.Debug|x64.ActiveCfg = Debug|x64
		{E296A529-95BA-4126-A0A4-B177BE804D26}.Debug|x64.Build.0 = Debug|x64
		{E296A529-95BA-4126-A0A4-B177BE804D26}.Debug|x86.ActiveCfg = Debug|Win32
		{E296A529-95BA-4126-A0A4-B177BE804D26}.Debug|x86.Build.0 = Debug|Win32
		{E296A529-95BA-4126-A0A4-B177BE804D26}.Release|x64.ActiveCfg = Release|x64
		{E296A529-95BA-4126-A0A4-B177BE804D26}.Release|x64.Build.0 = Release|x64
		{E296A529-95BA-4126-A0A4-B177BE804D26}.Release|x86.ActiveCfg = Release|Win32
		{E296A529-95BA-4126-A0A4-B177BE804D26}.Release|x86.Build.0 = Release|Win32
		{03AEF076-3DCA-498A-B3AA-BBB750D78E1E}.Debug|x64.ActiveCfg = Debug|x64
		{03AEF076-3DCA-498A-B3AA-BBB750D78E1E}.Debug|x64.Build.0 = Debug|x64
		{03AEF076-3DCA-498A-B3AA-BBB750D78E1E}.Debug|x86.ActiveCfg = Debug|Win32
		{03AEF076-3DCA-498A-B3AA-BBB750D78E1E}.Debug|x86.Build.0 = Debug|Win32
		{03AEF076-3DCA-498A-B3AA-BBB750D78E1E}.Release|x64.ActiveCfg = Release|x64
		{03AEF076-3DCA-498A-B3AA-BBB750D78E1E}.Release|x64.Build.0 = Release|x64
		{03AEF076-3DCA-498A-B3AA-BBB750D78E1E}.Release|x86.ActiveCfg = Release|Win32
		{03AEF076-3DCA-498A-B3AA-BBB750D78E1E}.Release|x86.Build.0 = Release|Win32
		{B3C0A470-B8F2-46DB-953E-0279C40A37DE}.Debug|x64.ActiveCfg = Debug|x64
		{B3C0A470-B8F2-46DB-953E-0279C40A37DE}.Debug|x64.Build.0 = Debug|x64
		{B3C0A470-B8F2-46DB-953E-0279C40A37DE}.Debug|x86.ActiveCfg = Debug|Win32
		{B3C0A470-B8F2-46DB-953E-0279C40A37DE}.Debug|x86.Build.0 = Debug|Win32
		{B3C0A470-B8F2-46DB-953E-0279C40A37DE}.Release|x64.ActiveCfg = Release|x64
		{B3C0A470-B8F2-46DB-953E-0279C40A37DE}.Release|x64.Build.0 = Release|x64
		{B3C0A470-B8F2-46DB-953E-0279C40A37DE}.Release|x86.ActiveCfg = Release|Win32
		{B3C0A470-B8F2-46DB-953E-0279C40A37DE}.Release|x86.Build.0 = Release|Win32
		{CF60EFE7-8D45-404D-BA57-D105D728598D}.Debug|x64.ActiveCfg = Debug|x64
		{CF60EFE7-8D45-404D-BA57-D105D728598D}.Debug|x64.Build.0 = Debug|x64
		{CF60EFE7-8D45-404D-BA57-D105D728598D}.Debug|x86.ActiveCfg = Debug|Win32
		{CF60EFE7-8D45-404D-BA57-D105D728598D}.Debug|x86.Build.0 = Debug|Win32
		{CF60EFE7-8D45-404D-BA57-D105D728598D}.Release|x64.ActiveCfg = Release|x64
		{CF60EFE7-8D45-404D-BA57-D105D728598D}.Release|x64.Build.0 = Release|x64
		{CF60EFE7-8D45-404D-BA57-D105D728598D}.Release|x86.ActiveCfg = Release|Win32
		{CF60EFE7-8D45-404D-BA57-D105D728598D}.Release|x86.Build.0 = Release|Win32
		{C05ED03C-F08F-46A4-8361-AE70F4710EB1}.Debug|x64.ActiveCfg = Debug|x64
		{C05ED03C-F08F-46A4-8361-AE70F4710EB1}.Debug|x64.Build.0 = Debug|x64
		{C05ED03C-F08F-46A4-8361-AE70F4710EB1}.Debug|x86.ActiveCfg = Debug|Win32
		{C05ED03C-F08F-46A4-8361-AE70F4710EB1}.Debug|x86.Build.0 = Debug|Win32
		{C05ED03C-F08F-46A4-8361-AE70F4710EB1}.Release|x64.ActiveCfg = Release|x64
		{C05ED03C-F08F-46A4-8361-AE70F4710EB1}.Release|x64.Build.0 = Release|x64
		{C05ED03C-F08F-46A4-8361-AE70F4710EB1}.Release|x86.ActiveCfg = Release|Win32
		{C05ED03C-F08F-46A4-8361-AE70F4710EB1}.Release|x86.Build.0 = Release|Win32
		{2138A2B0-1598-4851-B986-A3FB0B3EF493}.Debug|x64.ActiveCfg = Debug|x64
		{2138A2B0-1598-4851-B986-A3FB0B3EF493}.Debug|x64.Build.0 = Debug|x64
		{2138A2B0-1598-4851-B986-A3FB0B3EF493}.Debug|x86.ActiveCfg = Debug|Win32
		{2138A2B0-1598-4851-B986-A3FB0B3EF493}.Debug|x86.Build.0 = Debug|Win32
		{2138A2B0-1598-4851-B986-A3FB0B3EF493}.Release|x64.ActiveCfg = Release|x64
		{2138A2B0-1598-4851-B986-A3FB0B3EF493}.Release|x64.Build.0 = Release|x64
		{2138A2B0-1598-4851-B986-A3FB0B3EF493}.Release|x86.ActiveCfg = Release|Win32
		{2138A2B0-1598-4851-B986-A3FB0B3EF493}.Release|x86.Build.0 = Release|Win32
		{C504EBF3-120B-42C6-9F5A-C5C207F9EF7A}.Debug|x64.ActiveCfg = Debug|x64
		{C504EBF3-120B-42C6-9F5A-C5C207F9EF7A}.Debug|x64.Build.0 = Debug|x64
		{C504EBF3-120B-42C6-9F5A-C5C207F9EF7A}.Debug|x86.ActiveCfg = Debug|Win32
		{C504EBF3-120B-42C6-9F5A-C5C207F9EF7A}.Debug|x86.Build.0 = Debug|Win32
		{C504EBF3-120B-42C6-9F5A-C5C207F9EF7A}.Release|x64.ActiveCfg = Release|x64
		{C504EBF3-120B-42C6-9F5A-C5C207F9EF7A}.Release|x64.Build.0 = Release|x64
		{C504EBF3-120B-42C6-9F5A-C5C207F9EF7A}.Release|x86.ActiveCfg = Release|Win32
		{C504EBF3-120B-42C6-9F5A-C5C207F9EF7A}.Release|x86.Build.0 = Release|Win32
		{3F06D095-14A3-415F-82F3-59BA1F6914D1}.Debug|x64.ActiveCfg = Debug|x64
		{3F06D095-14A3-415F-82F3-59BA1F6914D1}.Debug|x64.Build.0 = Debug|x64
		{3F06D095-14A3-415F-82F3-59BA1F6914D1}.Debug|x86.ActiveCfg = Debug|Win32
		{3F06D095-14A3-415F-82F3-59BA1F6914D1}.Debug|x86.Build.0 = Debug|Win32
		{3F06D095-14A3-415F-82F3-59BA1F6914D1}.Release|x64.ActiveCfg = Release|x64
		{3F06D095-14A3-415F-82F3-59BA1F6914D1}.Release|x64.Build.0 = Release|x64
		{3F06D095-14A3-415F-82F3-59BA1F6914D1}.Release|x86.ActiveCfg = Release|Win32
		{3F06D095-14A3-415F-82F3-59BA1F6914D1}.Release|x86.Build.0 = Release|Win32
		{C48C2C67-42DA-4272-9379-C80ECBB11C17}.Debug|x64.ActiveCfg = Debug|x64
		{C48C2C67-42DA-4272-9379-C80ECBB11C17}.Debug|x64.Build.0 = Debug|x64
		{C48C2C67-42DA-4272-9379-C80ECBB11C17}.Debug|x86.ActiveCfg = Debug|Win32
		{C48C2C67-42DA-4272-9379-C80ECBB11C17}.Debug|x86.Build.0 = Debug|Win32
		{C48C2C67-42DA-4272-9379-C80ECBB11C17}.Release|x64.ActiveCfg = Release|x64
		{C48C2C67-42DA-4272-9379-C80ECBB11C17}.Release|x64.Build.0 = Release|x64
		{C48C2C67-42DA-4272-9379-C80ECBB11C17}.Release|x86.ActiveCfg = Release|Win32
		{C48C2C67-42DA-4272-9379-C80ECBB11C17}.Release|x86.Build.0 = Release|Win32
		{91E0F4F9-A798-4C34-B133-592973F16EFE}.Debug|x64.ActiveCfg = Debug|x64
		{91E0F4F9-A798-4C34-B133-592973F16EFE}.Debug|x64.Build.0 = Debug|x64
		{91E0F4F9-A798-4C34-B133-592973F16EFE}.Debug|x86.ActiveCfg = Debug|Win32
		{91E0F4F9-A798-4C34-B133-592973F16EFE}.Debug|x86.Build.0 = Debug|Win32
		{91E0F4F9-A798-4C34-B133-592973F16EFE}.Release|x64.ActiveCfg = Release|x64
		{91E0F4F9-A798-4C34-B133-592973F16EFE}.Release|x64.Build.0 = Release|x64
		{91E0F4F9-A798-4C34-B133-592973F16EFE}.Release|x86.ActiveCfg = Release|Win32
		{91E0F4F9-A798-4C34-B133-592973F16EFE}.Release|x86.Build.0 = Release|Win32
		{0904B29B-727A-4B6A-A050-32DD2C0A9041}.Debug|x64.ActiveCfg = Debug|x64
		{0904B29B-727A-4B6A-A050-32DD2C0A9041}.Debug|x64.Build.0 = Debug|x64
		{0904B29B-727A-4B6A-A050-32DD2C0A9041}.Debug|x86.ActiveCfg = Debug|Win32
		{0904B29B-727A-4B6A-A050-32DD2C0A9041}.Debug|x86.Build.0 = Debug|Win32
		{0904B29B-727A-4B6A-A050-32DD2C0A9041}.Release|x64.ActiveCfg = Release|x64
		{0904B29B-727A-4B6A-A050-32DD2C0A9041}.Release|x64.Build.0 = Release|x64
		{0904B29B-727A-4B6A-A050-32DD2C0A9041}.Release|x86.ActiveCfg = Release|Win32
		{0904B29B-727A-4B6A-A050-32DD2C0A9041}.Release|x86.Build.0 = Release|Win32
		{91A55DE0-38A9-412E-A25B-5D716DEFC3D7}.Debug|x64.ActiveCfg = Debug|x64
		{91A55DE0-38A9-412E-A25B-5D716DEFC3D7}.Debug|x64.Build.0 = Debug|x64
		{91A55DE0-38A9-412E-A25B-5D716DEFC3D7}.Debug|x86.ActiveCfg = Debug|Win32
		{91A55DE0-38A9-412E-A25B-5D716DEFC3D7}.Debug|x86.Build.0 = Debug|Win32
		{91A55DE0-38A9-412E-A25B-5D716DEFC3D7}.Release|x64.ActiveCfg = Release|x64
		{91A55DE0-38A9-412E-A25B-5D716DEFC3D7}.Release|x64.Build.0 = Release|x64
		{91A55DE0-38A9-412E-A25B-5D716DEFC3D7}.Release|x86.ActiveCfg = Release|Win32
		{91A55DE0-38A9-412E-A25B-5D716DEFC3D7}.Release|x86.Build.0 = Release|Win32
		{DAA0E27B-2814-4AB1-AA38-C3B2D0E2F4AA}.Debug|x64.ActiveCfg = Debug|x64
		{DAA0E27B-2814-4AB1-AA38-C3B2D0E2F4AA}.Debug|x64.Build.0 = Debug|x64
		{DAA0E27B-2814-4AB1-AA38-C3B2D0E2F4AA}.Debug|x86.ActiveCfg = Debug|Win32
		{DAA0E27B-2814-4AB1-AA38-C3B2D0E2F4AA}.Debug|x86.Build.0 = Debug|Win32
		{DAA0E27B-2814-4AB1-AA38-C3B2D0E2F4AA}.Release|x64.ActiveCfg = Release|x64
		{DAA0E27B-2814-4AB1-AA38-C3B2D0E2F4AA}.Release|x64.Build.0 = Release|x64
		{DAA0E27B-2814-4AB1-AA38-C3B2D0E2F4AA}.Release|x86.ActiveCfg = Release|Win32
		{DAA0E27B-2814-4AB1-AA38-C3B2D0E2F4AA}.Release|x86.Build.0 = Release|Win32
		{A2EBF78E-3239-481F-8F3C-DF1A03E2142B}.Debug|x64.ActiveCfg = Debug|x64
		{A2EBF78E-3239-481F-8F3C-DF1A03E2142B}.Debug|x64.Build.0 = Debug|x64
		{A2EBF78E-3239-481F-8F3C-DF1A03E2142B}.Debug|x86.ActiveCfg = Debug|Win32
		{A2EBF78E-3239-481F-8F3C-DF1A03E2142B}.Debug|x86.Build.0 = Debug|Win32
		{A2EBF78E-3239-481F-8F3C-DF1A03E2142B}.Release|x64.ActiveCfg = Release|x64
		{A2EBF78E-3239-481F-8F3C-DF1A03E2142B}.Release|x64.Build.0 = Release|x64
		{A2EBF78E-3239-481F-8F3C-DF1A03E2142B}.Release|x86.ActiveCfg = Release|Win32
		{A2EBF78E-3239-481F-8F3C-DF1A03E2142B}.Release|x86.Build.0 = Release|Win32
		{4B42FA9B-921C-4B58-8378-3E5B805B08FB}.Debug|x64.ActiveCfg = Debug|x64
		{4B42FA9B-921C-4B58-8378-3E5B805B08FB}.Debug|x64.Build.0 = Debug|x64
		{4B42FA9B-921C-4B58-8378-3E5B805B08FB}.Debug|x86.ActiveCfg = Debug|Win32
		{4B42FA9B-921C-4B58-8378-3E5B805B08FB}.Debug|x86.Build.0 = Debug|Win32
		{4B42FA9B-921C-4B58-8378-3E5B805B08FB}.Release|x64.ActiveCfg = Release|x64
		{4B42FA9B-921C-4B58-8378-3E5B805B08FB}.Release|x64.Build.0 = Release|x64
		{4B42FA9B-921C-4B58-8378-3E5B805B08FB}.Release|x86.ActiveCfg = Release|Win32
		{4B42FA9B-921C-4B58-8378-3E5B805B08FB}.Release|x86.Build.0 = Release|Win32
		{CA483EAF-ACB1-489B-8C27-BB5B03D846E2}.Debug|x64.ActiveCfg = Debug|x64
		{CA483EAF-ACB1-489B-8C27-BB5B03D846E2}.Debug|x64.Build.0 = Debug|x64
		{CA483EAF-ACB1-489B-8C27-BB5B03D846E2}.Debug|x86.ActiveCfg = Debug|Win32
		{CA483EAF-ACB1-489B-8C27-BB5B03D846E2}.Debug|x86.Build.0 = Debug|Win32
		{CA483EAF-ACB1-489B-8C27-BB5B03D846E2}.Release|x64.ActiveCfg = Release|x64
		{CA483EAF-ACB1-489B-8C27-BB5B03D846E2}.Release|x64.Build.0 = Release|x64
		{CA483EAF-ACB1-489B-8C27-BB5B03D846E2}.Release|x86.ActiveCfg = Release|Win32
		{CA483EAF-ACB1-489B-8C27-BB5B03D846E2}.Release|x86.Build.0 = Release|Win32
		{EABA6D7C-8F8D-4562-BD08-B1748A846E96}.Debug|x64.ActiveCfg = Debug|x64
		{EABA6D7C-8F8D-4562-BD08-B1748A846E96}.Debug|x64.Build.0 = Debug|x64
		{EABA6D7C-8F8D-4562-BD08-B1748A846E96}.Debug|x86.ActiveCfg = Debug|Win32
		{EABA6D7C-8F8D-4562-BD08-B1748A846E96}.Debug|x86.Build.0 = Debug|Win32
		{EABA6D7C-8F8D-4562-BD08-B1748A846E96}.Release|x64.ActiveCfg = Release|x64
		{EABA6D7C-8F8D-4562-BD08-B1748A846E96}.Release|x64.Build.0 = Release|x64
		{EABA6D7C-8F8D-4562-BD08-B1748A846E96}.Release|x86.ActiveCfg = Release|Win32
		{EABA6D7C-8F8D-4562-BD08-B1748A846E96}.Release|x86.Build.0 = Release|Win32
		{B830423C-CCDF-4BD3-8FEF-9AB0C0D33029}.Debug|x64.ActiveCfg = Debug|x64
		{B830423C-CCDF-4BD3-8FEF-9AB0C0D33029}.Debug|x64.Build.0 = Debug|x64
		{B830423C-CCDF-4BD3-8FEF-9AB0C0D33029}.Debug|x86.ActiveCfg = Debug|Win32
		{B830423C-CCDF-4BD3-8FEF-9AB0C0D33029}.Debug|x86.Build.0 = Debug|Win32
		{B830423C-CCDF-4BD3-8FEF-9AB0C0D33029}.Release|x64.ActiveCfg = Release|x64
		{B830423C-CCDF-4BD3-8FEF-9AB0C0D33029}.Release|x64.Build.0 = Release|x64
		{B830423C-CCDF-4BD3-8FEF-9AB0C0D33029}.Release|x86.ActiveCfg = Release|Win32
		{B830423C-CCDF-4BD3-8FEF-9AB0C0D33029}.Release|x86.Build.0 = Release|Win32
		{6D93F3D1-A98A-4B76-8037-CA923CF99AA2}.Debug|x64.ActiveCfg = Debug|x64
		{6D93F3D1-A98A-4B76-8037-CA923CF99AA2}.Debug|x64.Build.0 = Debug|x64
		{6D93F3D1-A98A-4B76-8037-CA923CF99AA2}.Debug|x86.ActiveCfg = Debug|Win32
		{6D93F3D1-A98A-4B76-8037-CA923CF99AA2}.Debug|x86.Build.0 = Debug|Win32
		{6D93F3D1-A98A-4B76-8037-CA923CF99AA2}.Release|x64.ActiveCfg = Release|x64
		{6D93F3D1-A98A-4B76-8037-CA923CF99AA2}.Release|x64.Build.0 = Release|x64
		{6D93F3D1-A98A-4B76-8037-CA923CF99AA2}.Release|x86.ActiveCfg = Release|Win32
		{6D93F3D1-A98A-4B76-8037-CA923CF99AA2}.Release|x86.Build.0 = Release|Win32
		{7F4034F9-ACA2-4BA4-9105-CD0EA757B048}.Debug|x64.ActiveCfg = Debug|x64
		{7F4034F9-ACA2-4BA4-9105-CD0EA757B048}.Debug|x64.Build.0 = Debug|x64
		{7F4034F9-ACA2-4BA4-9105-CD0EA757B048}.Debug|x86.ActiveCfg = Debug|Win32
		{7F4034F9-ACA2-4BA4-9105-CD0EA757B048}.Debug|x86.Build.0 = Debug|Win32
		{7F4034F9-ACA2-4BA4-9105-CD0EA757B048}.Release|x64.ActiveCfg = Release|x64
		{7F4034F9-ACA2-4BA4-9105-CD0EA757B048}.Release|x64.Build.0 = Release|x64
		{7F4034F9-ACA2-4BA4-9105-CD0EA757B048}.Release|x86.ActiveCfg = Release|Win32
		{7F4034F9-ACA2-4BA4-9105-CD0EA757B048}.Release|x86.Build.0 = Release|Win32
		{211ABE8E-2D25-4C40-B196-F4A2783D7CC8}.Debug|x64.ActiveCfg = Debug|x64
		{211ABE8E-2D25-4C40-B196-F4A2783D7CC8}.Debug|x64.Build.0 = Debug|x64
		{211ABE8E-2D25-4C40-B196-F4A2783D7CC8}.Debug|x86.ActiveCfg = Debug|Win32
		{211ABE8E-2D25-4C40-B196-F4A2783D7CC8}.Debug|x86.Build.0 = Debug|Win32
		{211ABE8E-2D25-4C40-B196-F4A2783D7CC8}.Release|x64.ActiveCfg = Release|x64
		{211ABE8E-2D25-4C40-B196-F4A2783D7CC8}.Release|x64.Build.0 = Release|x64
		{211ABE8E-2D25-4C40-B196-F4A2783D7CC8}.Release|x86.ActiveCfg = Release|Win32
		{211ABE8E-2D25-4C40-B196-F4A2783D7CC8}.Release|x86.Build.0 = Release|Win32
		{E25854CE-B91E-47F7-8FC7-3ABB313786BE}.Debug|x64.ActiveCfg = Debug|x64
		{E25854CE-B91E-47F7-8FC7-3ABB313786BE}.Debug|x64.Build.0 = Debug|x64
		{E25854CE-B91E-47F7-8FC7-3ABB313786BE}.Debug|x86.ActiveCfg = Debug|Win32
		{E25854CE-B91E-47F7-8FC7-3ABB313786BE}.Debug|x86.Build.0 = Debug|Win32
		{E25854CE-B91E-47F7-8FC7-3ABB313786BE}.Release|x64.ActiveCfg = Release|x64
		{E25854CE-B91E-47F7-8FC7-3ABB313786BE}.Release|x64.Build.0 = Release|x64
		{E25854CE-B91E-47F7-8FC7-3ABB313786BE}.Release|x86.ActiveCfg = Release|Win32
		{E25854CE-B91E-47F7-8FC7-3ABB313786BE}.Release|x86.Build.0 = Release|Win32
		{3268F05C-F6D6-483D-88B7-88EEADA68987}.Debug|x64.ActiveCfg = Debug|x64
		{3268F05C-F6D6-483D-88B7-88EEADA68987}.Debug|x64.Build.0 = Debug|x64
		{3268F05C-F6D6-483D-88B7-88EEADA68987}.Debug|x86.ActiveCfg = Debug|Win32
		{3268F05C-F6D6-483D-88B7-88EEADA68987}.Debug|x86.Build.0 = Debug|Win32
		{3268F05C-F6D6-483D-88B7-88EEADA68987}.Release|x64.ActiveCfg = Release|x64
		{3268F05C-F6D6-483D-88B7-88EEADA68987}.Release|x64.Build.0 = Release|x64
		{3268F05C-F6D6-483D-88B7-88EEADA68987}.Release|x86.ActiveCfg = Release|Win32
		{3268F05C-F6D6-483D-88B7-88EEADA68987}.Release|x86.Build.0 = Release|Win32
		{4FCB0A54-8CEC-49AF-878D-CFBC9C8AE8DB}.Debug|x64.ActiveCfg = Debug|x64
		{4FCB0A54-8CEC-49AF-878D-CFBC9C8AE8DB}.Debug|x64.Build.0 = Debug|x64
		{4FCB0A54-8CEC-49AF-878D-CFBC9C8AE8DB}.Debug|x86.ActiveCfg = Debug|Win32
		{4FCB0A54-8CEC-49AF-878D-CFBC9C8AE8DB}.Debug|x86.Build.0 = Debug|Win32
		{4FCB0A54-8CEC-49AF-878D-CFBC9C8AE8DB}.Release|x64.ActiveCfg = Release|x64
		{4FCB0A54-8CEC-49AF-878D-CFBC9C8AE8DB}.Release|x64.Build.0 = Release|x64
		{4FCB0A54-8CEC-49AF-878D-CFBC9C8AE8DB}.Release|x86.ActiveCfg = Release|Win32
		{4FCB0A54-8CEC-49AF-878D-CFBC9C8AE8DB}.Release|x86.Build.0 = Release|Win32
		{39D53346-91F1-4532-AFE5-82B02CCC5590}.Debug|x64.ActiveCfg = Debug|x64
		{39D53346-91F1-4532-AFE5-82B02CCC5590}.Debug|x64.Build.0 = Debug|x64
		{39D53346-91F1-4532-AFE5-82B02CCC5590}.Debug|x86.ActiveCfg = Debug|Win32
		{39D53346-91F1-4532-AFE5-82B02CCC5590}.Debug|x86.Build.0 = Debug|Win32
		{39D53346-91F1-4532-AFE5-82B02CCC5590}.Release|x64.ActiveCfg = Release|x64
		{39D53346-91F1-4532-AFE5-82B02CCC5590}.Release|x64.Build.0 = Release|x64
		{39D53346-91F1-4532-AFE5-82B02CCC5590}.Release|x86.ActiveCfg = Release|Win32
		{39D53346-91F1-4532-AFE5-82B02CCC5590}.Release|x86.Build.0 = Release|Win32
		{CD578AFE-8774-4F30-9375-926EEB9FE908}.Debug|x64.ActiveCfg = Debug|x64
		{CD578AFE-8774-4F30-9375-926EEB9FE908}.Debug|x64.Build.0 = Debug|x64
		{CD578AFE-8774-4F30-9375-926EEB9FE908}.Debug|x86.ActiveCfg = Debug|Win32
		{CD578AFE-8774-4F30-9375-926EEB9FE908}.Debug|x86.Build.0 = Debug|Win32
		{CD578AFE-8774-4F30-9375-926EEB9FE908}.Release|x64.ActiveCfg = Release|x64
		{CD578AFE-8774-4F30-9375-926EEB9FE908}.Release|x64.Build.0 = Release|x64
		{CD578AFE-8774-4F30-9375-926EEB9FE908}.Release|x86.ActiveCfg = Release|Win32
		{CD578AFE-8774-4F30-9375-926EEB9FE908}.Release|x86.Build.0 = Release|Win32
		{A3A4B14B-8A3B-4BB0-9C9A-B1F551DB7341}.Debug|x64.ActiveCfg = Debug|x64
		{A3A4B14B-8A3B-4BB0-9C9A-B1F551DB7341}.Debug|x64.Build.0 = Debug|x64
		{A3A4B14B-8A3B-4BB0-9C9A-B1F551DB7341}.Debug|x86.ActiveCfg = Debug|Win32
		{A3A4B14B-8A3B-4BB0-9C9A-B1F551DB7341}.Debug|x86.Build.0 = Debug|Win32
		{A3A4B14B-8A3B-4BB0-9C9A-B1F551DB7341}.Release|x64.ActiveCfg = Release|x64
		{A3A4B14B-8A3B-4BB0-9C9A-B1F551DB7341}.Release|x64.Build.0 = Release|x64
		{A3A4B14B-8A3B-4BB0-9C9A-B1F551DB7341}.Release|x86.ActiveCfg = Release|Win32
		{A3A4B14B-8A3B-4BB0-9C9A-B1F551DB7341}.Release|x86.Build.0 = Release|Win32
		{951B5E44-3E51-4B49-8527-B896B3DA65F0}.Debug|x64.ActiveCfg = Debug|x64
		{951B5E44-3E51-4B49-8527-B896B3DA65F0}.Debug|x64.Build.0 = Debug|x64
		{951B5E44-3E51-4B49-8527-B896B3DA65F0}.Debug|x86.ActiveCfg = Debug|Win32
		{951B5E44-3E51-4B49-8527-B896B3DA65F0}.Debug|x86.Build.0 = Debug|Win32
		{951B5E44-3E51-4B49-8527-B896B3DA65F0}.Release|x64.ActiveCfg = Release|x64
		{951B5E44-3E51-4B49-8527-B896B3DA65F0}.Release|x64.Build.0 = Release|x64
		{951B5E44-3E51-4B49-8527-B896B3DA65F0}.Release|x86.ActiveCfg = Release|Win32
		{951B5E44-3E51-4B49-8527-B896B3DA65F0}.Release|x86.Build.0 = Release|Win32
		{0715BB3E-C004-46E5-A838-5E1F140F615A}.Debug|x64.ActiveCfg = Debug|x64
		{0715BB3E-C004-46E5-A838-5E1F140F615A}.Debug|x64.Build.0 = Debug|x64
		{0715BB3E-C004-46E5-A838-5E1F140F615A}.Debug|x86.ActiveCfg = Debug|Win32
		{0715BB3E-C004-46E5-A838-5E1F140F615A}.Debug|x86.Build.0 = Debug|Win32
		{0715BB3E-C004-46E5-A838-5E1F140F615A}.Release|x64.ActiveCfg = Release|x64
		{0715BB3E-C004-46E5-A838-5E1F140F615A}.Release|x64.Build.0 = Release|x64
		{0715BB3E-C004-46E5-A838-5E1F140F615A}.Release|x86.ActiveCfg = Release|Win32
		{0715BB3E-C004-46E5-A838-5E1F140F615A}.Release|x86.Build.0 = Release|Win32
		{55D949DB-708D-45AC-B4DA-BADFE3E1D2DF}.Debug|x64.ActiveCfg = Debug|x64
		{55D949DB-708D-45AC-B4DA-BADFE3E1D2DF}.Debug|x64.Build.0 = Debug|x64
		{55D949DB-708D-45AC-B4DA-BADFE3E1D2DF}.Debug|x86.ActiveCfg = Debug|Win32
		{55D949DB-708D-45AC-B4DA-BADFE3E1D2DF}.Debug|x86.Build.0 = Debug|Win32
		{55D949DB-708D-45AC-B4DA-BADFE3E1D2DF}.Release|x64.ActiveCfg = Release|x64
		{55D949DB-708D-45AC-B4DA-BADFE3E1D2DF}.Release|x64.Build.0 = Release|x64
		{55D949DB-708D-45AC-B4DA-BADFE3E1D2DF}.Release|x86.ActiveCfg = Release|Win32
		{55D949DB-708D-45AC-B4DA-BADFE3E1D2DF}.Release|x86.Build.0 = Release|Win32
		{C53E990B-0EF6-474D-8441-A56BE42FF335}.Debug|x64.ActiveCfg = Debug|x64
		{C53E990B-0EF6-474D-8441-A56BE42FF335}.Debug|x64.Build.0 = Debug|x64
		{C53E990B-0EF6-474D-8441-A56BE42FF335}.Debug|x86.ActiveCfg = Debug|Win32
		{C53E990B-0EF6-474D-8441-A56BE42FF335}.Debug|x86.Build.0 = Debug|Win32
		{C53E990B-0EF6-474D-8441-A56BE42FF335}.Release|x64.ActiveCfg = Release|x64
		{C53E990B-0EF6-474D-8441-A56BE42FF335}.Release|x64.Build.0 = Release|x64
		{C53E990B-0EF6-474D-8441-A56BE42FF335}.Release|x86.ActiveCfg = Release|Win32
		{C53E990B-0EF6-474D-8441-A56BE42FF335}.Release|x86.Build.0 = Release|Win32
		{C21A60A3-D7C9-401E-B37C-FDC8E6C3AB2E}.Debug|x64.ActiveCfg = Debug|x64
		{C21A60A3-D7C9-401E-B37C-FDC8E6C3AB2E}.Debug|x64.Build.0 = Debug|x64
		{C21A60A3-D7C9-401E-B37C-FDC8E6C3AB2E}.Debug|x86.ActiveCfg = Debug|Win32
		{C21A60A3-D7C9-401E-B37C-FDC8E6C3AB2E}.Debug|x86.Build.0 = Debug|Win32
		{C21A60A3-D7C9-401E-B37C-FDC8E6C3AB2E}.Release|x64.ActiveCfg = Release|x64
		{C21A60A3-D7C9-401E-B37C-FDC8E6C3AB2E}.Release|x64.Build.0 = Release|x64
		{C21A60A3-D7C9-401E-B37C-FDC8E6C3AB2E}.Release|x86.ActiveCfg = Release|Win32
		{C21A60A3-D7C9-401E-B37C-FDC8E6C3AB2E}.Release|x86.Build.0 = Release|Win32
		{AB0139CE-7063-4FDF-84A9-D82F23142058}.Debug|x64.ActiveCfg = Debug|x64
		{AB0139CE-7063-4FDF-84A9-D82F23142058}.Debug|x64.Build.0 = Debug|x64
		{AB0139CE-7063-4FDF-84A9-D82F23142058}.Debug|x86.ActiveCfg = Debug|Win32
		{AB0139CE-7063-4FDF-84A9-D82F23142058}.Debug|x86.Build.0 = Debug|Win32
		{AB0139CE-7063-4FDF-84A9-D82F23142058}.Release|x64.ActiveCfg = Release|x64
		{AB0139CE-7063-4FDF-84A9-D82F23142058}.Release|x64.Build.0 = Release|x64
		{AB0139CE-7063-4FDF-84A9-D82F23142058}.Release|x86.ActiveCfg = Release|Win32
		{AB0139CE-7063-4FDF-84A9-D82F23142058}.Release|x86.Build.0 = Release|Win32
		{D881F533-7400-4F44-8F25-DD9E2B0CCAD2}.Debug|x64.ActiveCfg = Debug|x64
		{D881F533-7400-4F44-8F25-DD9E2B0CCAD2}.Debug|x64.Build.0 = Debug|x64
		{D881F533-7400-4F44-8F25-DD9E2B0CCAD2}.Debug|x86.ActiveCfg = Debug|Win32
		{D881F533-7400-4F44-8F25-DD9E2B0CCAD2}.Debug|x86.Build.0 = Debug|Win32
		{D881F533-7400-4F44-8F25-DD9E2B0CCAD2}.Release|x64.ActiveCfg = Release|x64
		{D881F533-7400-4F44-8F25-DD9E2B0CCAD2}.Release|x64.Build.0 = Release|x64
		{D881F533-7400-4F44-8F25-DD9E2B0CCAD2}.Release|x86.ActiveCfg = Release|Win32
		{D881F533-7400-4F44-8F25-DD9E2B0CCAD2}.Release|x86.Build.0 = Release|Win32
		{F9774002-020C-413A-848A-798E5226ACEF}.Debug|x64.ActiveCfg = Debug|x64
		{F9774002-020C-413A-848A-798E5226ACEF}.Debug|x64.Build.0 = Debug|x64
		{F9774002-020C-413A-848A-798E5226ACEF}.Debug|x86.ActiveCfg = Debug|Win32
		{F9774002-020C-413A-848A-798E5226ACEF}.Debug|x86.Build.0 = Debug|Win32
		{F9774002-020C-413A-848A-798E5226ACEF}.Release|x64.ActiveCfg = Release|x64
		{F9774002-020C-413A-848A-798E5226ACEF}.Release|x64.Build.0 = Release|x64
		{F9774002-020C-413A-848A-798E5226ACEF}.Release|x86.ActiveCfg = Release|Win32
		{F9774002-020C-413A-848A-798E5226ACEF}.Release|x86.Build.0 = Release|Win32
		{274E892D-7A15-4F80-B6C5-8EE51156C5FE}.Debug|x64.ActiveCfg = Debug|x64
		{274E892D-7A15-4F80-B6C5-8EE51156C5FE}.Debug|x64.Build.0 = Debug|x64
		{274E892D-7A15-4F80-B6C5-8EE51156C5FE}.Debug|x86.ActiveCfg = Debug|Win32
		{274E892D-7A15-4F80-B6C5-8EE51156C5FE}.Debug|x86.Build.0 = Debug|Win32
		{274E892D-7A15-4F80-B6C5-8EE51156C5FE}.Release|x64.ActiveCfg = Release|x64
		{274E892D-7A15-4F80-B6C5-8EE51156C5FE}.Release|x64.Build.0 = Release|x64
		{274E892D-7A15-4F80-B6C5-8EE51156C5FE}.Release|x86.ActiveCfg = Release|Win32
		{274E892D-7A15-4F80-B6C5-8EE51156C5FE}.Release|x86.Build.0 = Release|Win32
	EndGlobalSection
	GlobalSection(SolutionProperties) = preSolution
		HideSolutionNode = FALSE
	EndGlobalSection
	GlobalSection(ExtensibilityGlobals) = postSolution
		SolutionGuid = {21F918BB-0E3E-4B93-9776-C7A402223777}
	EndGlobalSection
EndGlobal
